// !$*UTF8*$!
{
	archiveVersion = 1;
	classes = {
	};
	objectVersion = 46;
	objects = {

/* Begin PBXBuildFile section */
		1ED5B5CC163A4E2B0072668E /* MTLComparisonAdditionsSpec.m in Sources */ = {isa = PBXBuildFile; fileRef = 1ED5B5CB163A4E2B0072668E /* MTLComparisonAdditionsSpec.m */; };
		1ED5B5D0163A4E3C0072668E /* NSObject+MTLComparisonAdditions.h in Headers */ = {isa = PBXBuildFile; fileRef = 1ED5B5CE163A4E3C0072668E /* NSObject+MTLComparisonAdditions.h */; settings = {ATTRIBUTES = (Public, ); }; };
		1ED5B5D1163A4E3C0072668E /* NSObject+MTLComparisonAdditions.m in Sources */ = {isa = PBXBuildFile; fileRef = 1ED5B5CF163A4E3C0072668E /* NSObject+MTLComparisonAdditions.m */; };
		547AE0FD17882ED100F4437D /* MTLModelValidationSpec.m in Sources */ = {isa = PBXBuildFile; fileRef = 547AE0FC17882ED100F4437D /* MTLModelValidationSpec.m */; };
		54803A34178829A800011B39 /* NSError+MTLModelException.m in Sources */ = {isa = PBXBuildFile; fileRef = 54803A31178829A700011B39 /* NSError+MTLModelException.m */; };
		54803A3B17882CCD00011B39 /* MTLErrorModelExceptionSpec.m in Sources */ = {isa = PBXBuildFile; fileRef = 54803A3A17882CCD00011B39 /* MTLErrorModelExceptionSpec.m */; };
		88080C18160A706900CCABF2 /* NSArray+MTLManipulationAdditions.h in Headers */ = {isa = PBXBuildFile; fileRef = 88080C16160A706900CCABF2 /* NSArray+MTLManipulationAdditions.h */; settings = {ATTRIBUTES = (Public, ); }; };
		88080C19160A706900CCABF2 /* NSArray+MTLManipulationAdditions.m in Sources */ = {isa = PBXBuildFile; fileRef = 88080C17160A706900CCABF2 /* NSArray+MTLManipulationAdditions.m */; };
		88080C1D160A719D00CCABF2 /* MTLArrayManipulationSpec.m in Sources */ = {isa = PBXBuildFile; fileRef = 88080C1C160A719D00CCABF2 /* MTLArrayManipulationSpec.m */; };
		A18397E11BA341BC00AB37BA /* EXTKeyPathCoding.h in Headers */ = {isa = PBXBuildFile; fileRef = D094E4751777617300906BF7 /* EXTKeyPathCoding.h */; settings = {ATTRIBUTES = (Private, ); }; };
		A18397E21BA341BF00AB37BA /* EXTKeyPathCoding.h in Headers */ = {isa = PBXBuildFile; fileRef = D094E4751777617300906BF7 /* EXTKeyPathCoding.h */; settings = {ATTRIBUTES = (Private, ); }; };
		A18397E31BA341C500AB37BA /* EXTRuntimeExtensions.h in Headers */ = {isa = PBXBuildFile; fileRef = D094E4761777617300906BF7 /* EXTRuntimeExtensions.h */; settings = {ATTRIBUTES = (Private, ); }; };
		A18397E41BA341C900AB37BA /* EXTRuntimeExtensions.h in Headers */ = {isa = PBXBuildFile; fileRef = D094E4761777617300906BF7 /* EXTRuntimeExtensions.h */; settings = {ATTRIBUTES = (Private, ); }; };
		A18397E51BA341CF00AB37BA /* EXTScope.h in Headers */ = {isa = PBXBuildFile; fileRef = D094E4781777617300906BF7 /* EXTScope.h */; settings = {ATTRIBUTES = (Private, ); }; };
		A18397E61BA341D300AB37BA /* EXTScope.h in Headers */ = {isa = PBXBuildFile; fileRef = D094E4781777617300906BF7 /* EXTScope.h */; settings = {ATTRIBUTES = (Private, ); }; };
		A18397E71BA341D900AB37BA /* metamacros.h in Headers */ = {isa = PBXBuildFile; fileRef = D094E47A1777617300906BF7 /* metamacros.h */; settings = {ATTRIBUTES = (Private, ); }; };
		A18397E81BA341DC00AB37BA /* metamacros.h in Headers */ = {isa = PBXBuildFile; fileRef = D094E47A1777617300906BF7 /* metamacros.h */; settings = {ATTRIBUTES = (Private, ); }; };
		BE3408E1196591F300C6C145 /* XCTest.framework in Frameworks */ = {isa = PBXBuildFile; fileRef = D0A56B581804B04900A84EDC /* XCTest.framework */; };
		D01BD09D16CB432D00EC95C7 /* MTLJSONAdapter.h in Headers */ = {isa = PBXBuildFile; fileRef = D01BD09B16CB432D00EC95C7 /* MTLJSONAdapter.h */; settings = {ATTRIBUTES = (Public, ); }; };
		D01BD09F16CB432D00EC95C7 /* MTLJSONAdapter.m in Sources */ = {isa = PBXBuildFile; fileRef = D01BD09C16CB432D00EC95C7 /* MTLJSONAdapter.m */; };
		D01BD0AF16CB52E800EC95C7 /* MTLModel+NSCoding.h in Headers */ = {isa = PBXBuildFile; fileRef = D01BD0AD16CB52E800EC95C7 /* MTLModel+NSCoding.h */; settings = {ATTRIBUTES = (Public, ); }; };
		D01BD0B116CB52E800EC95C7 /* MTLModel+NSCoding.m in Sources */ = {isa = PBXBuildFile; fileRef = D01BD0AE16CB52E800EC95C7 /* MTLModel+NSCoding.m */; };
		D01BD0BA16CB6F5700EC95C7 /* MTLTestModel-OldArchive.plist in Resources */ = {isa = PBXBuildFile; fileRef = D01BD0B916CB6F5700EC95C7 /* MTLTestModel-OldArchive.plist */; };
		D021D946170F8A7D00C37E36 /* CoreData.framework in Frameworks */ = {isa = PBXBuildFile; fileRef = D021D93E170F807600C37E36 /* CoreData.framework */; };
		D02E48EA16CB8ACA00257645 /* MTLModelNSCodingSpec.m in Sources */ = {isa = PBXBuildFile; fileRef = D02E48E916CB8ACA00257645 /* MTLModelNSCodingSpec.m */; };
		D02E48F116CB8ADB00257645 /* MTLJSONAdapterSpec.m in Sources */ = {isa = PBXBuildFile; fileRef = D02E48F016CB8ADB00257645 /* MTLJSONAdapterSpec.m */; };
		D042FC5A15F72B23004E8054 /* Mantle.framework in Frameworks */ = {isa = PBXBuildFile; fileRef = D042FC3C15F72B23004E8054 /* Mantle.framework */; };
		D042FC7415F72B90004E8054 /* Foundation.framework in Frameworks */ = {isa = PBXBuildFile; fileRef = D042FC4415F72B23004E8054 /* Foundation.framework */; };
		D053176E1A168D2C00A5FBE2 /* MTLDictionaryMappingSpec.m in Sources */ = {isa = PBXBuildFile; fileRef = 54D5E9EC18182D150014896C /* MTLDictionaryMappingSpec.m */; };
		D053176F1A168D2D00A5FBE2 /* MTLDictionaryMappingSpec.m in Sources */ = {isa = PBXBuildFile; fileRef = 54D5E9EC18182D150014896C /* MTLDictionaryMappingSpec.m */; };
		D05317701A168D3400A5FBE2 /* MTLTransformerErrorExamples.m in Sources */ = {isa = PBXBuildFile; fileRef = 541B02B41805EC4C000DA87C /* MTLTransformerErrorExamples.m */; };
		D05317711A168D3500A5FBE2 /* MTLTransformerErrorExamples.m in Sources */ = {isa = PBXBuildFile; fileRef = 541B02B41805EC4C000DA87C /* MTLTransformerErrorExamples.m */; };
		D05317721A168D3D00A5FBE2 /* MTLTransformerErrorHandling.h in Headers */ = {isa = PBXBuildFile; fileRef = 547165A31801977000E734DB /* MTLTransformerErrorHandling.h */; settings = {ATTRIBUTES = (Public, ); }; };
		D05317731A168D3D00A5FBE2 /* MTLTransformerErrorHandling.m in Sources */ = {isa = PBXBuildFile; fileRef = 5487912318210717007F8347 /* MTLTransformerErrorHandling.m */; };
		D05317741A168D3D00A5FBE2 /* MTLTransformerErrorHandling.h in Headers */ = {isa = PBXBuildFile; fileRef = 547165A31801977000E734DB /* MTLTransformerErrorHandling.h */; settings = {ATTRIBUTES = (Public, ); }; };
		D05317751A168D3D00A5FBE2 /* MTLTransformerErrorHandling.m in Sources */ = {isa = PBXBuildFile; fileRef = 5487912318210717007F8347 /* MTLTransformerErrorHandling.m */; };
		D05317761A168D6D00A5FBE2 /* NSDictionary+MTLMappingAdditions.m in Sources */ = {isa = PBXBuildFile; fileRef = 547F78541822BCFD00BBAB7B /* NSDictionary+MTLMappingAdditions.m */; };
		D05317771A168D6D00A5FBE2 /* NSDictionary+MTLJSONKeyPath.m in Sources */ = {isa = PBXBuildFile; fileRef = 54EDCD0918D9B34F005796FC /* NSDictionary+MTLJSONKeyPath.m */; };
		D05317781A168D6D00A5FBE2 /* NSDictionary+MTLMappingAdditions.m in Sources */ = {isa = PBXBuildFile; fileRef = 547F78541822BCFD00BBAB7B /* NSDictionary+MTLMappingAdditions.m */; };
		D05317791A168D6D00A5FBE2 /* NSDictionary+MTLJSONKeyPath.m in Sources */ = {isa = PBXBuildFile; fileRef = 54EDCD0918D9B34F005796FC /* NSDictionary+MTLJSONKeyPath.m */; };
		D053177A1A168D7100A5FBE2 /* NSDictionary+MTLMappingAdditions.h in Headers */ = {isa = PBXBuildFile; fileRef = 547F78531822BCFD00BBAB7B /* NSDictionary+MTLMappingAdditions.h */; settings = {ATTRIBUTES = (Public, ); }; };
		D053177B1A168D7200A5FBE2 /* NSDictionary+MTLMappingAdditions.h in Headers */ = {isa = PBXBuildFile; fileRef = 547F78531822BCFD00BBAB7B /* NSDictionary+MTLMappingAdditions.h */; settings = {ATTRIBUTES = (Public, ); }; };
		D053177E1A168F8B00A5FBE2 /* MTLTestJSONAdapter.m in Sources */ = {isa = PBXBuildFile; fileRef = D053177D1A168F8B00A5FBE2 /* MTLTestJSONAdapter.m */; };
		D053177F1A168F8B00A5FBE2 /* MTLTestJSONAdapter.m in Sources */ = {isa = PBXBuildFile; fileRef = D053177D1A168F8B00A5FBE2 /* MTLTestJSONAdapter.m */; };
		D058FE2116EFB3D2009DFB47 /* MTLReflection.m in Sources */ = {isa = PBXBuildFile; fileRef = D058FE1E16EFB3D2009DFB47 /* MTLReflection.m */; };
		D0760E0515FFBD440060F550 /* Mantle.h in Headers */ = {isa = PBXBuildFile; fileRef = D042FC4C15F72B23004E8054 /* Mantle.h */; settings = {ATTRIBUTES = (Public, ); }; };
		D0760E7815FFBF330060F550 /* MTLModel.h in Headers */ = {isa = PBXBuildFile; fileRef = D0760E7615FFBF330060F550 /* MTLModel.h */; settings = {ATTRIBUTES = (Public, ); }; };
		D0760E7915FFBF330060F550 /* MTLModel.m in Sources */ = {isa = PBXBuildFile; fileRef = D0760E7715FFBF330060F550 /* MTLModel.m */; };
		D0760EC415FFCA250060F550 /* MTLModelSpec.m in Sources */ = {isa = PBXBuildFile; fileRef = D0760EC315FFCA250060F550 /* MTLModelSpec.m */; };
		D0760EC915FFCA4E0060F550 /* MTLTestModel.m in Sources */ = {isa = PBXBuildFile; fileRef = D0760EC815FFCA4E0060F550 /* MTLTestModel.m */; };
		D08B5AAE16002694001FE685 /* MTLValueTransformer.h in Headers */ = {isa = PBXBuildFile; fileRef = D08B5AAC16002694001FE685 /* MTLValueTransformer.h */; settings = {ATTRIBUTES = (Public, ); }; };
		D08B5AAF16002694001FE685 /* MTLValueTransformer.m in Sources */ = {isa = PBXBuildFile; fileRef = D08B5AAD16002694001FE685 /* MTLValueTransformer.m */; };
		D08B5AB216002A23001FE685 /* MTLValueTransformerSpec.m in Sources */ = {isa = PBXBuildFile; fileRef = D08B5AB116002A23001FE685 /* MTLValueTransformerSpec.m */; };
		D094E47B1777617500906BF7 /* EXTRuntimeExtensions.m in Sources */ = {isa = PBXBuildFile; fileRef = D094E4771777617300906BF7 /* EXTRuntimeExtensions.m */; };
		D094E47D1777617800906BF7 /* EXTScope.m in Sources */ = {isa = PBXBuildFile; fileRef = D094E4791777617300906BF7 /* EXTScope.m */; };
		D0BFC36717476A5F00F5DC5D /* MTLValueTransformerInversionAdditionsSpec.m in Sources */ = {isa = PBXBuildFile; fileRef = D0BFC36617476A5F00F5DC5D /* MTLValueTransformerInversionAdditionsSpec.m */; };
		D0BFC36F17476B4700F5DC5D /* NSValueTransformer+MTLInversionAdditions.h in Headers */ = {isa = PBXBuildFile; fileRef = D0BFC36D17476B4700F5DC5D /* NSValueTransformer+MTLInversionAdditions.h */; settings = {ATTRIBUTES = (Public, ); }; };
		D0BFC37117476B4700F5DC5D /* NSValueTransformer+MTLInversionAdditions.m in Sources */ = {isa = PBXBuildFile; fileRef = D0BFC36E17476B4700F5DC5D /* NSValueTransformer+MTLInversionAdditions.m */; };
		D0C27CF6161107E5002FE587 /* MTLDictionaryManipulationSpec.m in Sources */ = {isa = PBXBuildFile; fileRef = D0C27CF5161107E5002FE587 /* MTLDictionaryManipulationSpec.m */; };
		D0C27D0A16110973002FE587 /* NSDictionary+MTLManipulationAdditions.h in Headers */ = {isa = PBXBuildFile; fileRef = D0C27D0816110973002FE587 /* NSDictionary+MTLManipulationAdditions.h */; settings = {ATTRIBUTES = (Public, ); }; };
		D0C27D0B16110973002FE587 /* NSDictionary+MTLManipulationAdditions.m in Sources */ = {isa = PBXBuildFile; fileRef = D0C27D0916110973002FE587 /* NSDictionary+MTLManipulationAdditions.m */; };
		D0E9C36219F6DB38000D427D /* Mantle.framework in Frameworks */ = {isa = PBXBuildFile; fileRef = D0E9C35719F6DB38000D427D /* Mantle.framework */; };
		D0E9C37619F6DC5B000D427D /* Mantle.h in Headers */ = {isa = PBXBuildFile; fileRef = D042FC4C15F72B23004E8054 /* Mantle.h */; settings = {ATTRIBUTES = (Public, ); }; };
		D0E9C37719F6DC5B000D427D /* MTLModel.h in Headers */ = {isa = PBXBuildFile; fileRef = D0760E7615FFBF330060F550 /* MTLModel.h */; settings = {ATTRIBUTES = (Public, ); }; };
		D0E9C37819F6DC5B000D427D /* MTLModel.m in Sources */ = {isa = PBXBuildFile; fileRef = D0760E7715FFBF330060F550 /* MTLModel.m */; };
		D0E9C37919F6DC5B000D427D /* MTLModel+NSCoding.h in Headers */ = {isa = PBXBuildFile; fileRef = D01BD0AD16CB52E800EC95C7 /* MTLModel+NSCoding.h */; settings = {ATTRIBUTES = (Public, ); }; };
		D0E9C37A19F6DC5B000D427D /* MTLModel+NSCoding.m in Sources */ = {isa = PBXBuildFile; fileRef = D01BD0AE16CB52E800EC95C7 /* MTLModel+NSCoding.m */; };
		D0E9C37C19F6DC5B000D427D /* MTLReflection.m in Sources */ = {isa = PBXBuildFile; fileRef = D058FE1E16EFB3D2009DFB47 /* MTLReflection.m */; };
		D0E9C37D19F6DC5B000D427D /* MTLJSONAdapter.h in Headers */ = {isa = PBXBuildFile; fileRef = D01BD09B16CB432D00EC95C7 /* MTLJSONAdapter.h */; settings = {ATTRIBUTES = (Public, ); }; };
		D0E9C37E19F6DC5B000D427D /* MTLJSONAdapter.m in Sources */ = {isa = PBXBuildFile; fileRef = D01BD09C16CB432D00EC95C7 /* MTLJSONAdapter.m */; };
		D0E9C38119F6DC5B000D427D /* MTLValueTransformer.h in Headers */ = {isa = PBXBuildFile; fileRef = D08B5AAC16002694001FE685 /* MTLValueTransformer.h */; settings = {ATTRIBUTES = (Public, ); }; };
		D0E9C38219F6DC5B000D427D /* MTLValueTransformer.m in Sources */ = {isa = PBXBuildFile; fileRef = D08B5AAD16002694001FE685 /* MTLValueTransformer.m */; };
		D0E9C38319F6DC5B000D427D /* NSArray+MTLManipulationAdditions.h in Headers */ = {isa = PBXBuildFile; fileRef = 88080C16160A706900CCABF2 /* NSArray+MTLManipulationAdditions.h */; settings = {ATTRIBUTES = (Public, ); }; };
		D0E9C38419F6DC5B000D427D /* NSArray+MTLManipulationAdditions.m in Sources */ = {isa = PBXBuildFile; fileRef = 88080C17160A706900CCABF2 /* NSArray+MTLManipulationAdditions.m */; };
		D0E9C38619F6DC5B000D427D /* NSError+MTLModelException.m in Sources */ = {isa = PBXBuildFile; fileRef = 54803A31178829A700011B39 /* NSError+MTLModelException.m */; };
		D0E9C38719F6DC5B000D427D /* NSDictionary+MTLManipulationAdditions.h in Headers */ = {isa = PBXBuildFile; fileRef = D0C27D0816110973002FE587 /* NSDictionary+MTLManipulationAdditions.h */; settings = {ATTRIBUTES = (Public, ); }; };
		D0E9C38819F6DC5B000D427D /* NSDictionary+MTLManipulationAdditions.m in Sources */ = {isa = PBXBuildFile; fileRef = D0C27D0916110973002FE587 /* NSDictionary+MTLManipulationAdditions.m */; };
		D0E9C38919F6DC5B000D427D /* NSObject+MTLComparisonAdditions.h in Headers */ = {isa = PBXBuildFile; fileRef = 1ED5B5CE163A4E3C0072668E /* NSObject+MTLComparisonAdditions.h */; settings = {ATTRIBUTES = (Public, ); }; };
		D0E9C38A19F6DC5B000D427D /* NSObject+MTLComparisonAdditions.m in Sources */ = {isa = PBXBuildFile; fileRef = 1ED5B5CF163A4E3C0072668E /* NSObject+MTLComparisonAdditions.m */; };
		D0E9C38B19F6DC5B000D427D /* NSValueTransformer+MTLInversionAdditions.h in Headers */ = {isa = PBXBuildFile; fileRef = D0BFC36D17476B4700F5DC5D /* NSValueTransformer+MTLInversionAdditions.h */; settings = {ATTRIBUTES = (Public, ); }; };
		D0E9C38C19F6DC5B000D427D /* NSValueTransformer+MTLInversionAdditions.m in Sources */ = {isa = PBXBuildFile; fileRef = D0BFC36E17476B4700F5DC5D /* NSValueTransformer+MTLInversionAdditions.m */; };
		D0E9C38D19F6DC5B000D427D /* NSValueTransformer+MTLPredefinedTransformerAdditions.h in Headers */ = {isa = PBXBuildFile; fileRef = D0F117471614C5600092520B /* NSValueTransformer+MTLPredefinedTransformerAdditions.h */; settings = {ATTRIBUTES = (Public, ); }; };
		D0E9C38E19F6DC5B000D427D /* NSValueTransformer+MTLPredefinedTransformerAdditions.m in Sources */ = {isa = PBXBuildFile; fileRef = D0F117481614C5600092520B /* NSValueTransformer+MTLPredefinedTransformerAdditions.m */; };
		D0E9C38F19F6DC83000D427D /* EXTRuntimeExtensions.m in Sources */ = {isa = PBXBuildFile; fileRef = D094E4771777617300906BF7 /* EXTRuntimeExtensions.m */; };
		D0E9C39019F6DC87000D427D /* EXTScope.m in Sources */ = {isa = PBXBuildFile; fileRef = D094E4791777617300906BF7 /* EXTScope.m */; };
		D0E9C39519F6DFD9000D427D /* Quick.framework in Frameworks */ = {isa = PBXBuildFile; fileRef = D0E9C39419F6DFD9000D427D /* Quick.framework */; };
		D0E9C39919F6E008000D427D /* Nimble.framework in Frameworks */ = {isa = PBXBuildFile; fileRef = D0E9C39819F6E008000D427D /* Nimble.framework */; };
		D0E9C39A19F6E00F000D427D /* Nimble.framework in Frameworks */ = {isa = PBXBuildFile; fileRef = D0E9C39819F6E008000D427D /* Nimble.framework */; };
		D0E9C39B19F6E00F000D427D /* Quick.framework in Frameworks */ = {isa = PBXBuildFile; fileRef = D0E9C39419F6DFD9000D427D /* Quick.framework */; };
		D0E9C39C19F6E04B000D427D /* MTLArrayManipulationSpec.m in Sources */ = {isa = PBXBuildFile; fileRef = 88080C1C160A719D00CCABF2 /* MTLArrayManipulationSpec.m */; };
		D0E9C39D19F6E04B000D427D /* MTLComparisonAdditionsSpec.m in Sources */ = {isa = PBXBuildFile; fileRef = 1ED5B5CB163A4E2B0072668E /* MTLComparisonAdditionsSpec.m */; };
		D0E9C39E19F6E04B000D427D /* MTLDictionaryManipulationSpec.m in Sources */ = {isa = PBXBuildFile; fileRef = D0C27CF5161107E5002FE587 /* MTLDictionaryManipulationSpec.m */; };
		D0E9C39F19F6E04B000D427D /* MTLErrorModelExceptionSpec.m in Sources */ = {isa = PBXBuildFile; fileRef = 54803A3A17882CCD00011B39 /* MTLErrorModelExceptionSpec.m */; };
		D0E9C3A019F6E04B000D427D /* MTLJSONAdapterSpec.m in Sources */ = {isa = PBXBuildFile; fileRef = D02E48F016CB8ADB00257645 /* MTLJSONAdapterSpec.m */; };
		D0E9C3A119F6E04B000D427D /* (null) in Sources */ = {isa = PBXBuildFile; };
		D0E9C3A219F6E04B000D427D /* MTLModelNSCodingSpec.m in Sources */ = {isa = PBXBuildFile; fileRef = D02E48E916CB8ACA00257645 /* MTLModelNSCodingSpec.m */; };
		D0E9C3A319F6E04B000D427D /* MTLModelSpec.m in Sources */ = {isa = PBXBuildFile; fileRef = D0760EC315FFCA250060F550 /* MTLModelSpec.m */; };
		D0E9C3A419F6E04B000D427D /* MTLModelValidationSpec.m in Sources */ = {isa = PBXBuildFile; fileRef = 547AE0FC17882ED100F4437D /* MTLModelValidationSpec.m */; };
		D0E9C3A519F6E04B000D427D /* MTLPredefinedTransformerAdditionsSpec.m in Sources */ = {isa = PBXBuildFile; fileRef = D0F1174C1614C8000092520B /* MTLPredefinedTransformerAdditionsSpec.m */; };
		D0E9C3A619F6E04B000D427D /* MTLValueTransformerSpec.m in Sources */ = {isa = PBXBuildFile; fileRef = D08B5AB116002A23001FE685 /* MTLValueTransformerSpec.m */; };
		D0E9C3A719F6E04B000D427D /* MTLValueTransformerInversionAdditionsSpec.m in Sources */ = {isa = PBXBuildFile; fileRef = D0BFC36617476A5F00F5DC5D /* MTLValueTransformerInversionAdditionsSpec.m */; };
		D0E9C3A919F6E5AA000D427D /* SwiftSpec.swift in Sources */ = {isa = PBXBuildFile; fileRef = D0E9C3A819F6E5AA000D427D /* SwiftSpec.swift */; };
		D0E9C3AA19F6E5AA000D427D /* SwiftSpec.swift in Sources */ = {isa = PBXBuildFile; fileRef = D0E9C3A819F6E5AA000D427D /* SwiftSpec.swift */; };
		D0E9C3AB19F6E733000D427D /* (null) in Sources */ = {isa = PBXBuildFile; };
		D0E9C3AC19F6E733000D427D /* (null) in Sources */ = {isa = PBXBuildFile; };
		D0E9C3AD19F6E733000D427D /* MTLTestModel.m in Sources */ = {isa = PBXBuildFile; fileRef = D0760EC815FFCA4E0060F550 /* MTLTestModel.m */; };
		D0E9C3AE19F6E749000D427D /* MTLTestModel-OldArchive.plist in Resources */ = {isa = PBXBuildFile; fileRef = D01BD0B916CB6F5700EC95C7 /* MTLTestModel-OldArchive.plist */; };
		D0E9C3AF19F6E74C000D427D /* (null) in Sources */ = {isa = PBXBuildFile; };
		D0E9C3B119F6E776000D427D /* Nimble.framework in Copy Frameworks */ = {isa = PBXBuildFile; fileRef = D0E9C39819F6E008000D427D /* Nimble.framework */; settings = {ATTRIBUTES = (CodeSignOnCopy, RemoveHeadersOnCopy, ); }; };
		D0E9C3B219F6E778000D427D /* Quick.framework in Copy Frameworks */ = {isa = PBXBuildFile; fileRef = D0E9C39419F6DFD9000D427D /* Quick.framework */; settings = {ATTRIBUTES = (CodeSignOnCopy, RemoveHeadersOnCopy, ); }; };
		D0E9C3B319F6E7D3000D427D /* Mantle.framework in Copy Frameworks */ = {isa = PBXBuildFile; fileRef = D0E9C35719F6DB38000D427D /* Mantle.framework */; settings = {ATTRIBUTES = (CodeSignOnCopy, RemoveHeadersOnCopy, ); }; };
		D0F117491614C5600092520B /* NSValueTransformer+MTLPredefinedTransformerAdditions.h in Headers */ = {isa = PBXBuildFile; fileRef = D0F117471614C5600092520B /* NSValueTransformer+MTLPredefinedTransformerAdditions.h */; settings = {ATTRIBUTES = (Public, ); }; };
		D0F1174A1614C5600092520B /* NSValueTransformer+MTLPredefinedTransformerAdditions.m in Sources */ = {isa = PBXBuildFile; fileRef = D0F117481614C5600092520B /* NSValueTransformer+MTLPredefinedTransformerAdditions.m */; };
		D0F1174D1614C8000092520B /* MTLPredefinedTransformerAdditionsSpec.m in Sources */ = {isa = PBXBuildFile; fileRef = D0F1174C1614C8000092520B /* MTLPredefinedTransformerAdditionsSpec.m */; };
/* End PBXBuildFile section */

/* Begin PBXContainerItemProxy section */
		D042FC5815F72B23004E8054 /* PBXContainerItemProxy */ = {
			isa = PBXContainerItemProxy;
			containerPortal = D042FC3215F72B23004E8054 /* Project object */;
			proxyType = 1;
			remoteGlobalIDString = D042FC3B15F72B23004E8054;
			remoteInfo = Maverick;
		};
		D0E9C36319F6DB38000D427D /* PBXContainerItemProxy */ = {
			isa = PBXContainerItemProxy;
			containerPortal = D042FC3215F72B23004E8054 /* Project object */;
			proxyType = 1;
			remoteGlobalIDString = D0E9C35619F6DB38000D427D;
			remoteInfo = Mantle;
		};
/* End PBXContainerItemProxy section */

/* Begin PBXCopyFilesBuildPhase section */
		D0E9C3B019F6E76D000D427D /* Copy Frameworks */ = {
			isa = PBXCopyFilesBuildPhase;
			buildActionMask = 2147483647;
			dstPath = "";
			dstSubfolderSpec = 10;
			files = (
				D0E9C3B119F6E776000D427D /* Nimble.framework in Copy Frameworks */,
				D0E9C3B219F6E778000D427D /* Quick.framework in Copy Frameworks */,
				D0E9C3B319F6E7D3000D427D /* Mantle.framework in Copy Frameworks */,
			);
			name = "Copy Frameworks";
			runOnlyForDeploymentPostprocessing = 0;
		};
/* End PBXCopyFilesBuildPhase section */

/* Begin PBXFileReference section */
		1ED5B5CB163A4E2B0072668E /* MTLComparisonAdditionsSpec.m */ = {isa = PBXFileReference; fileEncoding = 4; lastKnownFileType = sourcecode.c.objc; path = MTLComparisonAdditionsSpec.m; sourceTree = "<group>"; };
		1ED5B5CE163A4E3C0072668E /* NSObject+MTLComparisonAdditions.h */ = {isa = PBXFileReference; fileEncoding = 4; lastKnownFileType = sourcecode.c.h; path = "NSObject+MTLComparisonAdditions.h"; sourceTree = "<group>"; };
		1ED5B5CF163A4E3C0072668E /* NSObject+MTLComparisonAdditions.m */ = {isa = PBXFileReference; fileEncoding = 4; lastKnownFileType = sourcecode.c.objc; path = "NSObject+MTLComparisonAdditions.m"; sourceTree = "<group>"; };
		541B02B31805EC4C000DA87C /* MTLTransformerErrorExamples.h */ = {isa = PBXFileReference; fileEncoding = 4; lastKnownFileType = sourcecode.c.h; path = MTLTransformerErrorExamples.h; sourceTree = "<group>"; };
		541B02B41805EC4C000DA87C /* MTLTransformerErrorExamples.m */ = {isa = PBXFileReference; fileEncoding = 4; lastKnownFileType = sourcecode.c.objc; path = MTLTransformerErrorExamples.m; sourceTree = "<group>"; };
		547165A31801977000E734DB /* MTLTransformerErrorHandling.h */ = {isa = PBXFileReference; fileEncoding = 4; lastKnownFileType = sourcecode.c.h; path = MTLTransformerErrorHandling.h; sourceTree = "<group>"; };
		547AE0FC17882ED100F4437D /* MTLModelValidationSpec.m */ = {isa = PBXFileReference; fileEncoding = 4; lastKnownFileType = sourcecode.c.objc; path = MTLModelValidationSpec.m; sourceTree = "<group>"; };
		547F78531822BCFD00BBAB7B /* NSDictionary+MTLMappingAdditions.h */ = {isa = PBXFileReference; fileEncoding = 4; lastKnownFileType = sourcecode.c.h; path = "NSDictionary+MTLMappingAdditions.h"; sourceTree = "<group>"; };
		547F78541822BCFD00BBAB7B /* NSDictionary+MTLMappingAdditions.m */ = {isa = PBXFileReference; fileEncoding = 4; lastKnownFileType = sourcecode.c.objc; path = "NSDictionary+MTLMappingAdditions.m"; sourceTree = "<group>"; };
		54803A30178829A700011B39 /* NSError+MTLModelException.h */ = {isa = PBXFileReference; fileEncoding = 4; lastKnownFileType = sourcecode.c.h; path = "NSError+MTLModelException.h"; sourceTree = "<group>"; };
		54803A31178829A700011B39 /* NSError+MTLModelException.m */ = {isa = PBXFileReference; fileEncoding = 4; lastKnownFileType = sourcecode.c.objc; path = "NSError+MTLModelException.m"; sourceTree = "<group>"; };
		54803A3A17882CCD00011B39 /* MTLErrorModelExceptionSpec.m */ = {isa = PBXFileReference; fileEncoding = 4; lastKnownFileType = sourcecode.c.objc; path = MTLErrorModelExceptionSpec.m; sourceTree = "<group>"; };
		5487912318210717007F8347 /* MTLTransformerErrorHandling.m */ = {isa = PBXFileReference; fileEncoding = 4; lastKnownFileType = sourcecode.c.objc; path = MTLTransformerErrorHandling.m; sourceTree = "<group>"; };
		54D5E9EC18182D150014896C /* MTLDictionaryMappingSpec.m */ = {isa = PBXFileReference; fileEncoding = 4; lastKnownFileType = sourcecode.c.objc; path = MTLDictionaryMappingSpec.m; sourceTree = "<group>"; };
		54EDCD0818D9B34F005796FC /* NSDictionary+MTLJSONKeyPath.h */ = {isa = PBXFileReference; fileEncoding = 4; lastKnownFileType = sourcecode.c.h; path = "NSDictionary+MTLJSONKeyPath.h"; sourceTree = "<group>"; };
		54EDCD0918D9B34F005796FC /* NSDictionary+MTLJSONKeyPath.m */ = {isa = PBXFileReference; fileEncoding = 4; lastKnownFileType = sourcecode.c.objc; path = "NSDictionary+MTLJSONKeyPath.m"; sourceTree = "<group>"; };
		88080C16160A706900CCABF2 /* NSArray+MTLManipulationAdditions.h */ = {isa = PBXFileReference; fileEncoding = 4; lastKnownFileType = sourcecode.c.h; path = "NSArray+MTLManipulationAdditions.h"; sourceTree = "<group>"; };
		88080C17160A706900CCABF2 /* NSArray+MTLManipulationAdditions.m */ = {isa = PBXFileReference; fileEncoding = 4; lastKnownFileType = sourcecode.c.objc; path = "NSArray+MTLManipulationAdditions.m"; sourceTree = "<group>"; };
		88080C1C160A719D00CCABF2 /* MTLArrayManipulationSpec.m */ = {isa = PBXFileReference; fileEncoding = 4; lastKnownFileType = sourcecode.c.objc; path = MTLArrayManipulationSpec.m; sourceTree = "<group>"; };
		D01BD09B16CB432D00EC95C7 /* MTLJSONAdapter.h */ = {isa = PBXFileReference; fileEncoding = 4; lastKnownFileType = sourcecode.c.h; path = MTLJSONAdapter.h; sourceTree = "<group>"; };
		D01BD09C16CB432D00EC95C7 /* MTLJSONAdapter.m */ = {isa = PBXFileReference; fileEncoding = 4; lastKnownFileType = sourcecode.c.objc; path = MTLJSONAdapter.m; sourceTree = "<group>"; };
		D01BD0AD16CB52E800EC95C7 /* MTLModel+NSCoding.h */ = {isa = PBXFileReference; fileEncoding = 4; lastKnownFileType = sourcecode.c.h; path = "MTLModel+NSCoding.h"; sourceTree = "<group>"; };
		D01BD0AE16CB52E800EC95C7 /* MTLModel+NSCoding.m */ = {isa = PBXFileReference; fileEncoding = 4; lastKnownFileType = sourcecode.c.objc; path = "MTLModel+NSCoding.m"; sourceTree = "<group>"; };
		D01BD0B916CB6F5700EC95C7 /* MTLTestModel-OldArchive.plist */ = {isa = PBXFileReference; lastKnownFileType = file.bplist; path = "MTLTestModel-OldArchive.plist"; sourceTree = "<group>"; };
		D021D93E170F807600C37E36 /* CoreData.framework */ = {isa = PBXFileReference; lastKnownFileType = wrapper.framework; name = CoreData.framework; path = Platforms/MacOSX.platform/Developer/SDKs/MacOSX10.8.sdk/System/Library/Frameworks/CoreData.framework; sourceTree = DEVELOPER_DIR; };
		D021D940170F807E00C37E36 /* CoreData.framework */ = {isa = PBXFileReference; lastKnownFileType = wrapper.framework; name = CoreData.framework; path = Platforms/iPhoneOS.platform/Developer/SDKs/iPhoneOS6.1.sdk/System/Library/Frameworks/CoreData.framework; sourceTree = DEVELOPER_DIR; };
		D02E48E916CB8ACA00257645 /* MTLModelNSCodingSpec.m */ = {isa = PBXFileReference; fileEncoding = 4; lastKnownFileType = sourcecode.c.objc; path = MTLModelNSCodingSpec.m; sourceTree = "<group>"; };
		D02E48F016CB8ADB00257645 /* MTLJSONAdapterSpec.m */ = {isa = PBXFileReference; fileEncoding = 4; lastKnownFileType = sourcecode.c.objc; path = MTLJSONAdapterSpec.m; sourceTree = "<group>"; };
		D042FC3C15F72B23004E8054 /* Mantle.framework */ = {isa = PBXFileReference; explicitFileType = wrapper.framework; includeInIndex = 0; path = Mantle.framework; sourceTree = BUILT_PRODUCTS_DIR; };
		D042FC4415F72B23004E8054 /* Foundation.framework */ = {isa = PBXFileReference; lastKnownFileType = wrapper.framework; name = Foundation.framework; path = System/Library/Frameworks/Foundation.framework; sourceTree = SDKROOT; };
		D042FC4C15F72B23004E8054 /* Mantle.h */ = {isa = PBXFileReference; lastKnownFileType = sourcecode.c.h; path = Mantle.h; sourceTree = "<group>"; };
		D042FC5415F72B23004E8054 /* Mantle-MacTests.xctest */ = {isa = PBXFileReference; explicitFileType = wrapper.cfbundle; includeInIndex = 0; path = "Mantle-MacTests.xctest"; sourceTree = BUILT_PRODUCTS_DIR; };
		D053177C1A168F8B00A5FBE2 /* MTLTestJSONAdapter.h */ = {isa = PBXFileReference; fileEncoding = 4; lastKnownFileType = sourcecode.c.h; path = MTLTestJSONAdapter.h; sourceTree = "<group>"; };
		D053177D1A168F8B00A5FBE2 /* MTLTestJSONAdapter.m */ = {isa = PBXFileReference; fileEncoding = 4; lastKnownFileType = sourcecode.c.objc; path = MTLTestJSONAdapter.m; sourceTree = "<group>"; };
		D058FE1D16EFB3D2009DFB47 /* MTLReflection.h */ = {isa = PBXFileReference; fileEncoding = 4; lastKnownFileType = sourcecode.c.h; path = MTLReflection.h; sourceTree = "<group>"; };
		D058FE1E16EFB3D2009DFB47 /* MTLReflection.m */ = {isa = PBXFileReference; fileEncoding = 4; lastKnownFileType = sourcecode.c.objc; path = MTLReflection.m; sourceTree = "<group>"; };
		D0760E7615FFBF330060F550 /* MTLModel.h */ = {isa = PBXFileReference; fileEncoding = 4; lastKnownFileType = sourcecode.c.h; path = MTLModel.h; sourceTree = "<group>"; };
		D0760E7715FFBF330060F550 /* MTLModel.m */ = {isa = PBXFileReference; fileEncoding = 4; lastKnownFileType = sourcecode.c.objc; path = MTLModel.m; sourceTree = "<group>"; };
		D0760EC315FFCA250060F550 /* MTLModelSpec.m */ = {isa = PBXFileReference; fileEncoding = 4; lastKnownFileType = sourcecode.c.objc; path = MTLModelSpec.m; sourceTree = "<group>"; };
		D0760EC715FFCA4E0060F550 /* MTLTestModel.h */ = {isa = PBXFileReference; fileEncoding = 4; lastKnownFileType = sourcecode.c.h; path = MTLTestModel.h; sourceTree = "<group>"; };
		D0760EC815FFCA4E0060F550 /* MTLTestModel.m */ = {isa = PBXFileReference; fileEncoding = 4; lastKnownFileType = sourcecode.c.objc; path = MTLTestModel.m; sourceTree = "<group>"; };
		D08B5AAC16002694001FE685 /* MTLValueTransformer.h */ = {isa = PBXFileReference; fileEncoding = 4; lastKnownFileType = sourcecode.c.h; path = MTLValueTransformer.h; sourceTree = "<group>"; };
		D08B5AAD16002694001FE685 /* MTLValueTransformer.m */ = {isa = PBXFileReference; fileEncoding = 4; lastKnownFileType = sourcecode.c.objc; path = MTLValueTransformer.m; sourceTree = "<group>"; };
		D08B5AB116002A23001FE685 /* MTLValueTransformerSpec.m */ = {isa = PBXFileReference; fileEncoding = 4; lastKnownFileType = sourcecode.c.objc; path = MTLValueTransformerSpec.m; sourceTree = "<group>"; };
		D094E4751777617300906BF7 /* EXTKeyPathCoding.h */ = {isa = PBXFileReference; lastKnownFileType = sourcecode.c.h; path = EXTKeyPathCoding.h; sourceTree = "<group>"; };
		D094E4761777617300906BF7 /* EXTRuntimeExtensions.h */ = {isa = PBXFileReference; lastKnownFileType = sourcecode.c.h; path = EXTRuntimeExtensions.h; sourceTree = "<group>"; };
		D094E4771777617300906BF7 /* EXTRuntimeExtensions.m */ = {isa = PBXFileReference; lastKnownFileType = sourcecode.c.objc; path = EXTRuntimeExtensions.m; sourceTree = "<group>"; };
		D094E4781777617300906BF7 /* EXTScope.h */ = {isa = PBXFileReference; lastKnownFileType = sourcecode.c.h; path = EXTScope.h; sourceTree = "<group>"; };
		D094E4791777617300906BF7 /* EXTScope.m */ = {isa = PBXFileReference; lastKnownFileType = sourcecode.c.objc; path = EXTScope.m; sourceTree = "<group>"; };
		D094E47A1777617300906BF7 /* metamacros.h */ = {isa = PBXFileReference; lastKnownFileType = sourcecode.c.h; path = metamacros.h; sourceTree = "<group>"; };
		D094E4811777619600906BF7 /* Common.xcconfig */ = {isa = PBXFileReference; lastKnownFileType = text.xcconfig; path = Common.xcconfig; sourceTree = "<group>"; };
		D094E4831777619600906BF7 /* Debug.xcconfig */ = {isa = PBXFileReference; lastKnownFileType = text.xcconfig; path = Debug.xcconfig; sourceTree = "<group>"; };
		D094E4841777619600906BF7 /* Profile.xcconfig */ = {isa = PBXFileReference; lastKnownFileType = text.xcconfig; path = Profile.xcconfig; sourceTree = "<group>"; };
		D094E4851777619600906BF7 /* Release.xcconfig */ = {isa = PBXFileReference; lastKnownFileType = text.xcconfig; path = Release.xcconfig; sourceTree = "<group>"; };
		D094E4861777619600906BF7 /* Test.xcconfig */ = {isa = PBXFileReference; lastKnownFileType = text.xcconfig; path = Test.xcconfig; sourceTree = "<group>"; };
		D094E4881777619600906BF7 /* Application.xcconfig */ = {isa = PBXFileReference; lastKnownFileType = text.xcconfig; path = Application.xcconfig; sourceTree = "<group>"; };
		D094E4891777619600906BF7 /* StaticLibrary.xcconfig */ = {isa = PBXFileReference; lastKnownFileType = text.xcconfig; path = StaticLibrary.xcconfig; sourceTree = "<group>"; };
		D094E48B1777619600906BF7 /* iOS-Application.xcconfig */ = {isa = PBXFileReference; lastKnownFileType = text.xcconfig; path = "iOS-Application.xcconfig"; sourceTree = "<group>"; };
		D094E48C1777619600906BF7 /* iOS-Base.xcconfig */ = {isa = PBXFileReference; lastKnownFileType = text.xcconfig; path = "iOS-Base.xcconfig"; sourceTree = "<group>"; };
		D094E48D1777619600906BF7 /* iOS-StaticLibrary.xcconfig */ = {isa = PBXFileReference; lastKnownFileType = text.xcconfig; path = "iOS-StaticLibrary.xcconfig"; sourceTree = "<group>"; };
		D094E48F1777619600906BF7 /* Mac-Application.xcconfig */ = {isa = PBXFileReference; lastKnownFileType = text.xcconfig; path = "Mac-Application.xcconfig"; sourceTree = "<group>"; };
		D094E4901777619600906BF7 /* Mac-Base.xcconfig */ = {isa = PBXFileReference; lastKnownFileType = text.xcconfig; path = "Mac-Base.xcconfig"; sourceTree = "<group>"; };
		D094E4911777619600906BF7 /* Mac-DynamicLibrary.xcconfig */ = {isa = PBXFileReference; lastKnownFileType = text.xcconfig; path = "Mac-DynamicLibrary.xcconfig"; sourceTree = "<group>"; };
		D094E4921777619600906BF7 /* Mac-Framework.xcconfig */ = {isa = PBXFileReference; lastKnownFileType = text.xcconfig; path = "Mac-Framework.xcconfig"; sourceTree = "<group>"; };
		D094E4931777619600906BF7 /* Mac-StaticLibrary.xcconfig */ = {isa = PBXFileReference; lastKnownFileType = text.xcconfig; path = "Mac-StaticLibrary.xcconfig"; sourceTree = "<group>"; };
		D094E4941777619600906BF7 /* README.md */ = {isa = PBXFileReference; lastKnownFileType = text; path = README.md; sourceTree = "<group>"; };
		D0A56B471804B04900A84EDC /* Cocoa.framework */ = {isa = PBXFileReference; lastKnownFileType = wrapper.framework; name = Cocoa.framework; path = System/Library/Frameworks/Cocoa.framework; sourceTree = SDKROOT; };
		D0A56B4A1804B04900A84EDC /* Foundation.framework */ = {isa = PBXFileReference; lastKnownFileType = wrapper.framework; name = Foundation.framework; path = System/Library/Frameworks/Foundation.framework; sourceTree = SDKROOT; };
		D0A56B4B1804B04900A84EDC /* CoreData.framework */ = {isa = PBXFileReference; lastKnownFileType = wrapper.framework; name = CoreData.framework; path = System/Library/Frameworks/CoreData.framework; sourceTree = SDKROOT; };
		D0A56B4C1804B04900A84EDC /* AppKit.framework */ = {isa = PBXFileReference; lastKnownFileType = wrapper.framework; name = AppKit.framework; path = System/Library/Frameworks/AppKit.framework; sourceTree = SDKROOT; };
		D0A56B581804B04900A84EDC /* XCTest.framework */ = {isa = PBXFileReference; lastKnownFileType = wrapper.framework; name = XCTest.framework; path = Library/Frameworks/XCTest.framework; sourceTree = DEVELOPER_DIR; };
		D0BFC36617476A5F00F5DC5D /* MTLValueTransformerInversionAdditionsSpec.m */ = {isa = PBXFileReference; fileEncoding = 4; lastKnownFileType = sourcecode.c.objc; path = MTLValueTransformerInversionAdditionsSpec.m; sourceTree = "<group>"; };
		D0BFC36D17476B4700F5DC5D /* NSValueTransformer+MTLInversionAdditions.h */ = {isa = PBXFileReference; fileEncoding = 4; lastKnownFileType = sourcecode.c.h; path = "NSValueTransformer+MTLInversionAdditions.h"; sourceTree = "<group>"; };
		D0BFC36E17476B4700F5DC5D /* NSValueTransformer+MTLInversionAdditions.m */ = {isa = PBXFileReference; fileEncoding = 4; lastKnownFileType = sourcecode.c.objc; path = "NSValueTransformer+MTLInversionAdditions.m"; sourceTree = "<group>"; };
		D0C27CF5161107E5002FE587 /* MTLDictionaryManipulationSpec.m */ = {isa = PBXFileReference; fileEncoding = 4; lastKnownFileType = sourcecode.c.objc; path = MTLDictionaryManipulationSpec.m; sourceTree = "<group>"; };
		D0C27D0816110973002FE587 /* NSDictionary+MTLManipulationAdditions.h */ = {isa = PBXFileReference; fileEncoding = 4; lastKnownFileType = sourcecode.c.h; path = "NSDictionary+MTLManipulationAdditions.h"; sourceTree = "<group>"; };
		D0C27D0916110973002FE587 /* NSDictionary+MTLManipulationAdditions.m */ = {isa = PBXFileReference; fileEncoding = 4; lastKnownFileType = sourcecode.c.objc; path = "NSDictionary+MTLManipulationAdditions.m"; sourceTree = "<group>"; };
		D0E9C35719F6DB38000D427D /* Mantle.framework */ = {isa = PBXFileReference; explicitFileType = wrapper.framework; includeInIndex = 0; path = Mantle.framework; sourceTree = BUILT_PRODUCTS_DIR; };
		D0E9C36119F6DB38000D427D /* Mantle-iOSTests.xctest */ = {isa = PBXFileReference; explicitFileType = wrapper.cfbundle; includeInIndex = 0; path = "Mantle-iOSTests.xctest"; sourceTree = BUILT_PRODUCTS_DIR; };
		D0E9C37419F6DB8A000D427D /* iOS-Framework.xcconfig */ = {isa = PBXFileReference; lastKnownFileType = text.xcconfig; path = "iOS-Framework.xcconfig"; sourceTree = "<group>"; };
		D0E9C37519F6DB92000D427D /* Framework.xcconfig */ = {isa = PBXFileReference; lastKnownFileType = text.xcconfig; path = Framework.xcconfig; sourceTree = "<group>"; };
		D0E9C39119F6DCBA000D427D /* Info.plist */ = {isa = PBXFileReference; lastKnownFileType = text.plist.xml; path = Info.plist; sourceTree = "<group>"; };
		D0E9C39219F6DCC4000D427D /* Info.plist */ = {isa = PBXFileReference; lastKnownFileType = text.plist.xml; path = Info.plist; sourceTree = "<group>"; };
		D0E9C39419F6DFD9000D427D /* Quick.framework */ = {isa = PBXFileReference; lastKnownFileType = wrapper.framework; path = Quick.framework; sourceTree = BUILT_PRODUCTS_DIR; };
		D0E9C39819F6E008000D427D /* Nimble.framework */ = {isa = PBXFileReference; lastKnownFileType = wrapper.framework; path = Nimble.framework; sourceTree = BUILT_PRODUCTS_DIR; };
		D0E9C3A819F6E5AA000D427D /* SwiftSpec.swift */ = {isa = PBXFileReference; fileEncoding = 4; lastKnownFileType = sourcecode.swift; path = SwiftSpec.swift; sourceTree = "<group>"; };
		D0F117471614C5600092520B /* NSValueTransformer+MTLPredefinedTransformerAdditions.h */ = {isa = PBXFileReference; fileEncoding = 4; lastKnownFileType = sourcecode.c.h; path = "NSValueTransformer+MTLPredefinedTransformerAdditions.h"; sourceTree = "<group>"; };
		D0F117481614C5600092520B /* NSValueTransformer+MTLPredefinedTransformerAdditions.m */ = {isa = PBXFileReference; fileEncoding = 4; lastKnownFileType = sourcecode.c.objc; path = "NSValueTransformer+MTLPredefinedTransformerAdditions.m"; sourceTree = "<group>"; };
		D0F1174C1614C8000092520B /* MTLPredefinedTransformerAdditionsSpec.m */ = {isa = PBXFileReference; fileEncoding = 4; lastKnownFileType = sourcecode.c.objc; path = MTLPredefinedTransformerAdditionsSpec.m; sourceTree = "<group>"; };
/* End PBXFileReference section */

/* Begin PBXFrameworksBuildPhase section */
		D042FC3815F72B23004E8054 /* Frameworks */ = {
			isa = PBXFrameworksBuildPhase;
			buildActionMask = 2147483647;
			files = (
				D042FC7415F72B90004E8054 /* Foundation.framework in Frameworks */,
			);
			runOnlyForDeploymentPostprocessing = 0;
		};
		D042FC5015F72B23004E8054 /* Frameworks */ = {
			isa = PBXFrameworksBuildPhase;
			buildActionMask = 2147483647;
			files = (
				D0E9C39919F6E008000D427D /* Nimble.framework in Frameworks */,
				BE3408E1196591F300C6C145 /* XCTest.framework in Frameworks */,
				D021D946170F8A7D00C37E36 /* CoreData.framework in Frameworks */,
				D042FC5A15F72B23004E8054 /* Mantle.framework in Frameworks */,
				D0E9C39519F6DFD9000D427D /* Quick.framework in Frameworks */,
			);
			runOnlyForDeploymentPostprocessing = 0;
		};
		D0E9C35319F6DB38000D427D /* Frameworks */ = {
			isa = PBXFrameworksBuildPhase;
			buildActionMask = 2147483647;
			files = (
			);
			runOnlyForDeploymentPostprocessing = 0;
		};
		D0E9C35E19F6DB38000D427D /* Frameworks */ = {
			isa = PBXFrameworksBuildPhase;
			buildActionMask = 2147483647;
			files = (
				D0E9C36219F6DB38000D427D /* Mantle.framework in Frameworks */,
				D0E9C39A19F6E00F000D427D /* Nimble.framework in Frameworks */,
				D0E9C39B19F6E00F000D427D /* Quick.framework in Frameworks */,
			);
			runOnlyForDeploymentPostprocessing = 0;
		};
/* End PBXFrameworksBuildPhase section */

/* Begin PBXGroup section */
		D01BD0AB16CB46B600EC95C7 /* Adapters */ = {
			isa = PBXGroup;
			children = (
				D01BD09B16CB432D00EC95C7 /* MTLJSONAdapter.h */,
				D01BD09C16CB432D00EC95C7 /* MTLJSONAdapter.m */,
			);
			name = Adapters;
			sourceTree = "<group>";
		};
		D01BD0AC16CB46BD00EC95C7 /* Value Transformers */ = {
			isa = PBXGroup;
			children = (
				D08B5AAC16002694001FE685 /* MTLValueTransformer.h */,
				D08B5AAD16002694001FE685 /* MTLValueTransformer.m */,
				547165A31801977000E734DB /* MTLTransformerErrorHandling.h */,
				5487912318210717007F8347 /* MTLTransformerErrorHandling.m */,
			);
			name = "Value Transformers";
			sourceTree = "<group>";
		};
		D042FC3015F72B23004E8054 = {
			isa = PBXGroup;
			children = (
				D042FC4515F72B23004E8054 /* Mantle */,
				D042FC5B15F72B23004E8054 /* MantleTests */,
				D042FC3E15F72B23004E8054 /* Frameworks */,
				D094E47F1777619600906BF7 /* Configuration */,
				D042FC3D15F72B23004E8054 /* Products */,
			);
			sourceTree = "<group>";
			usesTabs = 1;
		};
		D042FC3D15F72B23004E8054 /* Products */ = {
			isa = PBXGroup;
			children = (
				D042FC3C15F72B23004E8054 /* Mantle.framework */,
				D042FC5415F72B23004E8054 /* Mantle-MacTests.xctest */,
				D0E9C35719F6DB38000D427D /* Mantle.framework */,
				D0E9C36119F6DB38000D427D /* Mantle-iOSTests.xctest */,
			);
			name = Products;
			sourceTree = "<group>";
		};
		D042FC3E15F72B23004E8054 /* Frameworks */ = {
			isa = PBXGroup;
			children = (
				D0E9C39819F6E008000D427D /* Nimble.framework */,
				D0E9C39419F6DFD9000D427D /* Quick.framework */,
				D090E63A15F73249005282F9 /* libextobjc */,
				D042FC4415F72B23004E8054 /* Foundation.framework */,
				D021D93E170F807600C37E36 /* CoreData.framework */,
				D021D940170F807E00C37E36 /* CoreData.framework */,
				D0A56B471804B04900A84EDC /* Cocoa.framework */,
				D0A56B581804B04900A84EDC /* XCTest.framework */,
				D0A56B491804B04900A84EDC /* Other Frameworks */,
			);
			name = Frameworks;
			sourceTree = "<group>";
		};
		D042FC4515F72B23004E8054 /* Mantle */ = {
			isa = PBXGroup;
			children = (
				D042FC4C15F72B23004E8054 /* Mantle.h */,
				D0760E7015FFBF020060F550 /* Modules */,
				D090E62515F730B2005282F9 /* Extensions */,
				D042FC4615F72B23004E8054 /* Supporting Files */,
			);
			path = Mantle;
			sourceTree = "<group>";
		};
		D042FC4615F72B23004E8054 /* Supporting Files */ = {
			isa = PBXGroup;
			children = (
				D0E9C39119F6DCBA000D427D /* Info.plist */,
			);
			name = "Supporting Files";
			sourceTree = "<group>";
		};
		D042FC5B15F72B23004E8054 /* MantleTests */ = {
			isa = PBXGroup;
			children = (
				D0760EC615FFCA3E0060F550 /* Specs */,
				D042FC5C15F72B23004E8054 /* Supporting Files */,
			);
			path = MantleTests;
			sourceTree = "<group>";
		};
		D042FC5C15F72B23004E8054 /* Supporting Files */ = {
			isa = PBXGroup;
			children = (
				D053177C1A168F8B00A5FBE2 /* MTLTestJSONAdapter.h */,
				D053177D1A168F8B00A5FBE2 /* MTLTestJSONAdapter.m */,
				D0760EC715FFCA4E0060F550 /* MTLTestModel.h */,
				D0760EC815FFCA4E0060F550 /* MTLTestModel.m */,
				D01BD0B916CB6F5700EC95C7 /* MTLTestModel-OldArchive.plist */,
				D0E9C39219F6DCC4000D427D /* Info.plist */,
			);
			name = "Supporting Files";
			sourceTree = "<group>";
		};
		D0760E7015FFBF020060F550 /* Modules */ = {
			isa = PBXGroup;
			children = (
				D0760E7615FFBF330060F550 /* MTLModel.h */,
				D0760E7715FFBF330060F550 /* MTLModel.m */,
				D01BD0AD16CB52E800EC95C7 /* MTLModel+NSCoding.h */,
				D01BD0AE16CB52E800EC95C7 /* MTLModel+NSCoding.m */,
				D058FE1D16EFB3D2009DFB47 /* MTLReflection.h */,
				D058FE1E16EFB3D2009DFB47 /* MTLReflection.m */,
				D01BD0AB16CB46B600EC95C7 /* Adapters */,
				D01BD0AC16CB46BD00EC95C7 /* Value Transformers */,
			);
			name = Modules;
			sourceTree = "<group>";
		};
		D0760EC615FFCA3E0060F550 /* Specs */ = {
			isa = PBXGroup;
			children = (
				D0E9C3A819F6E5AA000D427D /* SwiftSpec.swift */,
				88080C1C160A719D00CCABF2 /* MTLArrayManipulationSpec.m */,
				1ED5B5CB163A4E2B0072668E /* MTLComparisonAdditionsSpec.m */,
				54D5E9EC18182D150014896C /* MTLDictionaryMappingSpec.m */,
				D0C27CF5161107E5002FE587 /* MTLDictionaryManipulationSpec.m */,
				54803A3A17882CCD00011B39 /* MTLErrorModelExceptionSpec.m */,
				D02E48F016CB8ADB00257645 /* MTLJSONAdapterSpec.m */,
				D02E48E916CB8ACA00257645 /* MTLModelNSCodingSpec.m */,
				D0760EC315FFCA250060F550 /* MTLModelSpec.m */,
				547AE0FC17882ED100F4437D /* MTLModelValidationSpec.m */,
				D0F1174C1614C8000092520B /* MTLPredefinedTransformerAdditionsSpec.m */,
				D08B5AB116002A23001FE685 /* MTLValueTransformerSpec.m */,
				D0BFC36617476A5F00F5DC5D /* MTLValueTransformerInversionAdditionsSpec.m */,
				541B02B31805EC4C000DA87C /* MTLTransformerErrorExamples.h */,
				541B02B41805EC4C000DA87C /* MTLTransformerErrorExamples.m */,
			);
			name = Specs;
			sourceTree = "<group>";
		};
		D090E62515F730B2005282F9 /* Extensions */ = {
			isa = PBXGroup;
			children = (
				88080C16160A706900CCABF2 /* NSArray+MTLManipulationAdditions.h */,
				88080C17160A706900CCABF2 /* NSArray+MTLManipulationAdditions.m */,
				54803A30178829A700011B39 /* NSError+MTLModelException.h */,
				54803A31178829A700011B39 /* NSError+MTLModelException.m */,
				D0C27D0816110973002FE587 /* NSDictionary+MTLManipulationAdditions.h */,
				D0C27D0916110973002FE587 /* NSDictionary+MTLManipulationAdditions.m */,
				547F78531822BCFD00BBAB7B /* NSDictionary+MTLMappingAdditions.h */,
				547F78541822BCFD00BBAB7B /* NSDictionary+MTLMappingAdditions.m */,
				54EDCD0818D9B34F005796FC /* NSDictionary+MTLJSONKeyPath.h */,
				54EDCD0918D9B34F005796FC /* NSDictionary+MTLJSONKeyPath.m */,
				1ED5B5CE163A4E3C0072668E /* NSObject+MTLComparisonAdditions.h */,
				1ED5B5CF163A4E3C0072668E /* NSObject+MTLComparisonAdditions.m */,
				D0BFC36D17476B4700F5DC5D /* NSValueTransformer+MTLInversionAdditions.h */,
				D0BFC36E17476B4700F5DC5D /* NSValueTransformer+MTLInversionAdditions.m */,
				D0F117471614C5600092520B /* NSValueTransformer+MTLPredefinedTransformerAdditions.h */,
				D0F117481614C5600092520B /* NSValueTransformer+MTLPredefinedTransformerAdditions.m */,
			);
			name = Extensions;
			sourceTree = "<group>";
		};
		D090E63A15F73249005282F9 /* libextobjc */ = {
			isa = PBXGroup;
			children = (
				D094E4751777617300906BF7 /* EXTKeyPathCoding.h */,
				D094E4761777617300906BF7 /* EXTRuntimeExtensions.h */,
				D094E4771777617300906BF7 /* EXTRuntimeExtensions.m */,
				D094E4781777617300906BF7 /* EXTScope.h */,
				D094E4791777617300906BF7 /* EXTScope.m */,
				D094E47A1777617300906BF7 /* metamacros.h */,
			);
			name = libextobjc;
			path = Mantle/extobjc;
			sourceTree = SOURCE_ROOT;
		};
		D094E47F1777619600906BF7 /* Configuration */ = {
			isa = PBXGroup;
			children = (
				D094E4801777619600906BF7 /* Base */,
				D094E48A1777619600906BF7 /* iOS */,
				D094E48E1777619600906BF7 /* Mac OS X */,
				D094E4941777619600906BF7 /* README.md */,
			);
			name = Configuration;
			path = Carthage/Checkouts/xcconfigs;
			sourceTree = "<group>";
		};
		D094E4801777619600906BF7 /* Base */ = {
			isa = PBXGroup;
			children = (
				D094E4811777619600906BF7 /* Common.xcconfig */,
				D094E4821777619600906BF7 /* Configurations */,
				D094E4871777619600906BF7 /* Targets */,
			);
			path = Base;
			sourceTree = "<group>";
		};
		D094E4821777619600906BF7 /* Configurations */ = {
			isa = PBXGroup;
			children = (
				D094E4831777619600906BF7 /* Debug.xcconfig */,
				D094E4841777619600906BF7 /* Profile.xcconfig */,
				D094E4851777619600906BF7 /* Release.xcconfig */,
				D094E4861777619600906BF7 /* Test.xcconfig */,
			);
			path = Configurations;
			sourceTree = "<group>";
		};
		D094E4871777619600906BF7 /* Targets */ = {
			isa = PBXGroup;
			children = (
				D094E4881777619600906BF7 /* Application.xcconfig */,
				D0E9C37519F6DB92000D427D /* Framework.xcconfig */,
				D094E4891777619600906BF7 /* StaticLibrary.xcconfig */,
			);
			path = Targets;
			sourceTree = "<group>";
		};
		D094E48A1777619600906BF7 /* iOS */ = {
			isa = PBXGroup;
			children = (
				D094E48B1777619600906BF7 /* iOS-Application.xcconfig */,
				D094E48C1777619600906BF7 /* iOS-Base.xcconfig */,
				D0E9C37419F6DB8A000D427D /* iOS-Framework.xcconfig */,
				D094E48D1777619600906BF7 /* iOS-StaticLibrary.xcconfig */,
			);
			path = iOS;
			sourceTree = "<group>";
		};
		D094E48E1777619600906BF7 /* Mac OS X */ = {
			isa = PBXGroup;
			children = (
				D094E48F1777619600906BF7 /* Mac-Application.xcconfig */,
				D094E4901777619600906BF7 /* Mac-Base.xcconfig */,
				D094E4911777619600906BF7 /* Mac-DynamicLibrary.xcconfig */,
				D094E4921777619600906BF7 /* Mac-Framework.xcconfig */,
				D094E4931777619600906BF7 /* Mac-StaticLibrary.xcconfig */,
			);
			path = "Mac OS X";
			sourceTree = "<group>";
		};
		D0A56B491804B04900A84EDC /* Other Frameworks */ = {
			isa = PBXGroup;
			children = (
				D0A56B4A1804B04900A84EDC /* Foundation.framework */,
				D0A56B4B1804B04900A84EDC /* CoreData.framework */,
				D0A56B4C1804B04900A84EDC /* AppKit.framework */,
			);
			name = "Other Frameworks";
			sourceTree = "<group>";
		};
/* End PBXGroup section */

/* Begin PBXHeadersBuildPhase section */
		D042FC3915F72B23004E8054 /* Headers */ = {
			isa = PBXHeadersBuildPhase;
			buildActionMask = 2147483647;
			files = (
				D0760E0515FFBD440060F550 /* Mantle.h in Headers */,
				D0760E7815FFBF330060F550 /* MTLModel.h in Headers */,
				D08B5AAE16002694001FE685 /* MTLValueTransformer.h in Headers */,
				A18397E11BA341BC00AB37BA /* EXTKeyPathCoding.h in Headers */,
				88080C18160A706900CCABF2 /* NSArray+MTLManipulationAdditions.h in Headers */,
				A18397E51BA341CF00AB37BA /* EXTScope.h in Headers */,
				D0C27D0A16110973002FE587 /* NSDictionary+MTLManipulationAdditions.h in Headers */,
				D0F117491614C5600092520B /* NSValueTransformer+MTLPredefinedTransformerAdditions.h in Headers */,
				D053177A1A168D7100A5FBE2 /* NSDictionary+MTLMappingAdditions.h in Headers */,
				1ED5B5D0163A4E3C0072668E /* NSObject+MTLComparisonAdditions.h in Headers */,
				A18397E41BA341C900AB37BA /* EXTRuntimeExtensions.h in Headers */,
				D01BD09D16CB432D00EC95C7 /* MTLJSONAdapter.h in Headers */,
				D05317721A168D3D00A5FBE2 /* MTLTransformerErrorHandling.h in Headers */,
				D01BD0AF16CB52E800EC95C7 /* MTLModel+NSCoding.h in Headers */,
				A18397E81BA341DC00AB37BA /* metamacros.h in Headers */,
				D0BFC36F17476B4700F5DC5D /* NSValueTransformer+MTLInversionAdditions.h in Headers */,
			);
			runOnlyForDeploymentPostprocessing = 0;
		};
		D0E9C35419F6DB38000D427D /* Headers */ = {
			isa = PBXHeadersBuildPhase;
			buildActionMask = 2147483647;
			files = (
				D0E9C38319F6DC5B000D427D /* NSArray+MTLManipulationAdditions.h in Headers */,
				D0E9C37919F6DC5B000D427D /* MTLModel+NSCoding.h in Headers */,
				D0E9C38919F6DC5B000D427D /* NSObject+MTLComparisonAdditions.h in Headers */,
				A18397E21BA341BF00AB37BA /* EXTKeyPathCoding.h in Headers */,
				D0E9C38119F6DC5B000D427D /* MTLValueTransformer.h in Headers */,
				A18397E61BA341D300AB37BA /* EXTScope.h in Headers */,
				D0E9C38B19F6DC5B000D427D /* NSValueTransformer+MTLInversionAdditions.h in Headers */,
				D05317741A168D3D00A5FBE2 /* MTLTransformerErrorHandling.h in Headers */,
				D053177B1A168D7200A5FBE2 /* NSDictionary+MTLMappingAdditions.h in Headers */,
				D0E9C38D19F6DC5B000D427D /* NSValueTransformer+MTLPredefinedTransformerAdditions.h in Headers */,
				A18397E31BA341C500AB37BA /* EXTRuntimeExtensions.h in Headers */,
				D0E9C37D19F6DC5B000D427D /* MTLJSONAdapter.h in Headers */,
				D0E9C37719F6DC5B000D427D /* MTLModel.h in Headers */,
				D0E9C38719F6DC5B000D427D /* NSDictionary+MTLManipulationAdditions.h in Headers */,
				A18397E71BA341D900AB37BA /* metamacros.h in Headers */,
				D0E9C37619F6DC5B000D427D /* Mantle.h in Headers */,
			);
			runOnlyForDeploymentPostprocessing = 0;
		};
/* End PBXHeadersBuildPhase section */

/* Begin PBXNativeTarget section */
		D042FC3B15F72B23004E8054 /* Mantle-Mac */ = {
			isa = PBXNativeTarget;
			buildConfigurationList = D042FC6615F72B23004E8054 /* Build configuration list for PBXNativeTarget "Mantle-Mac" */;
			buildPhases = (
				D042FC3715F72B23004E8054 /* Sources */,
				D042FC3815F72B23004E8054 /* Frameworks */,
				D042FC3915F72B23004E8054 /* Headers */,
				D042FC3A15F72B23004E8054 /* Resources */,
			);
			buildRules = (
			);
			dependencies = (
			);
			name = "Mantle-Mac";
			productName = Maverick;
			productReference = D042FC3C15F72B23004E8054 /* Mantle.framework */;
			productType = "com.apple.product-type.framework";
		};
		D042FC5315F72B23004E8054 /* Mantle-MacTests */ = {
			isa = PBXNativeTarget;
			buildConfigurationList = D042FC6915F72B23004E8054 /* Build configuration list for PBXNativeTarget "Mantle-MacTests" */;
			buildPhases = (
				D042FC4F15F72B23004E8054 /* Sources */,
				D042FC5015F72B23004E8054 /* Frameworks */,
				D042FC5115F72B23004E8054 /* Resources */,
			);
			buildRules = (
			);
			dependencies = (
				D042FC5915F72B23004E8054 /* PBXTargetDependency */,
			);
			name = "Mantle-MacTests";
			productName = MaverickTests;
			productReference = D042FC5415F72B23004E8054 /* Mantle-MacTests.xctest */;
			productType = "com.apple.product-type.bundle.unit-test";
		};
		D0E9C35619F6DB38000D427D /* Mantle-iOS */ = {
			isa = PBXNativeTarget;
			buildConfigurationList = D0E9C36A19F6DB38000D427D /* Build configuration list for PBXNativeTarget "Mantle-iOS" */;
			buildPhases = (
				D0E9C35219F6DB38000D427D /* Sources */,
				D0E9C35319F6DB38000D427D /* Frameworks */,
				D0E9C35419F6DB38000D427D /* Headers */,
				D0E9C35519F6DB38000D427D /* Resources */,
			);
			buildRules = (
			);
			dependencies = (
			);
			name = "Mantle-iOS";
			productName = Mantle;
			productReference = D0E9C35719F6DB38000D427D /* Mantle.framework */;
			productType = "com.apple.product-type.framework";
		};
		D0E9C36019F6DB38000D427D /* Mantle-iOSTests */ = {
			isa = PBXNativeTarget;
			buildConfigurationList = D0E9C36F19F6DB38000D427D /* Build configuration list for PBXNativeTarget "Mantle-iOSTests" */;
			buildPhases = (
				D0E9C35D19F6DB38000D427D /* Sources */,
				D0E9C35E19F6DB38000D427D /* Frameworks */,
				D0E9C35F19F6DB38000D427D /* Resources */,
				D0E9C3B019F6E76D000D427D /* Copy Frameworks */,
			);
			buildRules = (
			);
			dependencies = (
				D0E9C36419F6DB38000D427D /* PBXTargetDependency */,
			);
			name = "Mantle-iOSTests";
			productName = MantleTests;
			productReference = D0E9C36119F6DB38000D427D /* Mantle-iOSTests.xctest */;
			productType = "com.apple.product-type.bundle.unit-test";
		};
/* End PBXNativeTarget section */

/* Begin PBXProject section */
		D042FC3215F72B23004E8054 /* Project object */ = {
			isa = PBXProject;
			attributes = {
				LastSwiftUpdateCheck = 0700;
				LastTestingUpgradeCheck = 0510;
				LastUpgradeCheck = 0710;
				ORGANIZATIONNAME = GitHub;
				TargetAttributes = {
					D0E9C35619F6DB38000D427D = {
						CreatedOnToolsVersion = 6.1;
					};
					D0E9C36019F6DB38000D427D = {
						CreatedOnToolsVersion = 6.1;
					};
				};
			};
			buildConfigurationList = D042FC3515F72B23004E8054 /* Build configuration list for PBXProject "Mantle" */;
			compatibilityVersion = "Xcode 3.2";
			developmentRegion = English;
			hasScannedForEncodings = 0;
			knownRegions = (
				en,
			);
			mainGroup = D042FC3015F72B23004E8054;
			productRefGroup = D042FC3D15F72B23004E8054 /* Products */;
			projectDirPath = "";
			projectRoot = "";
			targets = (
				D042FC3B15F72B23004E8054 /* Mantle-Mac */,
				D042FC5315F72B23004E8054 /* Mantle-MacTests */,
				D0E9C35619F6DB38000D427D /* Mantle-iOS */,
				D0E9C36019F6DB38000D427D /* Mantle-iOSTests */,
			);
		};
/* End PBXProject section */

/* Begin PBXResourcesBuildPhase section */
		D042FC3A15F72B23004E8054 /* Resources */ = {
			isa = PBXResourcesBuildPhase;
			buildActionMask = 2147483647;
			files = (
			);
			runOnlyForDeploymentPostprocessing = 0;
		};
		D042FC5115F72B23004E8054 /* Resources */ = {
			isa = PBXResourcesBuildPhase;
			buildActionMask = 2147483647;
			files = (
				D01BD0BA16CB6F5700EC95C7 /* MTLTestModel-OldArchive.plist in Resources */,
			);
			runOnlyForDeploymentPostprocessing = 0;
		};
		D0E9C35519F6DB38000D427D /* Resources */ = {
			isa = PBXResourcesBuildPhase;
			buildActionMask = 2147483647;
			files = (
			);
			runOnlyForDeploymentPostprocessing = 0;
		};
		D0E9C35F19F6DB38000D427D /* Resources */ = {
			isa = PBXResourcesBuildPhase;
			buildActionMask = 2147483647;
			files = (
				D0E9C3AE19F6E749000D427D /* MTLTestModel-OldArchive.plist in Resources */,
			);
			runOnlyForDeploymentPostprocessing = 0;
		};
/* End PBXResourcesBuildPhase section */

/* Begin PBXSourcesBuildPhase section */
		D042FC3715F72B23004E8054 /* Sources */ = {
			isa = PBXSourcesBuildPhase;
			buildActionMask = 2147483647;
			files = (
				D0760E7915FFBF330060F550 /* MTLModel.m in Sources */,
				D08B5AAF16002694001FE685 /* MTLValueTransformer.m in Sources */,
				88080C19160A706900CCABF2 /* NSArray+MTLManipulationAdditions.m in Sources */,
				D0C27D0B16110973002FE587 /* NSDictionary+MTLManipulationAdditions.m in Sources */,
				D0F1174A1614C5600092520B /* NSValueTransformer+MTLPredefinedTransformerAdditions.m in Sources */,
				D05317731A168D3D00A5FBE2 /* MTLTransformerErrorHandling.m in Sources */,
				1ED5B5D1163A4E3C0072668E /* NSObject+MTLComparisonAdditions.m in Sources */,
				D05317771A168D6D00A5FBE2 /* NSDictionary+MTLJSONKeyPath.m in Sources */,
				D01BD09F16CB432D00EC95C7 /* MTLJSONAdapter.m in Sources */,
				54803A34178829A800011B39 /* NSError+MTLModelException.m in Sources */,
				D01BD0B116CB52E800EC95C7 /* MTLModel+NSCoding.m in Sources */,
				D05317761A168D6D00A5FBE2 /* NSDictionary+MTLMappingAdditions.m in Sources */,
				D058FE2116EFB3D2009DFB47 /* MTLReflection.m in Sources */,
				D0BFC37117476B4700F5DC5D /* NSValueTransformer+MTLInversionAdditions.m in Sources */,
				D094E47B1777617500906BF7 /* EXTRuntimeExtensions.m in Sources */,
				D094E47D1777617800906BF7 /* EXTScope.m in Sources */,
			);
			runOnlyForDeploymentPostprocessing = 0;
		};
		D042FC4F15F72B23004E8054 /* Sources */ = {
			isa = PBXSourcesBuildPhase;
			buildActionMask = 2147483647;
			files = (
				D0760EC415FFCA250060F550 /* MTLModelSpec.m in Sources */,
				D0760EC915FFCA4E0060F550 /* MTLTestModel.m in Sources */,
				54803A3B17882CCD00011B39 /* MTLErrorModelExceptionSpec.m in Sources */,
				D05317711A168D3500A5FBE2 /* MTLTransformerErrorExamples.m in Sources */,
				D0E9C3A919F6E5AA000D427D /* SwiftSpec.swift in Sources */,
				D08B5AB216002A23001FE685 /* MTLValueTransformerSpec.m in Sources */,
				88080C1D160A719D00CCABF2 /* MTLArrayManipulationSpec.m in Sources */,
				D053177E1A168F8B00A5FBE2 /* MTLTestJSONAdapter.m in Sources */,
				D0C27CF6161107E5002FE587 /* MTLDictionaryManipulationSpec.m in Sources */,
				547AE0FD17882ED100F4437D /* MTLModelValidationSpec.m in Sources */,
				D0F1174D1614C8000092520B /* MTLPredefinedTransformerAdditionsSpec.m in Sources */,
				1ED5B5CC163A4E2B0072668E /* MTLComparisonAdditionsSpec.m in Sources */,
				D02E48EA16CB8ACA00257645 /* MTLModelNSCodingSpec.m in Sources */,
				D053176E1A168D2C00A5FBE2 /* MTLDictionaryMappingSpec.m in Sources */,
				D02E48F116CB8ADB00257645 /* MTLJSONAdapterSpec.m in Sources */,
				D0BFC36717476A5F00F5DC5D /* MTLValueTransformerInversionAdditionsSpec.m in Sources */,
			);
			runOnlyForDeploymentPostprocessing = 0;
		};
		D0E9C35219F6DB38000D427D /* Sources */ = {
			isa = PBXSourcesBuildPhase;
			buildActionMask = 2147483647;
			files = (
				D0E9C38619F6DC5B000D427D /* NSError+MTLModelException.m in Sources */,
				D0E9C38E19F6DC5B000D427D /* NSValueTransformer+MTLPredefinedTransformerAdditions.m in Sources */,
				D05317781A168D6D00A5FBE2 /* NSDictionary+MTLMappingAdditions.m in Sources */,
				D0E9C37C19F6DC5B000D427D /* MTLReflection.m in Sources */,
				D05317791A168D6D00A5FBE2 /* NSDictionary+MTLJSONKeyPath.m in Sources */,
				D0E9C37A19F6DC5B000D427D /* MTLModel+NSCoding.m in Sources */,
				D0E9C38A19F6DC5B000D427D /* NSObject+MTLComparisonAdditions.m in Sources */,
				D0E9C37819F6DC5B000D427D /* MTLModel.m in Sources */,
				D0E9C37E19F6DC5B000D427D /* MTLJSONAdapter.m in Sources */,
				D0E9C38419F6DC5B000D427D /* NSArray+MTLManipulationAdditions.m in Sources */,
				D05317751A168D3D00A5FBE2 /* MTLTransformerErrorHandling.m in Sources */,
				D0E9C38819F6DC5B000D427D /* NSDictionary+MTLManipulationAdditions.m in Sources */,
				D0E9C38219F6DC5B000D427D /* MTLValueTransformer.m in Sources */,
				D0E9C38C19F6DC5B000D427D /* NSValueTransformer+MTLInversionAdditions.m in Sources */,
				D0E9C38F19F6DC83000D427D /* EXTRuntimeExtensions.m in Sources */,
				D0E9C39019F6DC87000D427D /* EXTScope.m in Sources */,
			);
			runOnlyForDeploymentPostprocessing = 0;
		};
		D0E9C35D19F6DB38000D427D /* Sources */ = {
			isa = PBXSourcesBuildPhase;
			buildActionMask = 2147483647;
			files = (
				D0E9C3A619F6E04B000D427D /* MTLValueTransformerSpec.m in Sources */,
				D0E9C3AC19F6E733000D427D /* (null) in Sources */,
				D0E9C39C19F6E04B000D427D /* MTLArrayManipulationSpec.m in Sources */,
				D0E9C3A019F6E04B000D427D /* MTLJSONAdapterSpec.m in Sources */,
				D0E9C3A519F6E04B000D427D /* MTLPredefinedTransformerAdditionsSpec.m in Sources */,
				D0E9C3A319F6E04B000D427D /* MTLModelSpec.m in Sources */,
				D0E9C3AB19F6E733000D427D /* (null) in Sources */,
				D0E9C3AD19F6E733000D427D /* MTLTestModel.m in Sources */,
				D0E9C39F19F6E04B000D427D /* MTLErrorModelExceptionSpec.m in Sources */,
				D0E9C3A719F6E04B000D427D /* MTLValueTransformerInversionAdditionsSpec.m in Sources */,
				D0E9C3A219F6E04B000D427D /* MTLModelNSCodingSpec.m in Sources */,
				D053177F1A168F8B00A5FBE2 /* MTLTestJSONAdapter.m in Sources */,
				D0E9C39E19F6E04B000D427D /* MTLDictionaryManipulationSpec.m in Sources */,
				D0E9C39D19F6E04B000D427D /* MTLComparisonAdditionsSpec.m in Sources */,
				D0E9C3AF19F6E74C000D427D /* (null) in Sources */,
				D05317701A168D3400A5FBE2 /* MTLTransformerErrorExamples.m in Sources */,
				D0E9C3AA19F6E5AA000D427D /* SwiftSpec.swift in Sources */,
				D053176F1A168D2D00A5FBE2 /* MTLDictionaryMappingSpec.m in Sources */,
				D0E9C3A419F6E04B000D427D /* MTLModelValidationSpec.m in Sources */,
				D0E9C3A119F6E04B000D427D /* (null) in Sources */,
			);
			runOnlyForDeploymentPostprocessing = 0;
		};
/* End PBXSourcesBuildPhase section */

/* Begin PBXTargetDependency section */
		D042FC5915F72B23004E8054 /* PBXTargetDependency */ = {
			isa = PBXTargetDependency;
			target = D042FC3B15F72B23004E8054 /* Mantle-Mac */;
			targetProxy = D042FC5815F72B23004E8054 /* PBXContainerItemProxy */;
		};
		D0E9C36419F6DB38000D427D /* PBXTargetDependency */ = {
			isa = PBXTargetDependency;
			target = D0E9C35619F6DB38000D427D /* Mantle-iOS */;
			targetProxy = D0E9C36319F6DB38000D427D /* PBXContainerItemProxy */;
		};
/* End PBXTargetDependency section */

/* Begin XCBuildConfiguration section */
		D042FC6415F72B23004E8054 /* Debug */ = {
			isa = XCBuildConfiguration;
			baseConfigurationReference = D094E4831777619600906BF7 /* Debug.xcconfig */;
			buildSettings = {
				ENABLE_TESTABILITY = YES;
				GCC_NO_COMMON_BLOCKS = YES;
				IPHONEOS_DEPLOYMENT_TARGET = 8.0;
				MACOSX_DEPLOYMENT_TARGET = 10.8;
				ONLY_ACTIVE_ARCH = YES;
				TARGETED_DEVICE_FAMILY = "1,2";
			};
			name = Debug;
		};
		D042FC6515F72B23004E8054 /* Release */ = {
			isa = XCBuildConfiguration;
			baseConfigurationReference = D094E4851777619600906BF7 /* Release.xcconfig */;
			buildSettings = {
				GCC_NO_COMMON_BLOCKS = YES;
				IPHONEOS_DEPLOYMENT_TARGET = 8.0;
				MACOSX_DEPLOYMENT_TARGET = 10.8;
				TARGETED_DEVICE_FAMILY = "1,2";
			};
			name = Release;
		};
		D042FC6715F72B23004E8054 /* Debug */ = {
			isa = XCBuildConfiguration;
			baseConfigurationReference = D094E4921777619600906BF7 /* Mac-Framework.xcconfig */;
			buildSettings = {
				DYLIB_COMPATIBILITY_VERSION = 1;
				DYLIB_CURRENT_VERSION = 1;
				FRAMEWORK_VERSION = A;
				INFOPLIST_FILE = $PRODUCT_NAME/Info.plist;
				PRODUCT_BUNDLE_IDENTIFIER = "org.mantle.$(PRODUCT_NAME:rfc1034identifier)";
				WRAPPER_EXTENSION = framework;
			};
			name = Debug;
		};
		D042FC6815F72B23004E8054 /* Release */ = {
			isa = XCBuildConfiguration;
			baseConfigurationReference = D094E4921777619600906BF7 /* Mac-Framework.xcconfig */;
			buildSettings = {
				DYLIB_COMPATIBILITY_VERSION = 1;
				DYLIB_CURRENT_VERSION = 1;
				FRAMEWORK_VERSION = A;
				INFOPLIST_FILE = $PRODUCT_NAME/Info.plist;
				PRODUCT_BUNDLE_IDENTIFIER = "org.mantle.$(PRODUCT_NAME:rfc1034identifier)";
				WRAPPER_EXTENSION = framework;
			};
			name = Release;
		};
		D042FC6A15F72B23004E8054 /* Debug */ = {
			isa = XCBuildConfiguration;
			baseConfigurationReference = D094E48F1777619600906BF7 /* Mac-Application.xcconfig */;
			buildSettings = {
				CLANG_ENABLE_MODULES = YES;
				FRAMEWORK_SEARCH_PATHS = (
					"$(inherited)",
					"$(DEVELOPER_FRAMEWORKS_DIR)",
				);
				INFOPLIST_FILE = MantleTests/Info.plist;
				LD_RUNPATH_SEARCH_PATHS = "$(inherited) @executable_path/../Frameworks @loader_path/../Frameworks";
				MACOSX_DEPLOYMENT_TARGET = 10.9;
				PRODUCT_BUNDLE_IDENTIFIER = "org.mantle.$(PRODUCT_NAME:rfc1034identifier)";
				PRODUCT_NAME = "$(TARGET_NAME)";
				SWIFT_OPTIMIZATION_LEVEL = "-Onone";
			};
			name = Debug;
		};
		D042FC6B15F72B23004E8054 /* Release */ = {
			isa = XCBuildConfiguration;
			baseConfigurationReference = D094E48F1777619600906BF7 /* Mac-Application.xcconfig */;
			buildSettings = {
				CLANG_ENABLE_MODULES = YES;
				FRAMEWORK_SEARCH_PATHS = (
					"$(inherited)",
					"$(DEVELOPER_FRAMEWORKS_DIR)",
				);
				INFOPLIST_FILE = MantleTests/Info.plist;
				LD_RUNPATH_SEARCH_PATHS = "$(inherited) @executable_path/../Frameworks @loader_path/../Frameworks";
				MACOSX_DEPLOYMENT_TARGET = 10.9;
				PRODUCT_BUNDLE_IDENTIFIER = "org.mantle.$(PRODUCT_NAME:rfc1034identifier)";
				PRODUCT_NAME = "$(TARGET_NAME)";
			};
			name = Release;
		};
		D042FCC415F72E0C004E8054 /* Profile */ = {
			isa = XCBuildConfiguration;
			baseConfigurationReference = D094E4841777619600906BF7 /* Profile.xcconfig */;
			buildSettings = {
				GCC_NO_COMMON_BLOCKS = YES;
				IPHONEOS_DEPLOYMENT_TARGET = 8.0;
				MACOSX_DEPLOYMENT_TARGET = 10.8;
				TARGETED_DEVICE_FAMILY = "1,2";
			};
			name = Profile;
		};
		D042FCC515F72E0C004E8054 /* Profile */ = {
			isa = XCBuildConfiguration;
			baseConfigurationReference = D094E4921777619600906BF7 /* Mac-Framework.xcconfig */;
			buildSettings = {
				DYLIB_COMPATIBILITY_VERSION = 1;
				DYLIB_CURRENT_VERSION = 1;
				FRAMEWORK_VERSION = A;
				INFOPLIST_FILE = $PRODUCT_NAME/Info.plist;
				PRODUCT_BUNDLE_IDENTIFIER = "org.mantle.$(PRODUCT_NAME:rfc1034identifier)";
				WRAPPER_EXTENSION = framework;
			};
			name = Profile;
		};
		D042FCC615F72E0C004E8054 /* Profile */ = {
			isa = XCBuildConfiguration;
			baseConfigurationReference = D094E48F1777619600906BF7 /* Mac-Application.xcconfig */;
			buildSettings = {
				CLANG_ENABLE_MODULES = YES;
				FRAMEWORK_SEARCH_PATHS = (
					"$(inherited)",
					"$(DEVELOPER_FRAMEWORKS_DIR)",
				);
				INFOPLIST_FILE = MantleTests/Info.plist;
				LD_RUNPATH_SEARCH_PATHS = "$(inherited) @executable_path/../Frameworks @loader_path/../Frameworks";
				MACOSX_DEPLOYMENT_TARGET = 10.9;
				PRODUCT_BUNDLE_IDENTIFIER = "org.mantle.$(PRODUCT_NAME:rfc1034identifier)";
				PRODUCT_NAME = "$(TARGET_NAME)";
			};
			name = Profile;
		};
		D0A56BE11804B97600A84EDC /* Test */ = {
			isa = XCBuildConfiguration;
			baseConfigurationReference = D094E4861777619600906BF7 /* Test.xcconfig */;
			buildSettings = {
				GCC_NO_COMMON_BLOCKS = YES;
				IPHONEOS_DEPLOYMENT_TARGET = 8.0;
				MACOSX_DEPLOYMENT_TARGET = 10.8;
				TARGETED_DEVICE_FAMILY = "1,2";
			};
			name = Test;
		};
		D0A56BE21804B97600A84EDC /* Test */ = {
			isa = XCBuildConfiguration;
			baseConfigurationReference = D094E4921777619600906BF7 /* Mac-Framework.xcconfig */;
			buildSettings = {
				DYLIB_COMPATIBILITY_VERSION = 1;
				DYLIB_CURRENT_VERSION = 1;
				FRAMEWORK_VERSION = A;
				INFOPLIST_FILE = $PRODUCT_NAME/Info.plist;
				PRODUCT_BUNDLE_IDENTIFIER = "org.mantle.$(PRODUCT_NAME:rfc1034identifier)";
				WRAPPER_EXTENSION = framework;
			};
			name = Test;
		};
		D0A56BE31804B97600A84EDC /* Test */ = {
			isa = XCBuildConfiguration;
			baseConfigurationReference = D094E48F1777619600906BF7 /* Mac-Application.xcconfig */;
			buildSettings = {
				CLANG_ENABLE_MODULES = YES;
				FRAMEWORK_SEARCH_PATHS = (
					"$(inherited)",
					"$(DEVELOPER_FRAMEWORKS_DIR)",
				);
				INFOPLIST_FILE = MantleTests/Info.plist;
				LD_RUNPATH_SEARCH_PATHS = "$(inherited) @executable_path/../Frameworks @loader_path/../Frameworks";
				MACOSX_DEPLOYMENT_TARGET = 10.9;
				PRODUCT_BUNDLE_IDENTIFIER = "org.mantle.$(PRODUCT_NAME:rfc1034identifier)";
				PRODUCT_NAME = "$(TARGET_NAME)";
				SWIFT_OPTIMIZATION_LEVEL = "-Onone";
			};
			name = Test;
		};
		D0E9C36B19F6DB38000D427D /* Debug */ = {
			isa = XCBuildConfiguration;
			baseConfigurationReference = D0E9C37419F6DB8A000D427D /* iOS-Framework.xcconfig */;
			buildSettings = {
				"CODE_SIGN_IDENTITY[sdk=iphoneos*]" = "iPhone Developer";
				CURRENT_PROJECT_VERSION = 1;
				DYLIB_COMPATIBILITY_VERSION = 1;
				DYLIB_CURRENT_VERSION = 1;
				INFOPLIST_FILE = Mantle/Info.plist;
				PRODUCT_BUNDLE_IDENTIFIER = "org.mantle.$(PRODUCT_NAME:rfc1034identifier)";
				VERSIONING_SYSTEM = "apple-generic";
				VERSION_INFO_PREFIX = "";
			};
			name = Debug;
		};
		D0E9C36C19F6DB38000D427D /* Test */ = {
			isa = XCBuildConfiguration;
			baseConfigurationReference = D0E9C37419F6DB8A000D427D /* iOS-Framework.xcconfig */;
			buildSettings = {
				"CODE_SIGN_IDENTITY[sdk=iphoneos*]" = "iPhone Developer";
				CURRENT_PROJECT_VERSION = 1;
				DYLIB_COMPATIBILITY_VERSION = 1;
				DYLIB_CURRENT_VERSION = 1;
				INFOPLIST_FILE = Mantle/Info.plist;
				PRODUCT_BUNDLE_IDENTIFIER = "org.mantle.$(PRODUCT_NAME:rfc1034identifier)";
				VERSIONING_SYSTEM = "apple-generic";
				VERSION_INFO_PREFIX = "";
			};
			name = Test;
		};
		D0E9C36D19F6DB38000D427D /* Release */ = {
			isa = XCBuildConfiguration;
			baseConfigurationReference = D0E9C37419F6DB8A000D427D /* iOS-Framework.xcconfig */;
			buildSettings = {
				"CODE_SIGN_IDENTITY[sdk=iphoneos*]" = "iPhone Developer";
				CURRENT_PROJECT_VERSION = 1;
				DYLIB_COMPATIBILITY_VERSION = 1;
				DYLIB_CURRENT_VERSION = 1;
				INFOPLIST_FILE = Mantle/Info.plist;
				PRODUCT_BUNDLE_IDENTIFIER = "org.mantle.$(PRODUCT_NAME:rfc1034identifier)";
				VERSIONING_SYSTEM = "apple-generic";
				VERSION_INFO_PREFIX = "";
			};
			name = Release;
		};
		D0E9C36E19F6DB38000D427D /* Profile */ = {
			isa = XCBuildConfiguration;
			baseConfigurationReference = D0E9C37419F6DB8A000D427D /* iOS-Framework.xcconfig */;
			buildSettings = {
				"CODE_SIGN_IDENTITY[sdk=iphoneos*]" = "iPhone Developer";
				CURRENT_PROJECT_VERSION = 1;
				DYLIB_COMPATIBILITY_VERSION = 1;
				DYLIB_CURRENT_VERSION = 1;
				INFOPLIST_FILE = Mantle/Info.plist;
				PRODUCT_BUNDLE_IDENTIFIER = "org.mantle.$(PRODUCT_NAME:rfc1034identifier)";
				VERSIONING_SYSTEM = "apple-generic";
				VERSION_INFO_PREFIX = "";
			};
			name = Profile;
		};
		D0E9C37019F6DB38000D427D /* Debug */ = {
			isa = XCBuildConfiguration;
			baseConfigurationReference = D094E48B1777619600906BF7 /* iOS-Application.xcconfig */;
			buildSettings = {
				CLANG_ENABLE_MODULES = YES;
				FRAMEWORK_SEARCH_PATHS = (
					"$(SDKROOT)/Developer/Library/Frameworks",
					"$(inherited)",
				);
				INFOPLIST_FILE = MantleTests/Info.plist;
				IPHONEOS_DEPLOYMENT_TARGET = 9.2;
				LD_RUNPATH_SEARCH_PATHS = "$(inherited) @executable_path/Frameworks @loader_path/Frameworks";
				PRODUCT_BUNDLE_IDENTIFIER = "org.mantle.$(PRODUCT_NAME:rfc1034identifier)";
				PRODUCT_NAME = "$(TARGET_NAME)";
				SWIFT_OPTIMIZATION_LEVEL = "-Onone";
			};
			name = Debug;
		};
		D0E9C37119F6DB38000D427D /* Test */ = {
			isa = XCBuildConfiguration;
			baseConfigurationReference = D094E48B1777619600906BF7 /* iOS-Application.xcconfig */;
			buildSettings = {
				CLANG_ENABLE_MODULES = YES;
				FRAMEWORK_SEARCH_PATHS = (
					"$(SDKROOT)/Developer/Library/Frameworks",
					"$(inherited)",
				);
				INFOPLIST_FILE = MantleTests/Info.plist;
				IPHONEOS_DEPLOYMENT_TARGET = 9.2;
				LD_RUNPATH_SEARCH_PATHS = "$(inherited) @executable_path/Frameworks @loader_path/Frameworks";
				PRODUCT_BUNDLE_IDENTIFIER = "org.mantle.$(PRODUCT_NAME:rfc1034identifier)";
				PRODUCT_NAME = "$(TARGET_NAME)";
				SWIFT_OPTIMIZATION_LEVEL = "-Onone";
			};
			name = Test;
		};
		D0E9C37219F6DB38000D427D /* Release */ = {
			isa = XCBuildConfiguration;
			baseConfigurationReference = D094E48B1777619600906BF7 /* iOS-Application.xcconfig */;
			buildSettings = {
				CLANG_ENABLE_MODULES = YES;
				FRAMEWORK_SEARCH_PATHS = (
					"$(SDKROOT)/Developer/Library/Frameworks",
					"$(inherited)",
				);
				INFOPLIST_FILE = MantleTests/Info.plist;
				IPHONEOS_DEPLOYMENT_TARGET = 9.2;
				LD_RUNPATH_SEARCH_PATHS = "$(inherited) @executable_path/Frameworks @loader_path/Frameworks";
				PRODUCT_BUNDLE_IDENTIFIER = "org.mantle.$(PRODUCT_NAME:rfc1034identifier)";
				PRODUCT_NAME = "$(TARGET_NAME)";
			};
			name = Release;
		};
		D0E9C37319F6DB38000D427D /* Profile */ = {
			isa = XCBuildConfiguration;
			baseConfigurationReference = D094E48B1777619600906BF7 /* iOS-Application.xcconfig */;
			buildSettings = {
				CLANG_ENABLE_MODULES = YES;
				FRAMEWORK_SEARCH_PATHS = (
					"$(SDKROOT)/Developer/Library/Frameworks",
					"$(inherited)",
				);
				INFOPLIST_FILE = MantleTests/Info.plist;
				IPHONEOS_DEPLOYMENT_TARGET = 9.2;
				LD_RUNPATH_SEARCH_PATHS = "$(inherited) @executable_path/Frameworks @loader_path/Frameworks";
				PRODUCT_BUNDLE_IDENTIFIER = "org.mantle.$(PRODUCT_NAME:rfc1034identifier)";
				PRODUCT_NAME = "$(TARGET_NAME)";
			};
			name = Profile;
		};
/* End XCBuildConfiguration section */

/* Begin XCConfigurationList section */
		D042FC3515F72B23004E8054 /* Build configuration list for PBXProject "Mantle" */ = {
			isa = XCConfigurationList;
			buildConfigurations = (
				D042FC6415F72B23004E8054 /* Debug */,
				D0A56BE11804B97600A84EDC /* Test */,
				D042FC6515F72B23004E8054 /* Release */,
				D042FCC415F72E0C004E8054 /* Profile */,
			);
			defaultConfigurationIsVisible = 0;
			defaultConfigurationName = Release;
		};
		D042FC6615F72B23004E8054 /* Build configuration list for PBXNativeTarget "Mantle-Mac" */ = {
			isa = XCConfigurationList;
			buildConfigurations = (
				D042FC6715F72B23004E8054 /* Debug */,
				D0A56BE21804B97600A84EDC /* Test */,
				D042FC6815F72B23004E8054 /* Release */,
				D042FCC515F72E0C004E8054 /* Profile */,
			);
			defaultConfigurationIsVisible = 0;
			defaultConfigurationName = Release;
		};
		D042FC6915F72B23004E8054 /* Build configuration list for PBXNativeTarget "Mantle-MacTests" */ = {
			isa = XCConfigurationList;
			buildConfigurations = (
				D042FC6A15F72B23004E8054 /* Debug */,
				D0A56BE31804B97600A84EDC /* Test */,
				D042FC6B15F72B23004E8054 /* Release */,
				D042FCC615F72E0C004E8054 /* Profile */,
			);
			defaultConfigurationIsVisible = 0;
			defaultConfigurationName = Release;
		};
		D0E9C36A19F6DB38000D427D /* Build configuration list for PBXNativeTarget "Mantle-iOS" */ = {
			isa = XCConfigurationList;
			buildConfigurations = (
				D0E9C36B19F6DB38000D427D /* Debug */,
				D0E9C36C19F6DB38000D427D /* Test */,
				D0E9C36D19F6DB38000D427D /* Release */,
				D0E9C36E19F6DB38000D427D /* Profile */,
			);
			defaultConfigurationIsVisible = 0;
			defaultConfigurationName = Release;
		};
		D0E9C36F19F6DB38000D427D /* Build configuration list for PBXNativeTarget "Mantle-iOSTests" */ = {
			isa = XCConfigurationList;
			buildConfigurations = (
				D0E9C37019F6DB38000D427D /* Debug */,
				D0E9C37119F6DB38000D427D /* Test */,
				D0E9C37219F6DB38000D427D /* Release */,
				D0E9C37319F6DB38000D427D /* Profile */,
			);
			defaultConfigurationIsVisible = 0;
			defaultConfigurationName = Release;
		};
/* End XCConfigurationList section */
	};
	rootObject = D042FC3215F72B23004E8054 /* Project object */;
}
