// !$*UTF8*$!
{
	archiveVersion = 1;
	classes = {
	};
	objectVersion = 46;
	objects = {

/* Begin PBXBuildFile section */
		1ED5B5CC163A4E2B0072668E /* MTLComparisonAdditionsSpec.m in Sources */ = {isa = PBXBuildFile; fileRef = 1ED5B5CB163A4E2B0072668E /* MTLComparisonAdditionsSpec.m */; };
		1ED5B5CD163A4E2B0072668E /* MTLComparisonAdditionsSpec.m in Sources */ = {isa = PBXBuildFile; fileRef = 1ED5B5CB163A4E2B0072668E /* MTLComparisonAdditionsSpec.m */; };
		1ED5B5D0163A4E3C0072668E /* NSObject+MTLComparisonAdditions.h in Headers */ = {isa = PBXBuildFile; fileRef = 1ED5B5CE163A4E3C0072668E /* NSObject+MTLComparisonAdditions.h */; settings = {ATTRIBUTES = (Public, ); }; };
		1ED5B5D1163A4E3C0072668E /* NSObject+MTLComparisonAdditions.m in Sources */ = {isa = PBXBuildFile; fileRef = 1ED5B5CF163A4E3C0072668E /* NSObject+MTLComparisonAdditions.m */; };
		1ED5B5D2163A4E3C0072668E /* NSObject+MTLComparisonAdditions.m in Sources */ = {isa = PBXBuildFile; fileRef = 1ED5B5CF163A4E3C0072668E /* NSObject+MTLComparisonAdditions.m */; };
		88080C18160A706900CCABF2 /* NSArray+MTLManipulationAdditions.h in Headers */ = {isa = PBXBuildFile; fileRef = 88080C16160A706900CCABF2 /* NSArray+MTLManipulationAdditions.h */; settings = {ATTRIBUTES = (Public, ); }; };
		88080C19160A706900CCABF2 /* NSArray+MTLManipulationAdditions.m in Sources */ = {isa = PBXBuildFile; fileRef = 88080C17160A706900CCABF2 /* NSArray+MTLManipulationAdditions.m */; };
		88080C1A160A706900CCABF2 /* NSArray+MTLManipulationAdditions.m in Sources */ = {isa = PBXBuildFile; fileRef = 88080C17160A706900CCABF2 /* NSArray+MTLManipulationAdditions.m */; };
		88080C1D160A719D00CCABF2 /* MTLArrayManipulationSpec.m in Sources */ = {isa = PBXBuildFile; fileRef = 88080C1C160A719D00CCABF2 /* MTLArrayManipulationSpec.m */; };
		88080C1E160A719D00CCABF2 /* MTLArrayManipulationSpec.m in Sources */ = {isa = PBXBuildFile; fileRef = 88080C1C160A719D00CCABF2 /* MTLArrayManipulationSpec.m */; };
		D01BD09D16CB432D00EC95C7 /* MTLJSONAdapter.h in Headers */ = {isa = PBXBuildFile; fileRef = D01BD09B16CB432D00EC95C7 /* MTLJSONAdapter.h */; settings = {ATTRIBUTES = (Public, ); }; };
		D01BD09E16CB432D00EC95C7 /* MTLJSONAdapter.h in Headers */ = {isa = PBXBuildFile; fileRef = D01BD09B16CB432D00EC95C7 /* MTLJSONAdapter.h */; settings = {ATTRIBUTES = (Public, ); }; };
		D01BD09F16CB432D00EC95C7 /* MTLJSONAdapter.m in Sources */ = {isa = PBXBuildFile; fileRef = D01BD09C16CB432D00EC95C7 /* MTLJSONAdapter.m */; };
		D01BD0A016CB432D00EC95C7 /* MTLJSONAdapter.m in Sources */ = {isa = PBXBuildFile; fileRef = D01BD09C16CB432D00EC95C7 /* MTLJSONAdapter.m */; };
		D01BD0AF16CB52E800EC95C7 /* MTLModel+NSCoding.h in Headers */ = {isa = PBXBuildFile; fileRef = D01BD0AD16CB52E800EC95C7 /* MTLModel+NSCoding.h */; settings = {ATTRIBUTES = (Public, ); }; };
		D01BD0B016CB52E800EC95C7 /* MTLModel+NSCoding.h in Headers */ = {isa = PBXBuildFile; fileRef = D01BD0AD16CB52E800EC95C7 /* MTLModel+NSCoding.h */; settings = {ATTRIBUTES = (Public, ); }; };
		D01BD0B116CB52E800EC95C7 /* MTLModel+NSCoding.m in Sources */ = {isa = PBXBuildFile; fileRef = D01BD0AE16CB52E800EC95C7 /* MTLModel+NSCoding.m */; };
		D01BD0B216CB52E800EC95C7 /* MTLModel+NSCoding.m in Sources */ = {isa = PBXBuildFile; fileRef = D01BD0AE16CB52E800EC95C7 /* MTLModel+NSCoding.m */; };
		D01BD0BA16CB6F5700EC95C7 /* MTLTestModel-OldArchive.plist in Resources */ = {isa = PBXBuildFile; fileRef = D01BD0B916CB6F5700EC95C7 /* MTLTestModel-OldArchive.plist */; };
		D01BD0BB16CB6F5700EC95C7 /* MTLTestModel-OldArchive.plist in Resources */ = {isa = PBXBuildFile; fileRef = D01BD0B916CB6F5700EC95C7 /* MTLTestModel-OldArchive.plist */; };
		D021D938170F806B00C37E36 /* TestModel.xcdatamodeld in Sources */ = {isa = PBXBuildFile; fileRef = D021D936170F806B00C37E36 /* TestModel.xcdatamodeld */; };
		D021D939170F806B00C37E36 /* TestModel.xcdatamodeld in Sources */ = {isa = PBXBuildFile; fileRef = D021D936170F806B00C37E36 /* TestModel.xcdatamodeld */; };
		D021D944170F878E00C37E36 /* MTLCoreDataTestModels.m in Sources */ = {isa = PBXBuildFile; fileRef = D021D943170F878E00C37E36 /* MTLCoreDataTestModels.m */; };
		D021D945170F878E00C37E36 /* MTLCoreDataTestModels.m in Sources */ = {isa = PBXBuildFile; fileRef = D021D943170F878E00C37E36 /* MTLCoreDataTestModels.m */; };
		D021D946170F8A7D00C37E36 /* CoreData.framework in Frameworks */ = {isa = PBXBuildFile; fileRef = D021D93E170F807600C37E36 /* CoreData.framework */; };
		D021D947170F8A8100C37E36 /* CoreData.framework in Frameworks */ = {isa = PBXBuildFile; fileRef = D021D940170F807E00C37E36 /* CoreData.framework */; };
		D02E48EA16CB8ACA00257645 /* MTLModelNSCodingSpec.m in Sources */ = {isa = PBXBuildFile; fileRef = D02E48E916CB8ACA00257645 /* MTLModelNSCodingSpec.m */; };
		D02E48EB16CB8ACA00257645 /* MTLModelNSCodingSpec.m in Sources */ = {isa = PBXBuildFile; fileRef = D02E48E916CB8ACA00257645 /* MTLModelNSCodingSpec.m */; };
		D02E48F116CB8ADB00257645 /* MTLJSONAdapterSpec.m in Sources */ = {isa = PBXBuildFile; fileRef = D02E48F016CB8ADB00257645 /* MTLJSONAdapterSpec.m */; };
		D02E48F216CB8ADB00257645 /* MTLJSONAdapterSpec.m in Sources */ = {isa = PBXBuildFile; fileRef = D02E48F016CB8ADB00257645 /* MTLJSONAdapterSpec.m */; };
		D042FC4A15F72B23004E8054 /* InfoPlist.strings in Resources */ = {isa = PBXBuildFile; fileRef = D042FC4815F72B23004E8054 /* InfoPlist.strings */; };
		D042FC5615F72B23004E8054 /* SenTestingKit.framework in Frameworks */ = {isa = PBXBuildFile; fileRef = D042FC5515F72B23004E8054 /* SenTestingKit.framework */; };
		D042FC5A15F72B23004E8054 /* Mantle.framework in Frameworks */ = {isa = PBXBuildFile; fileRef = D042FC3C15F72B23004E8054 /* Mantle.framework */; };
		D042FC6015F72B23004E8054 /* InfoPlist.strings in Resources */ = {isa = PBXBuildFile; fileRef = D042FC5E15F72B23004E8054 /* InfoPlist.strings */; };
		D042FC7415F72B90004E8054 /* Foundation.framework in Frameworks */ = {isa = PBXBuildFile; fileRef = D042FC4415F72B23004E8054 /* Foundation.framework */; };
		D042FC7A15F72BC7004E8054 /* Foundation.framework in Frameworks */ = {isa = PBXBuildFile; fileRef = D042FC4415F72B23004E8054 /* Foundation.framework */; };
		D042FC8815F72BC7004E8054 /* SenTestingKit.framework in Frameworks */ = {isa = PBXBuildFile; fileRef = D042FC5515F72B23004E8054 /* SenTestingKit.framework */; };
		D042FC8B15F72BC7004E8054 /* Foundation.framework in Frameworks */ = {isa = PBXBuildFile; fileRef = D042FC4415F72B23004E8054 /* Foundation.framework */; };
		D042FC8E15F72BC7004E8054 /* libMantle.a in Frameworks */ = {isa = PBXBuildFile; fileRef = D042FC7915F72BC7004E8054 /* libMantle.a */; };
		D058FE2116EFB3D2009DFB47 /* MTLReflection.m in Sources */ = {isa = PBXBuildFile; fileRef = D058FE1E16EFB3D2009DFB47 /* MTLReflection.m */; };
		D058FE2216EFB3D2009DFB47 /* MTLReflection.m in Sources */ = {isa = PBXBuildFile; fileRef = D058FE1E16EFB3D2009DFB47 /* MTLReflection.m */; };
		D064BA341613BA75004CA27A /* MTLTestNotificationObserver.m in Sources */ = {isa = PBXBuildFile; fileRef = D064BA331613BA75004CA27A /* MTLTestNotificationObserver.m */; };
		D064BA351613BA75004CA27A /* MTLTestNotificationObserver.m in Sources */ = {isa = PBXBuildFile; fileRef = D064BA331613BA75004CA27A /* MTLTestNotificationObserver.m */; };
		D0760E0515FFBD440060F550 /* Mantle.h in Headers */ = {isa = PBXBuildFile; fileRef = D042FC4C15F72B23004E8054 /* Mantle.h */; settings = {ATTRIBUTES = (Public, ); }; };
		D0760E7815FFBF330060F550 /* MTLModel.h in Headers */ = {isa = PBXBuildFile; fileRef = D0760E7615FFBF330060F550 /* MTLModel.h */; settings = {ATTRIBUTES = (Public, ); }; };
		D0760E7915FFBF330060F550 /* MTLModel.m in Sources */ = {isa = PBXBuildFile; fileRef = D0760E7715FFBF330060F550 /* MTLModel.m */; };
		D0760E7A15FFBF330060F550 /* MTLModel.m in Sources */ = {isa = PBXBuildFile; fileRef = D0760E7715FFBF330060F550 /* MTLModel.m */; };
		D0760EC415FFCA250060F550 /* MTLModelSpec.m in Sources */ = {isa = PBXBuildFile; fileRef = D0760EC315FFCA250060F550 /* MTLModelSpec.m */; };
		D0760EC515FFCA250060F550 /* MTLModelSpec.m in Sources */ = {isa = PBXBuildFile; fileRef = D0760EC315FFCA250060F550 /* MTLModelSpec.m */; };
		D0760EC915FFCA4E0060F550 /* MTLTestModel.m in Sources */ = {isa = PBXBuildFile; fileRef = D0760EC815FFCA4E0060F550 /* MTLTestModel.m */; };
		D0760ECA15FFCA4E0060F550 /* MTLTestModel.m in Sources */ = {isa = PBXBuildFile; fileRef = D0760EC815FFCA4E0060F550 /* MTLTestModel.m */; };
		D08B5AAE16002694001FE685 /* MTLValueTransformer.h in Headers */ = {isa = PBXBuildFile; fileRef = D08B5AAC16002694001FE685 /* MTLValueTransformer.h */; settings = {ATTRIBUTES = (Public, ); }; };
		D08B5AAF16002694001FE685 /* MTLValueTransformer.m in Sources */ = {isa = PBXBuildFile; fileRef = D08B5AAD16002694001FE685 /* MTLValueTransformer.m */; };
		D08B5AB016002694001FE685 /* MTLValueTransformer.m in Sources */ = {isa = PBXBuildFile; fileRef = D08B5AAD16002694001FE685 /* MTLValueTransformer.m */; };
		D08B5AB216002A23001FE685 /* MTLValueTransformerSpec.m in Sources */ = {isa = PBXBuildFile; fileRef = D08B5AB116002A23001FE685 /* MTLValueTransformerSpec.m */; };
		D08B5AB316002A23001FE685 /* MTLValueTransformerSpec.m in Sources */ = {isa = PBXBuildFile; fileRef = D08B5AB116002A23001FE685 /* MTLValueTransformerSpec.m */; };
		D094E47B1777617500906BF7 /* EXTRuntimeExtensions.m in Sources */ = {isa = PBXBuildFile; fileRef = D094E4771777617300906BF7 /* EXTRuntimeExtensions.m */; };
		D094E47C1777617600906BF7 /* EXTRuntimeExtensions.m in Sources */ = {isa = PBXBuildFile; fileRef = D094E4771777617300906BF7 /* EXTRuntimeExtensions.m */; };
		D094E47D1777617800906BF7 /* EXTScope.m in Sources */ = {isa = PBXBuildFile; fileRef = D094E4791777617300906BF7 /* EXTScope.m */; };
		D094E47E1777617900906BF7 /* EXTScope.m in Sources */ = {isa = PBXBuildFile; fileRef = D094E4791777617300906BF7 /* EXTScope.m */; };
		D0ABD7A11746D56E006BEA7D /* MTLManagedObjectAdapterSpec.m in Sources */ = {isa = PBXBuildFile; fileRef = D0ABD7A01746D56E006BEA7D /* MTLManagedObjectAdapterSpec.m */; };
		D0ABD7A21746D56E006BEA7D /* MTLManagedObjectAdapterSpec.m in Sources */ = {isa = PBXBuildFile; fileRef = D0ABD7A01746D56E006BEA7D /* MTLManagedObjectAdapterSpec.m */; };
		D0BFC36717476A5F00F5DC5D /* MTLValueTransformerInversionAdditionsSpec.m in Sources */ = {isa = PBXBuildFile; fileRef = D0BFC36617476A5F00F5DC5D /* MTLValueTransformerInversionAdditionsSpec.m */; };
		D0BFC36817476A5F00F5DC5D /* MTLValueTransformerInversionAdditionsSpec.m in Sources */ = {isa = PBXBuildFile; fileRef = D0BFC36617476A5F00F5DC5D /* MTLValueTransformerInversionAdditionsSpec.m */; };
		D0BFC36F17476B4700F5DC5D /* NSValueTransformer+MTLInversionAdditions.h in Headers */ = {isa = PBXBuildFile; fileRef = D0BFC36D17476B4700F5DC5D /* NSValueTransformer+MTLInversionAdditions.h */; settings = {ATTRIBUTES = (Public, ); }; };
		D0BFC37017476B4700F5DC5D /* NSValueTransformer+MTLInversionAdditions.h in Headers */ = {isa = PBXBuildFile; fileRef = D0BFC36D17476B4700F5DC5D /* NSValueTransformer+MTLInversionAdditions.h */; settings = {ATTRIBUTES = (Public, ); }; };
		D0BFC37117476B4700F5DC5D /* NSValueTransformer+MTLInversionAdditions.m in Sources */ = {isa = PBXBuildFile; fileRef = D0BFC36E17476B4700F5DC5D /* NSValueTransformer+MTLInversionAdditions.m */; };
		D0BFC37217476B4700F5DC5D /* NSValueTransformer+MTLInversionAdditions.m in Sources */ = {isa = PBXBuildFile; fileRef = D0BFC36E17476B4700F5DC5D /* NSValueTransformer+MTLInversionAdditions.m */; };
		D0C27CF6161107E5002FE587 /* MTLDictionaryManipulationSpec.m in Sources */ = {isa = PBXBuildFile; fileRef = D0C27CF5161107E5002FE587 /* MTLDictionaryManipulationSpec.m */; };
		D0C27CF7161107E5002FE587 /* MTLDictionaryManipulationSpec.m in Sources */ = {isa = PBXBuildFile; fileRef = D0C27CF5161107E5002FE587 /* MTLDictionaryManipulationSpec.m */; };
		D0C27D0A16110973002FE587 /* NSDictionary+MTLManipulationAdditions.h in Headers */ = {isa = PBXBuildFile; fileRef = D0C27D0816110973002FE587 /* NSDictionary+MTLManipulationAdditions.h */; settings = {ATTRIBUTES = (Public, ); }; };
		D0C27D0B16110973002FE587 /* NSDictionary+MTLManipulationAdditions.m in Sources */ = {isa = PBXBuildFile; fileRef = D0C27D0916110973002FE587 /* NSDictionary+MTLManipulationAdditions.m */; };
		D0C27D0C16110973002FE587 /* NSDictionary+MTLManipulationAdditions.m in Sources */ = {isa = PBXBuildFile; fileRef = D0C27D0916110973002FE587 /* NSDictionary+MTLManipulationAdditions.m */; };
		D0D46A0D160BC98600AB468D /* libExpecta.a in Frameworks */ = {isa = PBXBuildFile; fileRef = D0D469DD160BC93400AB468D /* libExpecta.a */; };
		D0D46A0E160BC98600AB468D /* libSpecta.a in Frameworks */ = {isa = PBXBuildFile; fileRef = D0D469EE160BC93E00AB468D /* libSpecta.a */; };
		D0D46A13160BC98E00AB468D /* libExpecta-iOS.a in Frameworks */ = {isa = PBXBuildFile; fileRef = D0D469DF160BC93400AB468D /* libExpecta-iOS.a */; };
		D0D46A14160BC98E00AB468D /* libSpecta-iOS.a in Frameworks */ = {isa = PBXBuildFile; fileRef = D0D469F0160BC93E00AB468D /* libSpecta-iOS.a */; };
		D0E51937170A06CF00E8897B /* MTLManagedObjectAdapter.h in Headers */ = {isa = PBXBuildFile; fileRef = D0E51935170A06CF00E8897B /* MTLManagedObjectAdapter.h */; settings = {ATTRIBUTES = (Public, ); }; };
		D0E51938170A06CF00E8897B /* MTLManagedObjectAdapter.h in Headers */ = {isa = PBXBuildFile; fileRef = D0E51935170A06CF00E8897B /* MTLManagedObjectAdapter.h */; settings = {ATTRIBUTES = (Public, ); }; };
		D0E51939170A06CF00E8897B /* MTLManagedObjectAdapter.m in Sources */ = {isa = PBXBuildFile; fileRef = D0E51936170A06CF00E8897B /* MTLManagedObjectAdapter.m */; };
		D0E5193A170A06CF00E8897B /* MTLManagedObjectAdapter.m in Sources */ = {isa = PBXBuildFile; fileRef = D0E51936170A06CF00E8897B /* MTLManagedObjectAdapter.m */; };
		D0F117491614C5600092520B /* NSValueTransformer+MTLPredefinedTransformerAdditions.h in Headers */ = {isa = PBXBuildFile; fileRef = D0F117471614C5600092520B /* NSValueTransformer+MTLPredefinedTransformerAdditions.h */; settings = {ATTRIBUTES = (Public, ); }; };
		D0F1174A1614C5600092520B /* NSValueTransformer+MTLPredefinedTransformerAdditions.m in Sources */ = {isa = PBXBuildFile; fileRef = D0F117481614C5600092520B /* NSValueTransformer+MTLPredefinedTransformerAdditions.m */; };
		D0F1174B1614C5600092520B /* NSValueTransformer+MTLPredefinedTransformerAdditions.m in Sources */ = {isa = PBXBuildFile; fileRef = D0F117481614C5600092520B /* NSValueTransformer+MTLPredefinedTransformerAdditions.m */; };
		D0F1174D1614C8000092520B /* MTLPredefinedTransformerAdditionsSpec.m in Sources */ = {isa = PBXBuildFile; fileRef = D0F1174C1614C8000092520B /* MTLPredefinedTransformerAdditionsSpec.m */; };
		D0F1174E1614C8000092520B /* MTLPredefinedTransformerAdditionsSpec.m in Sources */ = {isa = PBXBuildFile; fileRef = D0F1174C1614C8000092520B /* MTLPredefinedTransformerAdditionsSpec.m */; };
		D8A172F81697E87A002CFCC8 /* Mantle.h in Headers */ = {isa = PBXBuildFile; fileRef = D042FC4C15F72B23004E8054 /* Mantle.h */; settings = {ATTRIBUTES = (Public, ); }; };
		D8A172F91697E87A002CFCC8 /* MTLModel.h in Headers */ = {isa = PBXBuildFile; fileRef = D0760E7615FFBF330060F550 /* MTLModel.h */; settings = {ATTRIBUTES = (Public, ); }; };
		D8A172FA1697E87A002CFCC8 /* MTLValueTransformer.h in Headers */ = {isa = PBXBuildFile; fileRef = D08B5AAC16002694001FE685 /* MTLValueTransformer.h */; settings = {ATTRIBUTES = (Public, ); }; };
		D8A172FC1697E87A002CFCC8 /* NSArray+MTLManipulationAdditions.h in Headers */ = {isa = PBXBuildFile; fileRef = 88080C16160A706900CCABF2 /* NSArray+MTLManipulationAdditions.h */; settings = {ATTRIBUTES = (Public, ); }; };
		D8A172FE1697E87A002CFCC8 /* NSDictionary+MTLManipulationAdditions.h in Headers */ = {isa = PBXBuildFile; fileRef = D0C27D0816110973002FE587 /* NSDictionary+MTLManipulationAdditions.h */; settings = {ATTRIBUTES = (Public, ); }; };
		D8A173021697E87A002CFCC8 /* NSValueTransformer+MTLPredefinedTransformerAdditions.h in Headers */ = {isa = PBXBuildFile; fileRef = D0F117471614C5600092520B /* NSValueTransformer+MTLPredefinedTransformerAdditions.h */; settings = {ATTRIBUTES = (Public, ); }; };
		D8A173031697E87A002CFCC8 /* NSObject+MTLComparisonAdditions.h in Headers */ = {isa = PBXBuildFile; fileRef = 1ED5B5CE163A4E3C0072668E /* NSObject+MTLComparisonAdditions.h */; settings = {ATTRIBUTES = (Public, ); }; };
/* End PBXBuildFile section */

/* Begin PBXContainerItemProxy section */
		D042FC5815F72B23004E8054 /* PBXContainerItemProxy */ = {
			isa = PBXContainerItemProxy;
			containerPortal = D042FC3215F72B23004E8054 /* Project object */;
			proxyType = 1;
			remoteGlobalIDString = D042FC3B15F72B23004E8054;
			remoteInfo = Maverick;
		};
		D042FC8C15F72BC7004E8054 /* PBXContainerItemProxy */ = {
			isa = PBXContainerItemProxy;
			containerPortal = D042FC3215F72B23004E8054 /* Project object */;
			proxyType = 1;
			remoteGlobalIDString = D042FC7815F72BC7004E8054;
			remoteInfo = Maverick;
		};
		D0D469DC160BC93400AB468D /* PBXContainerItemProxy */ = {
			isa = PBXContainerItemProxy;
			containerPortal = D042FCCB15F72EE8004E8054 /* Expecta.xcodeproj */;
			proxyType = 2;
			remoteGlobalIDString = E9ACDF0C13B2DD520010F4D7;
			remoteInfo = Expecta;
		};
		D0D469DE160BC93400AB468D /* PBXContainerItemProxy */ = {
			isa = PBXContainerItemProxy;
			containerPortal = D042FCCB15F72EE8004E8054 /* Expecta.xcodeproj */;
			proxyType = 2;
			remoteGlobalIDString = E93067CE13B2E6D100EA26FF;
			remoteInfo = "Expecta-iOS";
		};
		D0D469E0160BC93400AB468D /* PBXContainerItemProxy */ = {
			isa = PBXContainerItemProxy;
			containerPortal = D042FCCB15F72EE8004E8054 /* Expecta.xcodeproj */;
			proxyType = 2;
			remoteGlobalIDString = E9ACDF1D13B2DD520010F4D7;
			remoteInfo = ExpectaTests;
		};
		D0D469E2160BC93400AB468D /* PBXContainerItemProxy */ = {
			isa = PBXContainerItemProxy;
			containerPortal = D042FCCB15F72EE8004E8054 /* Expecta.xcodeproj */;
			proxyType = 2;
			remoteGlobalIDString = E93067DA13B2E6D100EA26FF;
			remoteInfo = "Expecta-iOSTests";
		};
		D0D469ED160BC93E00AB468D /* PBXContainerItemProxy */ = {
			isa = PBXContainerItemProxy;
			containerPortal = D042FCEE15F72EF1004E8054 /* Specta.xcodeproj */;
			proxyType = 2;
			remoteGlobalIDString = E9D96A2614B6B8AB007D9521;
			remoteInfo = Specta;
		};
		D0D469EF160BC93E00AB468D /* PBXContainerItemProxy */ = {
			isa = PBXContainerItemProxy;
			containerPortal = D042FCEE15F72EF1004E8054 /* Specta.xcodeproj */;
			proxyType = 2;
			remoteGlobalIDString = E9B777A414BA294B00D8DC76;
			remoteInfo = "Specta-iOS";
		};
		D0D469F1160BC93E00AB468D /* PBXContainerItemProxy */ = {
			isa = PBXContainerItemProxy;
			containerPortal = D042FCEE15F72EF1004E8054 /* Specta.xcodeproj */;
			proxyType = 2;
			remoteGlobalIDString = E9D96A3A14B6B8AB007D9521;
			remoteInfo = SpectaTests;
		};
		D0D469F3160BC93E00AB468D /* PBXContainerItemProxy */ = {
			isa = PBXContainerItemProxy;
			containerPortal = D042FCEE15F72EF1004E8054 /* Specta.xcodeproj */;
			proxyType = 2;
			remoteGlobalIDString = E9B777B314BA294C00D8DC76;
			remoteInfo = "Specta-iOSTests";
		};
		D0D46A09160BC98100AB468D /* PBXContainerItemProxy */ = {
			isa = PBXContainerItemProxy;
			containerPortal = D042FCCB15F72EE8004E8054 /* Expecta.xcodeproj */;
			proxyType = 1;
			remoteGlobalIDString = E9ACDF0B13B2DD520010F4D7;
			remoteInfo = Expecta;
		};
		D0D46A0B160BC98100AB468D /* PBXContainerItemProxy */ = {
			isa = PBXContainerItemProxy;
			containerPortal = D042FCEE15F72EF1004E8054 /* Specta.xcodeproj */;
			proxyType = 1;
			remoteGlobalIDString = E9D96A2514B6B8AB007D9521;
			remoteInfo = Specta;
		};
		D0D46A0F160BC98B00AB468D /* PBXContainerItemProxy */ = {
			isa = PBXContainerItemProxy;
			containerPortal = D042FCCB15F72EE8004E8054 /* Expecta.xcodeproj */;
			proxyType = 1;
			remoteGlobalIDString = E93067CD13B2E6D100EA26FF;
			remoteInfo = "Expecta-iOS";
		};
		D0D46A11160BC98B00AB468D /* PBXContainerItemProxy */ = {
			isa = PBXContainerItemProxy;
			containerPortal = D042FCEE15F72EF1004E8054 /* Specta.xcodeproj */;
			proxyType = 1;
			remoteGlobalIDString = E9B777A314BA294B00D8DC76;
			remoteInfo = "Specta-iOS";
		};
/* End PBXContainerItemProxy section */

/* Begin PBXFileReference section */
		1ED5B5CB163A4E2B0072668E /* MTLComparisonAdditionsSpec.m */ = {isa = PBXFileReference; fileEncoding = 4; lastKnownFileType = sourcecode.c.objc; path = MTLComparisonAdditionsSpec.m; sourceTree = "<group>"; };
		1ED5B5CE163A4E3C0072668E /* NSObject+MTLComparisonAdditions.h */ = {isa = PBXFileReference; fileEncoding = 4; lastKnownFileType = sourcecode.c.h; path = "NSObject+MTLComparisonAdditions.h"; sourceTree = "<group>"; };
		1ED5B5CF163A4E3C0072668E /* NSObject+MTLComparisonAdditions.m */ = {isa = PBXFileReference; fileEncoding = 4; lastKnownFileType = sourcecode.c.objc; path = "NSObject+MTLComparisonAdditions.m"; sourceTree = "<group>"; };
		88080C16160A706900CCABF2 /* NSArray+MTLManipulationAdditions.h */ = {isa = PBXFileReference; fileEncoding = 4; lastKnownFileType = sourcecode.c.h; path = "NSArray+MTLManipulationAdditions.h"; sourceTree = "<group>"; };
		88080C17160A706900CCABF2 /* NSArray+MTLManipulationAdditions.m */ = {isa = PBXFileReference; fileEncoding = 4; lastKnownFileType = sourcecode.c.objc; path = "NSArray+MTLManipulationAdditions.m"; sourceTree = "<group>"; };
		88080C1C160A719D00CCABF2 /* MTLArrayManipulationSpec.m */ = {isa = PBXFileReference; fileEncoding = 4; lastKnownFileType = sourcecode.c.objc; path = MTLArrayManipulationSpec.m; sourceTree = "<group>"; };
		D01BD09B16CB432D00EC95C7 /* MTLJSONAdapter.h */ = {isa = PBXFileReference; fileEncoding = 4; lastKnownFileType = sourcecode.c.h; path = MTLJSONAdapter.h; sourceTree = "<group>"; };
		D01BD09C16CB432D00EC95C7 /* MTLJSONAdapter.m */ = {isa = PBXFileReference; fileEncoding = 4; lastKnownFileType = sourcecode.c.objc; path = MTLJSONAdapter.m; sourceTree = "<group>"; };
		D01BD0AD16CB52E800EC95C7 /* MTLModel+NSCoding.h */ = {isa = PBXFileReference; fileEncoding = 4; lastKnownFileType = sourcecode.c.h; path = "MTLModel+NSCoding.h"; sourceTree = "<group>"; };
		D01BD0AE16CB52E800EC95C7 /* MTLModel+NSCoding.m */ = {isa = PBXFileReference; fileEncoding = 4; lastKnownFileType = sourcecode.c.objc; path = "MTLModel+NSCoding.m"; sourceTree = "<group>"; };
		D01BD0B916CB6F5700EC95C7 /* MTLTestModel-OldArchive.plist */ = {isa = PBXFileReference; lastKnownFileType = file.bplist; path = "MTLTestModel-OldArchive.plist"; sourceTree = "<group>"; };
		D021D937170F806B00C37E36 /* TestModel.xcdatamodel */ = {isa = PBXFileReference; lastKnownFileType = wrapper.xcdatamodel; path = TestModel.xcdatamodel; sourceTree = "<group>"; };
		D021D93E170F807600C37E36 /* CoreData.framework */ = {isa = PBXFileReference; lastKnownFileType = wrapper.framework; name = CoreData.framework; path = Platforms/MacOSX.platform/Developer/SDKs/MacOSX10.8.sdk/System/Library/Frameworks/CoreData.framework; sourceTree = DEVELOPER_DIR; };
		D021D940170F807E00C37E36 /* CoreData.framework */ = {isa = PBXFileReference; lastKnownFileType = wrapper.framework; name = CoreData.framework; path = Platforms/iPhoneOS.platform/Developer/SDKs/iPhoneOS6.1.sdk/System/Library/Frameworks/CoreData.framework; sourceTree = DEVELOPER_DIR; };
		D021D942170F878E00C37E36 /* MTLCoreDataTestModels.h */ = {isa = PBXFileReference; fileEncoding = 4; lastKnownFileType = sourcecode.c.h; path = MTLCoreDataTestModels.h; sourceTree = "<group>"; };
		D021D943170F878E00C37E36 /* MTLCoreDataTestModels.m */ = {isa = PBXFileReference; fileEncoding = 4; lastKnownFileType = sourcecode.c.objc; path = MTLCoreDataTestModels.m; sourceTree = "<group>"; };
		D02E48E916CB8ACA00257645 /* MTLModelNSCodingSpec.m */ = {isa = PBXFileReference; fileEncoding = 4; lastKnownFileType = sourcecode.c.objc; path = MTLModelNSCodingSpec.m; sourceTree = "<group>"; };
		D02E48F016CB8ADB00257645 /* MTLJSONAdapterSpec.m */ = {isa = PBXFileReference; fileEncoding = 4; lastKnownFileType = sourcecode.c.objc; path = MTLJSONAdapterSpec.m; sourceTree = "<group>"; };
		D042FC3C15F72B23004E8054 /* Mantle.framework */ = {isa = PBXFileReference; explicitFileType = wrapper.framework; includeInIndex = 0; path = Mantle.framework; sourceTree = BUILT_PRODUCTS_DIR; };
		D042FC4415F72B23004E8054 /* Foundation.framework */ = {isa = PBXFileReference; lastKnownFileType = wrapper.framework; name = Foundation.framework; path = System/Library/Frameworks/Foundation.framework; sourceTree = SDKROOT; };
		D042FC4715F72B23004E8054 /* Mantle-Info.plist */ = {isa = PBXFileReference; lastKnownFileType = text.plist.xml; path = "Mantle-Info.plist"; sourceTree = "<group>"; };
		D042FC4915F72B23004E8054 /* en */ = {isa = PBXFileReference; lastKnownFileType = text.plist.strings; name = en; path = en.lproj/InfoPlist.strings; sourceTree = "<group>"; };
		D042FC4B15F72B23004E8054 /* Mantle-Prefix.pch */ = {isa = PBXFileReference; lastKnownFileType = sourcecode.c.h; path = "Mantle-Prefix.pch"; sourceTree = "<group>"; };
		D042FC4C15F72B23004E8054 /* Mantle.h */ = {isa = PBXFileReference; lastKnownFileType = sourcecode.c.h; path = Mantle.h; sourceTree = "<group>"; };
		D042FC5415F72B23004E8054 /* Mantle Mac Tests.octest */ = {isa = PBXFileReference; explicitFileType = wrapper.cfbundle; includeInIndex = 0; path = "Mantle Mac Tests.octest"; sourceTree = BUILT_PRODUCTS_DIR; };
		D042FC5515F72B23004E8054 /* SenTestingKit.framework */ = {isa = PBXFileReference; lastKnownFileType = wrapper.framework; name = SenTestingKit.framework; path = Library/Frameworks/SenTestingKit.framework; sourceTree = DEVELOPER_DIR; };
		D042FC5D15F72B23004E8054 /* MantleTests-Info.plist */ = {isa = PBXFileReference; lastKnownFileType = text.plist.xml; path = "MantleTests-Info.plist"; sourceTree = "<group>"; };
		D042FC5F15F72B23004E8054 /* en */ = {isa = PBXFileReference; lastKnownFileType = text.plist.strings; name = en; path = en.lproj/InfoPlist.strings; sourceTree = "<group>"; };
		D042FC7915F72BC7004E8054 /* libMantle.a */ = {isa = PBXFileReference; explicitFileType = archive.ar; includeInIndex = 0; path = libMantle.a; sourceTree = BUILT_PRODUCTS_DIR; };
		D042FC8715F72BC7004E8054 /* Mantle iOS Tests.octest */ = {isa = PBXFileReference; explicitFileType = wrapper.cfbundle; includeInIndex = 0; path = "Mantle iOS Tests.octest"; sourceTree = BUILT_PRODUCTS_DIR; };
		D042FCCB15F72EE8004E8054 /* Expecta.xcodeproj */ = {isa = PBXFileReference; lastKnownFileType = "wrapper.pb-project"; name = Expecta.xcodeproj; path = MantleTests/expecta/Expecta.xcodeproj; sourceTree = "<group>"; };
		D042FCEE15F72EF1004E8054 /* Specta.xcodeproj */ = {isa = PBXFileReference; lastKnownFileType = "wrapper.pb-project"; name = Specta.xcodeproj; path = MantleTests/specta/Specta.xcodeproj; sourceTree = "<group>"; };
		D058FE1D16EFB3D2009DFB47 /* MTLReflection.h */ = {isa = PBXFileReference; fileEncoding = 4; lastKnownFileType = sourcecode.c.h; path = MTLReflection.h; sourceTree = "<group>"; };
		D058FE1E16EFB3D2009DFB47 /* MTLReflection.m */ = {isa = PBXFileReference; fileEncoding = 4; lastKnownFileType = sourcecode.c.objc; path = MTLReflection.m; sourceTree = "<group>"; };
		D064BA321613BA75004CA27A /* MTLTestNotificationObserver.h */ = {isa = PBXFileReference; fileEncoding = 4; lastKnownFileType = sourcecode.c.h; path = MTLTestNotificationObserver.h; sourceTree = "<group>"; };
		D064BA331613BA75004CA27A /* MTLTestNotificationObserver.m */ = {isa = PBXFileReference; fileEncoding = 4; lastKnownFileType = sourcecode.c.objc; path = MTLTestNotificationObserver.m; sourceTree = "<group>"; };
		D0760E7615FFBF330060F550 /* MTLModel.h */ = {isa = PBXFileReference; fileEncoding = 4; lastKnownFileType = sourcecode.c.h; path = MTLModel.h; sourceTree = "<group>"; };
		D0760E7715FFBF330060F550 /* MTLModel.m */ = {isa = PBXFileReference; fileEncoding = 4; lastKnownFileType = sourcecode.c.objc; path = MTLModel.m; sourceTree = "<group>"; usesTabs = 1; };
		D0760EC315FFCA250060F550 /* MTLModelSpec.m */ = {isa = PBXFileReference; fileEncoding = 4; lastKnownFileType = sourcecode.c.objc; path = MTLModelSpec.m; sourceTree = "<group>"; };
		D0760EC715FFCA4E0060F550 /* MTLTestModel.h */ = {isa = PBXFileReference; fileEncoding = 4; lastKnownFileType = sourcecode.c.h; path = MTLTestModel.h; sourceTree = "<group>"; };
		D0760EC815FFCA4E0060F550 /* MTLTestModel.m */ = {isa = PBXFileReference; fileEncoding = 4; lastKnownFileType = sourcecode.c.objc; path = MTLTestModel.m; sourceTree = "<group>"; usesTabs = 1; };
		D08B5AAC16002694001FE685 /* MTLValueTransformer.h */ = {isa = PBXFileReference; fileEncoding = 4; lastKnownFileType = sourcecode.c.h; path = MTLValueTransformer.h; sourceTree = "<group>"; };
		D08B5AAD16002694001FE685 /* MTLValueTransformer.m */ = {isa = PBXFileReference; fileEncoding = 4; lastKnownFileType = sourcecode.c.objc; path = MTLValueTransformer.m; sourceTree = "<group>"; };
		D08B5AB116002A23001FE685 /* MTLValueTransformerSpec.m */ = {isa = PBXFileReference; fileEncoding = 4; lastKnownFileType = sourcecode.c.objc; path = MTLValueTransformerSpec.m; sourceTree = "<group>"; };
		D094E4751777617300906BF7 /* EXTKeyPathCoding.h */ = {isa = PBXFileReference; lastKnownFileType = sourcecode.c.h; path = EXTKeyPathCoding.h; sourceTree = "<group>"; };
		D094E4761777617300906BF7 /* EXTRuntimeExtensions.h */ = {isa = PBXFileReference; lastKnownFileType = sourcecode.c.h; path = EXTRuntimeExtensions.h; sourceTree = "<group>"; };
		D094E4771777617300906BF7 /* EXTRuntimeExtensions.m */ = {isa = PBXFileReference; lastKnownFileType = sourcecode.c.objc; path = EXTRuntimeExtensions.m; sourceTree = "<group>"; };
		D094E4781777617300906BF7 /* EXTScope.h */ = {isa = PBXFileReference; lastKnownFileType = sourcecode.c.h; path = EXTScope.h; sourceTree = "<group>"; };
		D094E4791777617300906BF7 /* EXTScope.m */ = {isa = PBXFileReference; lastKnownFileType = sourcecode.c.objc; path = EXTScope.m; sourceTree = "<group>"; };
		D094E47A1777617300906BF7 /* metamacros.h */ = {isa = PBXFileReference; lastKnownFileType = sourcecode.c.h; path = metamacros.h; sourceTree = "<group>"; };
		D094E4811777619600906BF7 /* Common.xcconfig */ = {isa = PBXFileReference; lastKnownFileType = text.xcconfig; path = Common.xcconfig; sourceTree = "<group>"; };
		D094E4831777619600906BF7 /* Debug.xcconfig */ = {isa = PBXFileReference; lastKnownFileType = text.xcconfig; path = Debug.xcconfig; sourceTree = "<group>"; };
		D094E4841777619600906BF7 /* Profile.xcconfig */ = {isa = PBXFileReference; lastKnownFileType = text.xcconfig; path = Profile.xcconfig; sourceTree = "<group>"; };
		D094E4851777619600906BF7 /* Release.xcconfig */ = {isa = PBXFileReference; lastKnownFileType = text.xcconfig; path = Release.xcconfig; sourceTree = "<group>"; };
		D094E4861777619600906BF7 /* Test.xcconfig */ = {isa = PBXFileReference; lastKnownFileType = text.xcconfig; path = Test.xcconfig; sourceTree = "<group>"; };
		D094E4881777619600906BF7 /* Application.xcconfig */ = {isa = PBXFileReference; lastKnownFileType = text.xcconfig; path = Application.xcconfig; sourceTree = "<group>"; };
		D094E4891777619600906BF7 /* StaticLibrary.xcconfig */ = {isa = PBXFileReference; lastKnownFileType = text.xcconfig; path = StaticLibrary.xcconfig; sourceTree = "<group>"; };
		D094E48B1777619600906BF7 /* iOS-Application.xcconfig */ = {isa = PBXFileReference; lastKnownFileType = text.xcconfig; path = "iOS-Application.xcconfig"; sourceTree = "<group>"; };
		D094E48C1777619600906BF7 /* iOS-Base.xcconfig */ = {isa = PBXFileReference; lastKnownFileType = text.xcconfig; path = "iOS-Base.xcconfig"; sourceTree = "<group>"; };
		D094E48D1777619600906BF7 /* iOS-StaticLibrary.xcconfig */ = {isa = PBXFileReference; lastKnownFileType = text.xcconfig; path = "iOS-StaticLibrary.xcconfig"; sourceTree = "<group>"; };
		D094E48F1777619600906BF7 /* Mac-Application.xcconfig */ = {isa = PBXFileReference; lastKnownFileType = text.xcconfig; path = "Mac-Application.xcconfig"; sourceTree = "<group>"; };
		D094E4901777619600906BF7 /* Mac-Base.xcconfig */ = {isa = PBXFileReference; lastKnownFileType = text.xcconfig; path = "Mac-Base.xcconfig"; sourceTree = "<group>"; };
		D094E4911777619600906BF7 /* Mac-DynamicLibrary.xcconfig */ = {isa = PBXFileReference; lastKnownFileType = text.xcconfig; path = "Mac-DynamicLibrary.xcconfig"; sourceTree = "<group>"; };
		D094E4921777619600906BF7 /* Mac-Framework.xcconfig */ = {isa = PBXFileReference; lastKnownFileType = text.xcconfig; path = "Mac-Framework.xcconfig"; sourceTree = "<group>"; };
		D094E4931777619600906BF7 /* Mac-StaticLibrary.xcconfig */ = {isa = PBXFileReference; lastKnownFileType = text.xcconfig; path = "Mac-StaticLibrary.xcconfig"; sourceTree = "<group>"; };
		D094E4941777619600906BF7 /* README.md */ = {isa = PBXFileReference; lastKnownFileType = text; path = README.md; sourceTree = "<group>"; };
		D0ABD7A01746D56E006BEA7D /* MTLManagedObjectAdapterSpec.m */ = {isa = PBXFileReference; fileEncoding = 4; lastKnownFileType = sourcecode.c.objc; path = MTLManagedObjectAdapterSpec.m; sourceTree = "<group>"; };
		D0BFC36617476A5F00F5DC5D /* MTLValueTransformerInversionAdditionsSpec.m */ = {isa = PBXFileReference; fileEncoding = 4; lastKnownFileType = sourcecode.c.objc; path = MTLValueTransformerInversionAdditionsSpec.m; sourceTree = "<group>"; };
		D0BFC36D17476B4700F5DC5D /* NSValueTransformer+MTLInversionAdditions.h */ = {isa = PBXFileReference; fileEncoding = 4; lastKnownFileType = sourcecode.c.h; path = "NSValueTransformer+MTLInversionAdditions.h"; sourceTree = "<group>"; };
		D0BFC36E17476B4700F5DC5D /* NSValueTransformer+MTLInversionAdditions.m */ = {isa = PBXFileReference; fileEncoding = 4; lastKnownFileType = sourcecode.c.objc; path = "NSValueTransformer+MTLInversionAdditions.m"; sourceTree = "<group>"; };
		D0C27CF5161107E5002FE587 /* MTLDictionaryManipulationSpec.m */ = {isa = PBXFileReference; fileEncoding = 4; lastKnownFileType = sourcecode.c.objc; path = MTLDictionaryManipulationSpec.m; sourceTree = "<group>"; };
		D0C27D0816110973002FE587 /* NSDictionary+MTLManipulationAdditions.h */ = {isa = PBXFileReference; fileEncoding = 4; lastKnownFileType = sourcecode.c.h; path = "NSDictionary+MTLManipulationAdditions.h"; sourceTree = "<group>"; };
		D0C27D0916110973002FE587 /* NSDictionary+MTLManipulationAdditions.m */ = {isa = PBXFileReference; fileEncoding = 4; lastKnownFileType = sourcecode.c.objc; path = "NSDictionary+MTLManipulationAdditions.m"; sourceTree = "<group>"; };
		D0C92DE115F72F6A00387438 /* MantleTests-Prefix.pch */ = {isa = PBXFileReference; lastKnownFileType = sourcecode.c.h; path = "MantleTests-Prefix.pch"; sourceTree = "<group>"; };
		D0E51935170A06CF00E8897B /* MTLManagedObjectAdapter.h */ = {isa = PBXFileReference; fileEncoding = 4; lastKnownFileType = sourcecode.c.h; path = MTLManagedObjectAdapter.h; sourceTree = "<group>"; };
		D0E51936170A06CF00E8897B /* MTLManagedObjectAdapter.m */ = {isa = PBXFileReference; fileEncoding = 4; lastKnownFileType = sourcecode.c.objc; path = MTLManagedObjectAdapter.m; sourceTree = "<group>"; };
		D0F117471614C5600092520B /* NSValueTransformer+MTLPredefinedTransformerAdditions.h */ = {isa = PBXFileReference; fileEncoding = 4; lastKnownFileType = sourcecode.c.h; path = "NSValueTransformer+MTLPredefinedTransformerAdditions.h"; sourceTree = "<group>"; };
		D0F117481614C5600092520B /* NSValueTransformer+MTLPredefinedTransformerAdditions.m */ = {isa = PBXFileReference; fileEncoding = 4; lastKnownFileType = sourcecode.c.objc; path = "NSValueTransformer+MTLPredefinedTransformerAdditions.m"; sourceTree = "<group>"; };
		D0F1174C1614C8000092520B /* MTLPredefinedTransformerAdditionsSpec.m */ = {isa = PBXFileReference; fileEncoding = 4; lastKnownFileType = sourcecode.c.objc; path = MTLPredefinedTransformerAdditionsSpec.m; sourceTree = "<group>"; };
/* End PBXFileReference section */

/* Begin PBXFrameworksBuildPhase section */
		D042FC3815F72B23004E8054 /* Frameworks */ = {
			isa = PBXFrameworksBuildPhase;
			buildActionMask = 2147483647;
			files = (
				D042FC7415F72B90004E8054 /* Foundation.framework in Frameworks */,
			);
			runOnlyForDeploymentPostprocessing = 0;
		};
		D042FC5015F72B23004E8054 /* Frameworks */ = {
			isa = PBXFrameworksBuildPhase;
			buildActionMask = 2147483647;
			files = (
				D021D946170F8A7D00C37E36 /* CoreData.framework in Frameworks */,
				D0D46A0D160BC98600AB468D /* libExpecta.a in Frameworks */,
				D0D46A0E160BC98600AB468D /* libSpecta.a in Frameworks */,
				D042FC5615F72B23004E8054 /* SenTestingKit.framework in Frameworks */,
				D042FC5A15F72B23004E8054 /* Mantle.framework in Frameworks */,
			);
			runOnlyForDeploymentPostprocessing = 0;
		};
		D042FC7615F72BC7004E8054 /* Frameworks */ = {
			isa = PBXFrameworksBuildPhase;
			buildActionMask = 2147483647;
			files = (
				D042FC7A15F72BC7004E8054 /* Foundation.framework in Frameworks */,
			);
			runOnlyForDeploymentPostprocessing = 0;
		};
		D042FC8315F72BC7004E8054 /* Frameworks */ = {
			isa = PBXFrameworksBuildPhase;
			buildActionMask = 2147483647;
			files = (
				D021D947170F8A8100C37E36 /* CoreData.framework in Frameworks */,
				D0D46A13160BC98E00AB468D /* libExpecta-iOS.a in Frameworks */,
				D0D46A14160BC98E00AB468D /* libSpecta-iOS.a in Frameworks */,
				D042FC8815F72BC7004E8054 /* SenTestingKit.framework in Frameworks */,
				D042FC8B15F72BC7004E8054 /* Foundation.framework in Frameworks */,
				D042FC8E15F72BC7004E8054 /* libMantle.a in Frameworks */,
			);
			runOnlyForDeploymentPostprocessing = 0;
		};
/* End PBXFrameworksBuildPhase section */

/* Begin PBXGroup section */
		D01BD0AB16CB46B600EC95C7 /* Adapters */ = {
			isa = PBXGroup;
			children = (
				D01BD09B16CB432D00EC95C7 /* MTLJSONAdapter.h */,
				D01BD09C16CB432D00EC95C7 /* MTLJSONAdapter.m */,
				D0E51935170A06CF00E8897B /* MTLManagedObjectAdapter.h */,
				D0E51936170A06CF00E8897B /* MTLManagedObjectAdapter.m */,
			);
			name = Adapters;
			sourceTree = "<group>";
		};
		D01BD0AC16CB46BD00EC95C7 /* Value Transformers */ = {
			isa = PBXGroup;
			children = (
				D08B5AAC16002694001FE685 /* MTLValueTransformer.h */,
				D08B5AAD16002694001FE685 /* MTLValueTransformer.m */,
			);
			name = "Value Transformers";
			sourceTree = "<group>";
		};
		D042FC3015F72B23004E8054 = {
			isa = PBXGroup;
			children = (
				D042FC4515F72B23004E8054 /* Mantle */,
				D042FC5B15F72B23004E8054 /* MantleTests */,
				D042FC3E15F72B23004E8054 /* Frameworks */,
				D094E47F1777619600906BF7 /* Configuration */,
				D042FC3D15F72B23004E8054 /* Products */,
			);
			sourceTree = "<group>";
		};
		D042FC3D15F72B23004E8054 /* Products */ = {
			isa = PBXGroup;
			children = (
				D042FC3C15F72B23004E8054 /* Mantle.framework */,
				D042FC5415F72B23004E8054 /* Mantle Mac Tests.octest */,
				D042FC7915F72BC7004E8054 /* libMantle.a */,
				D042FC8715F72BC7004E8054 /* Mantle iOS Tests.octest */,
			);
			name = Products;
			sourceTree = "<group>";
		};
		D042FC3E15F72B23004E8054 /* Frameworks */ = {
			isa = PBXGroup;
			children = (
				D090E63A15F73249005282F9 /* libextobjc */,
				D042FCCB15F72EE8004E8054 /* Expecta.xcodeproj */,
				D042FCEE15F72EF1004E8054 /* Specta.xcodeproj */,
				D042FC4415F72B23004E8054 /* Foundation.framework */,
				D042FC5515F72B23004E8054 /* SenTestingKit.framework */,
				D021D93E170F807600C37E36 /* CoreData.framework */,
				D021D940170F807E00C37E36 /* CoreData.framework */,
			);
			name = Frameworks;
			sourceTree = "<group>";
		};
		D042FC4515F72B23004E8054 /* Mantle */ = {
			isa = PBXGroup;
			children = (
				D042FC4C15F72B23004E8054 /* Mantle.h */,
				D0760E7015FFBF020060F550 /* Modules */,
				D090E62515F730B2005282F9 /* Extensions */,
				D042FC4615F72B23004E8054 /* Supporting Files */,
			);
			path = Mantle;
			sourceTree = "<group>";
		};
		D042FC4615F72B23004E8054 /* Supporting Files */ = {
			isa = PBXGroup;
			children = (
				D042FC4715F72B23004E8054 /* Mantle-Info.plist */,
				D042FC4815F72B23004E8054 /* InfoPlist.strings */,
				D042FC4B15F72B23004E8054 /* Mantle-Prefix.pch */,
			);
			name = "Supporting Files";
			sourceTree = "<group>";
		};
		D042FC5B15F72B23004E8054 /* MantleTests */ = {
			isa = PBXGroup;
			children = (
				D0760EC615FFCA3E0060F550 /* Specs */,
				D042FC5C15F72B23004E8054 /* Supporting Files */,
			);
			path = MantleTests;
			sourceTree = "<group>";
		};
		D042FC5C15F72B23004E8054 /* Supporting Files */ = {
			isa = PBXGroup;
			children = (
				D021D942170F878E00C37E36 /* MTLCoreDataTestModels.h */,
				D021D943170F878E00C37E36 /* MTLCoreDataTestModels.m */,
				D0760EC715FFCA4E0060F550 /* MTLTestModel.h */,
				D0760EC815FFCA4E0060F550 /* MTLTestModel.m */,
				D064BA321613BA75004CA27A /* MTLTestNotificationObserver.h */,
				D064BA331613BA75004CA27A /* MTLTestNotificationObserver.m */,
				D0C92DE115F72F6A00387438 /* MantleTests-Prefix.pch */,
				D042FC5D15F72B23004E8054 /* MantleTests-Info.plist */,
				D042FC5E15F72B23004E8054 /* InfoPlist.strings */,
				D01BD0B916CB6F5700EC95C7 /* MTLTestModel-OldArchive.plist */,
				D021D936170F806B00C37E36 /* TestModel.xcdatamodeld */,
			);
			name = "Supporting Files";
			sourceTree = "<group>";
		};
		D0760E7015FFBF020060F550 /* Modules */ = {
			isa = PBXGroup;
			children = (
				D0760E7615FFBF330060F550 /* MTLModel.h */,
				D0760E7715FFBF330060F550 /* MTLModel.m */,
				D01BD0AD16CB52E800EC95C7 /* MTLModel+NSCoding.h */,
				D01BD0AE16CB52E800EC95C7 /* MTLModel+NSCoding.m */,
				D058FE1D16EFB3D2009DFB47 /* MTLReflection.h */,
				D058FE1E16EFB3D2009DFB47 /* MTLReflection.m */,
				D01BD0AB16CB46B600EC95C7 /* Adapters */,
				D01BD0AC16CB46BD00EC95C7 /* Value Transformers */,
			);
			name = Modules;
			sourceTree = "<group>";
		};
		D0760EC615FFCA3E0060F550 /* Specs */ = {
			isa = PBXGroup;
			children = (
				88080C1C160A719D00CCABF2 /* MTLArrayManipulationSpec.m */,
				1ED5B5CB163A4E2B0072668E /* MTLComparisonAdditionsSpec.m */,
				D0C27CF5161107E5002FE587 /* MTLDictionaryManipulationSpec.m */,
				D02E48F016CB8ADB00257645 /* MTLJSONAdapterSpec.m */,
				D0ABD7A01746D56E006BEA7D /* MTLManagedObjectAdapterSpec.m */,
				D02E48E916CB8ACA00257645 /* MTLModelNSCodingSpec.m */,
				D0760EC315FFCA250060F550 /* MTLModelSpec.m */,
				D0F1174C1614C8000092520B /* MTLPredefinedTransformerAdditionsSpec.m */,
				D08B5AB116002A23001FE685 /* MTLValueTransformerSpec.m */,
				D0BFC36617476A5F00F5DC5D /* MTLValueTransformerInversionAdditionsSpec.m */,
			);
			name = Specs;
			sourceTree = "<group>";
		};
		D090E62515F730B2005282F9 /* Extensions */ = {
			isa = PBXGroup;
			children = (
				88080C16160A706900CCABF2 /* NSArray+MTLManipulationAdditions.h */,
				88080C17160A706900CCABF2 /* NSArray+MTLManipulationAdditions.m */,
				D0C27D0816110973002FE587 /* NSDictionary+MTLManipulationAdditions.h */,
				D0C27D0916110973002FE587 /* NSDictionary+MTLManipulationAdditions.m */,
				1ED5B5CE163A4E3C0072668E /* NSObject+MTLComparisonAdditions.h */,
				1ED5B5CF163A4E3C0072668E /* NSObject+MTLComparisonAdditions.m */,
				D0BFC36D17476B4700F5DC5D /* NSValueTransformer+MTLInversionAdditions.h */,
				D0BFC36E17476B4700F5DC5D /* NSValueTransformer+MTLInversionAdditions.m */,
				D0F117471614C5600092520B /* NSValueTransformer+MTLPredefinedTransformerAdditions.h */,
				D0F117481614C5600092520B /* NSValueTransformer+MTLPredefinedTransformerAdditions.m */,
			);
			name = Extensions;
			sourceTree = "<group>";
		};
		D090E63A15F73249005282F9 /* libextobjc */ = {
			isa = PBXGroup;
			children = (
				D094E4751777617300906BF7 /* EXTKeyPathCoding.h */,
				D094E4761777617300906BF7 /* EXTRuntimeExtensions.h */,
				D094E4771777617300906BF7 /* EXTRuntimeExtensions.m */,
				D094E4781777617300906BF7 /* EXTScope.h */,
				D094E4791777617300906BF7 /* EXTScope.m */,
				D094E47A1777617300906BF7 /* metamacros.h */,
			);
			name = libextobjc;
			path = Mantle/extobjc;
			sourceTree = SOURCE_ROOT;
		};
		D094E47F1777619600906BF7 /* Configuration */ = {
			isa = PBXGroup;
			children = (
				D094E4801777619600906BF7 /* Base */,
				D094E48A1777619600906BF7 /* iOS */,
				D094E48E1777619600906BF7 /* Mac OS X */,
				D094E4941777619600906BF7 /* README.md */,
			);
			path = Configuration;
			sourceTree = "<group>";
		};
		D094E4801777619600906BF7 /* Base */ = {
			isa = PBXGroup;
			children = (
				D094E4811777619600906BF7 /* Common.xcconfig */,
				D094E4821777619600906BF7 /* Configurations */,
				D094E4871777619600906BF7 /* Targets */,
			);
			path = Base;
			sourceTree = "<group>";
		};
		D094E4821777619600906BF7 /* Configurations */ = {
			isa = PBXGroup;
			children = (
				D094E4831777619600906BF7 /* Debug.xcconfig */,
				D094E4841777619600906BF7 /* Profile.xcconfig */,
				D094E4851777619600906BF7 /* Release.xcconfig */,
				D094E4861777619600906BF7 /* Test.xcconfig */,
			);
			path = Configurations;
			sourceTree = "<group>";
		};
		D094E4871777619600906BF7 /* Targets */ = {
			isa = PBXGroup;
			children = (
				D094E4881777619600906BF7 /* Application.xcconfig */,
				D094E4891777619600906BF7 /* StaticLibrary.xcconfig */,
			);
			path = Targets;
			sourceTree = "<group>";
		};
		D094E48A1777619600906BF7 /* iOS */ = {
			isa = PBXGroup;
			children = (
				D094E48B1777619600906BF7 /* iOS-Application.xcconfig */,
				D094E48C1777619600906BF7 /* iOS-Base.xcconfig */,
				D094E48D1777619600906BF7 /* iOS-StaticLibrary.xcconfig */,
			);
			path = iOS;
			sourceTree = "<group>";
		};
		D094E48E1777619600906BF7 /* Mac OS X */ = {
			isa = PBXGroup;
			children = (
				D094E48F1777619600906BF7 /* Mac-Application.xcconfig */,
				D094E4901777619600906BF7 /* Mac-Base.xcconfig */,
				D094E4911777619600906BF7 /* Mac-DynamicLibrary.xcconfig */,
				D094E4921777619600906BF7 /* Mac-Framework.xcconfig */,
				D094E4931777619600906BF7 /* Mac-StaticLibrary.xcconfig */,
			);
			path = "Mac OS X";
			sourceTree = "<group>";
		};
		D0D469D6160BC93400AB468D /* Products */ = {
			isa = PBXGroup;
			children = (
				D0D469DD160BC93400AB468D /* libExpecta.a */,
				D0D469DF160BC93400AB468D /* libExpecta-iOS.a */,
				D0D469E1160BC93400AB468D /* ExpectaTests.octest */,
				D0D469E3160BC93400AB468D /* Expecta-iOSTests.octest */,
			);
			name = Products;
			sourceTree = "<group>";
		};
		D0D469E7160BC93E00AB468D /* Products */ = {
			isa = PBXGroup;
			children = (
				D0D469EE160BC93E00AB468D /* libSpecta.a */,
				D0D469F0160BC93E00AB468D /* libSpecta-iOS.a */,
				D0D469F2160BC93E00AB468D /* SpectaTests.octest */,
				D0D469F4160BC93E00AB468D /* Specta-iOSTests.octest */,
			);
			name = Products;
			sourceTree = "<group>";
		};
/* End PBXGroup section */

/* Begin PBXHeadersBuildPhase section */
		D042FC3915F72B23004E8054 /* Headers */ = {
			isa = PBXHeadersBuildPhase;
			buildActionMask = 2147483647;
			files = (
				D0760E0515FFBD440060F550 /* Mantle.h in Headers */,
				D0760E7815FFBF330060F550 /* MTLModel.h in Headers */,
				D08B5AAE16002694001FE685 /* MTLValueTransformer.h in Headers */,
				88080C18160A706900CCABF2 /* NSArray+MTLManipulationAdditions.h in Headers */,
				D0C27D0A16110973002FE587 /* NSDictionary+MTLManipulationAdditions.h in Headers */,
				D0F117491614C5600092520B /* NSValueTransformer+MTLPredefinedTransformerAdditions.h in Headers */,
				1ED5B5D0163A4E3C0072668E /* NSObject+MTLComparisonAdditions.h in Headers */,
				D01BD09D16CB432D00EC95C7 /* MTLJSONAdapter.h in Headers */,
				D01BD0AF16CB52E800EC95C7 /* MTLModel+NSCoding.h in Headers */,
				D0E51937170A06CF00E8897B /* MTLManagedObjectAdapter.h in Headers */,
				D0BFC36F17476B4700F5DC5D /* NSValueTransformer+MTLInversionAdditions.h in Headers */,
			);
			runOnlyForDeploymentPostprocessing = 0;
		};
		D8A172F71697E860002CFCC8 /* Headers */ = {
			isa = PBXHeadersBuildPhase;
			buildActionMask = 2147483647;
			files = (
				D8A172F81697E87A002CFCC8 /* Mantle.h in Headers */,
				D8A172F91697E87A002CFCC8 /* MTLModel.h in Headers */,
				D8A172FA1697E87A002CFCC8 /* MTLValueTransformer.h in Headers */,
				D8A172FC1697E87A002CFCC8 /* NSArray+MTLManipulationAdditions.h in Headers */,
				D8A172FE1697E87A002CFCC8 /* NSDictionary+MTLManipulationAdditions.h in Headers */,
				D8A173021697E87A002CFCC8 /* NSValueTransformer+MTLPredefinedTransformerAdditions.h in Headers */,
				D8A173031697E87A002CFCC8 /* NSObject+MTLComparisonAdditions.h in Headers */,
				D01BD09E16CB432D00EC95C7 /* MTLJSONAdapter.h in Headers */,
				D01BD0B016CB52E800EC95C7 /* MTLModel+NSCoding.h in Headers */,
				D0E51938170A06CF00E8897B /* MTLManagedObjectAdapter.h in Headers */,
				D0BFC37017476B4700F5DC5D /* NSValueTransformer+MTLInversionAdditions.h in Headers */,
			);
			runOnlyForDeploymentPostprocessing = 0;
		};
/* End PBXHeadersBuildPhase section */

/* Begin PBXNativeTarget section */
		D042FC3B15F72B23004E8054 /* Mantle Mac */ = {
			isa = PBXNativeTarget;
			buildConfigurationList = D042FC6615F72B23004E8054 /* Build configuration list for PBXNativeTarget "Mantle Mac" */;
			buildPhases = (
				D042FC3715F72B23004E8054 /* Sources */,
				D042FC3815F72B23004E8054 /* Frameworks */,
				D042FC3915F72B23004E8054 /* Headers */,
				D042FC3A15F72B23004E8054 /* Resources */,
			);
			buildRules = (
			);
			dependencies = (
			);
			name = "Mantle Mac";
			productName = Maverick;
			productReference = D042FC3C15F72B23004E8054 /* Mantle.framework */;
			productType = "com.apple.product-type.framework";
		};
		D042FC5315F72B23004E8054 /* Mantle Mac Tests */ = {
			isa = PBXNativeTarget;
			buildConfigurationList = D042FC6915F72B23004E8054 /* Build configuration list for PBXNativeTarget "Mantle Mac Tests" */;
			buildPhases = (
				D042FC4F15F72B23004E8054 /* Sources */,
				D042FC5015F72B23004E8054 /* Frameworks */,
				D042FC5115F72B23004E8054 /* Resources */,
				D042FC5215F72B23004E8054 /* ShellScript */,
			);
			buildRules = (
			);
			dependencies = (
				D0D46A0A160BC98100AB468D /* PBXTargetDependency */,
				D0D46A0C160BC98100AB468D /* PBXTargetDependency */,
				D042FC5915F72B23004E8054 /* PBXTargetDependency */,
			);
			name = "Mantle Mac Tests";
			productName = MaverickTests;
			productReference = D042FC5415F72B23004E8054 /* Mantle Mac Tests.octest */;
			productType = "com.apple.product-type.bundle";
		};
		D042FC7815F72BC7004E8054 /* Mantle iOS */ = {
			isa = PBXNativeTarget;
			buildConfigurationList = D042FC9815F72BC7004E8054 /* Build configuration list for PBXNativeTarget "Mantle iOS" */;
			buildPhases = (
				D042FC7515F72BC7004E8054 /* Sources */,
				D042FC7615F72BC7004E8054 /* Frameworks */,
				D8A172F71697E860002CFCC8 /* Headers */,
			);
			buildRules = (
			);
			dependencies = (
			);
			name = "Mantle iOS";
			productName = Maverick;
			productReference = D042FC7915F72BC7004E8054 /* libMantle.a */;
			productType = "com.apple.product-type.library.static";
		};
		D042FC8615F72BC7004E8054 /* Mantle iOS Tests */ = {
			isa = PBXNativeTarget;
			buildConfigurationList = D042FC9B15F72BC7004E8054 /* Build configuration list for PBXNativeTarget "Mantle iOS Tests" */;
			buildPhases = (
				D042FC8215F72BC7004E8054 /* Sources */,
				D042FC8315F72BC7004E8054 /* Frameworks */,
				D042FC8415F72BC7004E8054 /* Resources */,
				D042FC8515F72BC7004E8054 /* ShellScript */,
			);
			buildRules = (
			);
			dependencies = (
				D0D46A10160BC98B00AB468D /* PBXTargetDependency */,
				D0D46A12160BC98B00AB468D /* PBXTargetDependency */,
				D042FC8D15F72BC7004E8054 /* PBXTargetDependency */,
			);
			name = "Mantle iOS Tests";
			productName = MaverickTests;
			productReference = D042FC8715F72BC7004E8054 /* Mantle iOS Tests.octest */;
			productType = "com.apple.product-type.bundle";
		};
/* End PBXNativeTarget section */

/* Begin PBXProject section */
		D042FC3215F72B23004E8054 /* Project object */ = {
			isa = PBXProject;
			attributes = {
				LastUpgradeCheck = 0500;
				ORGANIZATIONNAME = GitHub;
			};
			buildConfigurationList = D042FC3515F72B23004E8054 /* Build configuration list for PBXProject "Mantle" */;
			compatibilityVersion = "Xcode 3.2";
			developmentRegion = English;
			hasScannedForEncodings = 0;
			knownRegions = (
				en,
			);
			mainGroup = D042FC3015F72B23004E8054;
			productRefGroup = D042FC3D15F72B23004E8054 /* Products */;
			projectDirPath = "";
			projectReferences = (
				{
					ProductGroup = D0D469D6160BC93400AB468D /* Products */;
					ProjectRef = D042FCCB15F72EE8004E8054 /* Expecta.xcodeproj */;
				},
				{
					ProductGroup = D0D469E7160BC93E00AB468D /* Products */;
					ProjectRef = D042FCEE15F72EF1004E8054 /* Specta.xcodeproj */;
				},
			);
			projectRoot = "";
			targets = (
				D042FC3B15F72B23004E8054 /* Mantle Mac */,
				D042FC5315F72B23004E8054 /* Mantle Mac Tests */,
				D042FC7815F72BC7004E8054 /* Mantle iOS */,
				D042FC8615F72BC7004E8054 /* Mantle iOS Tests */,
			);
		};
/* End PBXProject section */

/* Begin PBXReferenceProxy section */
		D0D469DD160BC93400AB468D /* libExpecta.a */ = {
			isa = PBXReferenceProxy;
			fileType = archive.ar;
			path = libExpecta.a;
			remoteRef = D0D469DC160BC93400AB468D /* PBXContainerItemProxy */;
			sourceTree = BUILT_PRODUCTS_DIR;
		};
		D0D469DF160BC93400AB468D /* libExpecta-iOS.a */ = {
			isa = PBXReferenceProxy;
			fileType = archive.ar;
			path = "libExpecta-iOS.a";
			remoteRef = D0D469DE160BC93400AB468D /* PBXContainerItemProxy */;
			sourceTree = BUILT_PRODUCTS_DIR;
		};
		D0D469E1160BC93400AB468D /* ExpectaTests.octest */ = {
			isa = PBXReferenceProxy;
			fileType = wrapper.cfbundle;
			path = ExpectaTests.octest;
			remoteRef = D0D469E0160BC93400AB468D /* PBXContainerItemProxy */;
			sourceTree = BUILT_PRODUCTS_DIR;
		};
		D0D469E3160BC93400AB468D /* Expecta-iOSTests.octest */ = {
			isa = PBXReferenceProxy;
			fileType = wrapper.cfbundle;
			path = "Expecta-iOSTests.octest";
			remoteRef = D0D469E2160BC93400AB468D /* PBXContainerItemProxy */;
			sourceTree = BUILT_PRODUCTS_DIR;
		};
		D0D469EE160BC93E00AB468D /* libSpecta.a */ = {
			isa = PBXReferenceProxy;
			fileType = archive.ar;
			path = libSpecta.a;
			remoteRef = D0D469ED160BC93E00AB468D /* PBXContainerItemProxy */;
			sourceTree = BUILT_PRODUCTS_DIR;
		};
		D0D469F0160BC93E00AB468D /* libSpecta-iOS.a */ = {
			isa = PBXReferenceProxy;
			fileType = archive.ar;
			path = "libSpecta-iOS.a";
			remoteRef = D0D469EF160BC93E00AB468D /* PBXContainerItemProxy */;
			sourceTree = BUILT_PRODUCTS_DIR;
		};
		D0D469F2160BC93E00AB468D /* SpectaTests.octest */ = {
			isa = PBXReferenceProxy;
			fileType = wrapper.cfbundle;
			path = SpectaTests.octest;
			remoteRef = D0D469F1160BC93E00AB468D /* PBXContainerItemProxy */;
			sourceTree = BUILT_PRODUCTS_DIR;
		};
		D0D469F4160BC93E00AB468D /* Specta-iOSTests.octest */ = {
			isa = PBXReferenceProxy;
			fileType = wrapper.cfbundle;
			path = "Specta-iOSTests.octest";
			remoteRef = D0D469F3160BC93E00AB468D /* PBXContainerItemProxy */;
			sourceTree = BUILT_PRODUCTS_DIR;
		};
/* End PBXReferenceProxy section */

/* Begin PBXResourcesBuildPhase section */
		D042FC3A15F72B23004E8054 /* Resources */ = {
			isa = PBXResourcesBuildPhase;
			buildActionMask = 2147483647;
			files = (
				D042FC4A15F72B23004E8054 /* InfoPlist.strings in Resources */,
			);
			runOnlyForDeploymentPostprocessing = 0;
		};
		D042FC5115F72B23004E8054 /* Resources */ = {
			isa = PBXResourcesBuildPhase;
			buildActionMask = 2147483647;
			files = (
				D042FC6015F72B23004E8054 /* InfoPlist.strings in Resources */,
				D01BD0BA16CB6F5700EC95C7 /* MTLTestModel-OldArchive.plist in Resources */,
			);
			runOnlyForDeploymentPostprocessing = 0;
		};
		D042FC8415F72BC7004E8054 /* Resources */ = {
			isa = PBXResourcesBuildPhase;
			buildActionMask = 2147483647;
			files = (
				D01BD0BB16CB6F5700EC95C7 /* MTLTestModel-OldArchive.plist in Resources */,
			);
			runOnlyForDeploymentPostprocessing = 0;
		};
/* End PBXResourcesBuildPhase section */

/* Begin PBXShellScriptBuildPhase section */
		D042FC5215F72B23004E8054 /* ShellScript */ = {
			isa = PBXShellScriptBuildPhase;
			buildActionMask = 2147483647;
			files = (
			);
			inputPaths = (
			);
			outputPaths = (
			);
			runOnlyForDeploymentPostprocessing = 0;
			shellPath = /bin/sh;
			shellScript = "# Run the unit tests in this test bundle.\n\"${SYSTEM_DEVELOPER_DIR}/Tools/RunUnitTests\"\n";
		};
		D042FC8515F72BC7004E8054 /* ShellScript */ = {
			isa = PBXShellScriptBuildPhase;
			buildActionMask = 2147483647;
			files = (
			);
			inputPaths = (
			);
			outputPaths = (
			);
			runOnlyForDeploymentPostprocessing = 0;
			shellPath = /bin/sh;
			shellScript = "# Run the unit tests in this test bundle.\n\"${SYSTEM_DEVELOPER_DIR}/Tools/RunUnitTests\"\n";
		};
/* End PBXShellScriptBuildPhase section */

/* Begin PBXSourcesBuildPhase section */
		D042FC3715F72B23004E8054 /* Sources */ = {
			isa = PBXSourcesBuildPhase;
			buildActionMask = 2147483647;
			files = (
				D0760E7915FFBF330060F550 /* MTLModel.m in Sources */,
				D08B5AAF16002694001FE685 /* MTLValueTransformer.m in Sources */,
				88080C19160A706900CCABF2 /* NSArray+MTLManipulationAdditions.m in Sources */,
				D0C27D0B16110973002FE587 /* NSDictionary+MTLManipulationAdditions.m in Sources */,
				D0F1174A1614C5600092520B /* NSValueTransformer+MTLPredefinedTransformerAdditions.m in Sources */,
				1ED5B5D1163A4E3C0072668E /* NSObject+MTLComparisonAdditions.m in Sources */,
				D01BD09F16CB432D00EC95C7 /* MTLJSONAdapter.m in Sources */,
				D01BD0B116CB52E800EC95C7 /* MTLModel+NSCoding.m in Sources */,
				D058FE2116EFB3D2009DFB47 /* MTLReflection.m in Sources */,
				D0E51939170A06CF00E8897B /* MTLManagedObjectAdapter.m in Sources */,
				D0BFC37117476B4700F5DC5D /* NSValueTransformer+MTLInversionAdditions.m in Sources */,
				D094E47B1777617500906BF7 /* EXTRuntimeExtensions.m in Sources */,
				D094E47D1777617800906BF7 /* EXTScope.m in Sources */,
			);
			runOnlyForDeploymentPostprocessing = 0;
		};
		D042FC4F15F72B23004E8054 /* Sources */ = {
			isa = PBXSourcesBuildPhase;
			buildActionMask = 2147483647;
			files = (
				D0760EC415FFCA250060F550 /* MTLModelSpec.m in Sources */,
				D0760EC915FFCA4E0060F550 /* MTLTestModel.m in Sources */,
				D08B5AB216002A23001FE685 /* MTLValueTransformerSpec.m in Sources */,
				88080C1D160A719D00CCABF2 /* MTLArrayManipulationSpec.m in Sources */,
				D064BA341613BA75004CA27A /* MTLTestNotificationObserver.m in Sources */,
				D0C27CF6161107E5002FE587 /* MTLDictionaryManipulationSpec.m in Sources */,
				D0F1174D1614C8000092520B /* MTLPredefinedTransformerAdditionsSpec.m in Sources */,
				1ED5B5CC163A4E2B0072668E /* MTLComparisonAdditionsSpec.m in Sources */,
				D02E48EA16CB8ACA00257645 /* MTLModelNSCodingSpec.m in Sources */,
				D02E48F116CB8ADB00257645 /* MTLJSONAdapterSpec.m in Sources */,
				D021D938170F806B00C37E36 /* TestModel.xcdatamodeld in Sources */,
				D021D944170F878E00C37E36 /* MTLCoreDataTestModels.m in Sources */,
				D0ABD7A11746D56E006BEA7D /* MTLManagedObjectAdapterSpec.m in Sources */,
				D0BFC36717476A5F00F5DC5D /* MTLValueTransformerInversionAdditionsSpec.m in Sources */,
			);
			runOnlyForDeploymentPostprocessing = 0;
		};
		D042FC7515F72BC7004E8054 /* Sources */ = {
			isa = PBXSourcesBuildPhase;
			buildActionMask = 2147483647;
			files = (
				D0760E7A15FFBF330060F550 /* MTLModel.m in Sources */,
				D08B5AB016002694001FE685 /* MTLValueTransformer.m in Sources */,
				88080C1A160A706900CCABF2 /* NSArray+MTLManipulationAdditions.m in Sources */,
				D0C27D0C16110973002FE587 /* NSDictionary+MTLManipulationAdditions.m in Sources */,
				D0F1174B1614C5600092520B /* NSValueTransformer+MTLPredefinedTransformerAdditions.m in Sources */,
				1ED5B5D2163A4E3C0072668E /* NSObject+MTLComparisonAdditions.m in Sources */,
				D01BD0A016CB432D00EC95C7 /* MTLJSONAdapter.m in Sources */,
				D01BD0B216CB52E800EC95C7 /* MTLModel+NSCoding.m in Sources */,
				D058FE2216EFB3D2009DFB47 /* MTLReflection.m in Sources */,
				D0E5193A170A06CF00E8897B /* MTLManagedObjectAdapter.m in Sources */,
				D0BFC37217476B4700F5DC5D /* NSValueTransformer+MTLInversionAdditions.m in Sources */,
				D094E47C1777617600906BF7 /* EXTRuntimeExtensions.m in Sources */,
				D094E47E1777617900906BF7 /* EXTScope.m in Sources */,
			);
			runOnlyForDeploymentPostprocessing = 0;
		};
		D042FC8215F72BC7004E8054 /* Sources */ = {
			isa = PBXSourcesBuildPhase;
			buildActionMask = 2147483647;
			files = (
				D0760EC515FFCA250060F550 /* MTLModelSpec.m in Sources */,
				D0760ECA15FFCA4E0060F550 /* MTLTestModel.m in Sources */,
				D08B5AB316002A23001FE685 /* MTLValueTransformerSpec.m in Sources */,
				88080C1E160A719D00CCABF2 /* MTLArrayManipulationSpec.m in Sources */,
				D064BA351613BA75004CA27A /* MTLTestNotificationObserver.m in Sources */,
				D0C27CF7161107E5002FE587 /* MTLDictionaryManipulationSpec.m in Sources */,
				D0F1174E1614C8000092520B /* MTLPredefinedTransformerAdditionsSpec.m in Sources */,
				1ED5B5CD163A4E2B0072668E /* MTLComparisonAdditionsSpec.m in Sources */,
				D02E48EB16CB8ACA00257645 /* MTLModelNSCodingSpec.m in Sources */,
				D02E48F216CB8ADB00257645 /* MTLJSONAdapterSpec.m in Sources */,
				D021D939170F806B00C37E36 /* TestModel.xcdatamodeld in Sources */,
				D021D945170F878E00C37E36 /* MTLCoreDataTestModels.m in Sources */,
				D0ABD7A21746D56E006BEA7D /* MTLManagedObjectAdapterSpec.m in Sources */,
				D0BFC36817476A5F00F5DC5D /* MTLValueTransformerInversionAdditionsSpec.m in Sources */,
			);
			runOnlyForDeploymentPostprocessing = 0;
		};
/* End PBXSourcesBuildPhase section */

/* Begin PBXTargetDependency section */
		D042FC5915F72B23004E8054 /* PBXTargetDependency */ = {
			isa = PBXTargetDependency;
			target = D042FC3B15F72B23004E8054 /* Mantle Mac */;
			targetProxy = D042FC5815F72B23004E8054 /* PBXContainerItemProxy */;
		};
		D042FC8D15F72BC7004E8054 /* PBXTargetDependency */ = {
			isa = PBXTargetDependency;
			target = D042FC7815F72BC7004E8054 /* Mantle iOS */;
			targetProxy = D042FC8C15F72BC7004E8054 /* PBXContainerItemProxy */;
		};
		D0D46A0A160BC98100AB468D /* PBXTargetDependency */ = {
			isa = PBXTargetDependency;
			name = Expecta;
			targetProxy = D0D46A09160BC98100AB468D /* PBXContainerItemProxy */;
		};
		D0D46A0C160BC98100AB468D /* PBXTargetDependency */ = {
			isa = PBXTargetDependency;
			name = Specta;
			targetProxy = D0D46A0B160BC98100AB468D /* PBXContainerItemProxy */;
		};
		D0D46A10160BC98B00AB468D /* PBXTargetDependency */ = {
			isa = PBXTargetDependency;
			name = "Expecta-iOS";
			targetProxy = D0D46A0F160BC98B00AB468D /* PBXContainerItemProxy */;
		};
		D0D46A12160BC98B00AB468D /* PBXTargetDependency */ = {
			isa = PBXTargetDependency;
			name = "Specta-iOS";
			targetProxy = D0D46A11160BC98B00AB468D /* PBXContainerItemProxy */;
		};
/* End PBXTargetDependency section */

/* Begin PBXVariantGroup section */
		D042FC4815F72B23004E8054 /* InfoPlist.strings */ = {
			isa = PBXVariantGroup;
			children = (
				D042FC4915F72B23004E8054 /* en */,
			);
			name = InfoPlist.strings;
			sourceTree = "<group>";
		};
		D042FC5E15F72B23004E8054 /* InfoPlist.strings */ = {
			isa = PBXVariantGroup;
			children = (
				D042FC5F15F72B23004E8054 /* en */,
			);
			name = InfoPlist.strings;
			sourceTree = "<group>";
		};
/* End PBXVariantGroup section */

/* Begin XCBuildConfiguration section */
		D042FC6415F72B23004E8054 /* Debug */ = {
			isa = XCBuildConfiguration;
			baseConfigurationReference = D094E4831777619600906BF7 /* Debug.xcconfig */;
			buildSettings = {
				ARCHS = "$(ARCHS_STANDARD_64_BIT)";
				CLANG_CXX_LANGUAGE_STANDARD = "gnu++0x";
				GCC_C_LANGUAGE_STANDARD = gnu99;
				IPHONEOS_DEPLOYMENT_TARGET = 5.0;
				MACOSX_DEPLOYMENT_TARGET = 10.7;
			};
			name = Debug;
		};
		D042FC6515F72B23004E8054 /* Release */ = {
			isa = XCBuildConfiguration;
			baseConfigurationReference = D094E4851777619600906BF7 /* Release.xcconfig */;
			buildSettings = {
				ARCHS = "$(ARCHS_STANDARD_64_BIT)";
				CLANG_CXX_LANGUAGE_STANDARD = "gnu++0x";
				GCC_C_LANGUAGE_STANDARD = gnu99;
				IPHONEOS_DEPLOYMENT_TARGET = 5.0;
				MACOSX_DEPLOYMENT_TARGET = 10.7;
			};
			name = Release;
		};
		D042FC6715F72B23004E8054 /* Debug */ = {
			isa = XCBuildConfiguration;
			baseConfigurationReference = D094E4921777619600906BF7 /* Mac-Framework.xcconfig */;
			buildSettings = {
				DYLIB_COMPATIBILITY_VERSION = 1;
				DYLIB_CURRENT_VERSION = 1;
				FRAMEWORK_VERSION = A;
				GCC_PREFIX_HEADER = "$PRODUCT_NAME/$PRODUCT_NAME-Prefix.pch";
				INFOPLIST_FILE = "$PRODUCT_NAME/$PRODUCT_NAME-Info.plist";
				PRODUCT_NAME = Mantle;
				WRAPPER_EXTENSION = framework;
			};
			name = Debug;
		};
		D042FC6815F72B23004E8054 /* Release */ = {
			isa = XCBuildConfiguration;
			baseConfigurationReference = D094E4921777619600906BF7 /* Mac-Framework.xcconfig */;
			buildSettings = {
				DYLIB_COMPATIBILITY_VERSION = 1;
				DYLIB_CURRENT_VERSION = 1;
				FRAMEWORK_VERSION = A;
				GCC_PREFIX_HEADER = "$PRODUCT_NAME/$PRODUCT_NAME-Prefix.pch";
				INFOPLIST_FILE = "$PRODUCT_NAME/$PRODUCT_NAME-Info.plist";
				PRODUCT_NAME = Mantle;
				WRAPPER_EXTENSION = framework;
			};
			name = Release;
		};
		D042FC6A15F72B23004E8054 /* Debug */ = {
			isa = XCBuildConfiguration;
			baseConfigurationReference = D094E48F1777619600906BF7 /* Mac-Application.xcconfig */;
			buildSettings = {
				CLANG_WARN_OBJC_REPEATED_USE_OF_WEAK = NO;
				FRAMEWORK_SEARCH_PATHS = "\"$(DEVELOPER_LIBRARY_DIR)/Frameworks\"";
				GCC_PREFIX_HEADER = "MantleTests/MantleTests-Prefix.pch";
				HEADER_SEARCH_PATHS = (
					MantleTests/specta/src,
					"MantleTests/expecta/src/**",
				);
				INFOPLIST_FILE = "MantleTests/MantleTests-Info.plist";
				OTHER_LDFLAGS = "-all_load";
				PRODUCT_NAME = "$(TARGET_NAME)";
				WRAPPER_EXTENSION = octest;
			};
			name = Debug;
		};
		D042FC6B15F72B23004E8054 /* Release */ = {
			isa = XCBuildConfiguration;
			baseConfigurationReference = D094E48F1777619600906BF7 /* Mac-Application.xcconfig */;
			buildSettings = {
				FRAMEWORK_SEARCH_PATHS = "\"$(DEVELOPER_LIBRARY_DIR)/Frameworks\"";
				GCC_PREFIX_HEADER = "MantleTests/MantleTests-Prefix.pch";
				HEADER_SEARCH_PATHS = (
					MantleTests/specta/src,
					"MantleTests/expecta/src/**",
				);
				INFOPLIST_FILE = "MantleTests/MantleTests-Info.plist";
				OTHER_LDFLAGS = "-all_load";
				PRODUCT_NAME = "$(TARGET_NAME)";
				WRAPPER_EXTENSION = octest;
			};
			name = Release;
		};
		D042FC9915F72BC7004E8054 /* Debug */ = {
			isa = XCBuildConfiguration;
			baseConfigurationReference = D094E48D1777619600906BF7 /* iOS-StaticLibrary.xcconfig */;
			buildSettings = {
				ARCHS = "$(ARCHS_STANDARD_32_BIT)";
				DSTROOT = /tmp/$PRODUCT_NAME.dst;
				GCC_PREFIX_HEADER = "$PRODUCT_NAME/$PRODUCT_NAME-Prefix.pch";
				OTHER_LDFLAGS = "-ObjC";
				PRODUCT_NAME = Mantle;
			};
			name = Debug;
		};
		D042FC9A15F72BC7004E8054 /* Release */ = {
			isa = XCBuildConfiguration;
			baseConfigurationReference = D094E48D1777619600906BF7 /* iOS-StaticLibrary.xcconfig */;
			buildSettings = {
				ARCHS = "$(ARCHS_STANDARD_32_BIT)";
				DSTROOT = /tmp/$PRODUCT_NAME.dst;
				GCC_PREFIX_HEADER = "$PRODUCT_NAME/$PRODUCT_NAME-Prefix.pch";
				OTHER_LDFLAGS = "-ObjC";
				PRODUCT_NAME = Mantle;
			};
			name = Release;
		};
		D042FC9C15F72BC7004E8054 /* Debug */ = {
			isa = XCBuildConfiguration;
			baseConfigurationReference = D094E48B1777619600906BF7 /* iOS-Application.xcconfig */;
			buildSettings = {
				ARCHS = "$(ARCHS_STANDARD_32_BIT)";
				CLANG_WARN_OBJC_REPEATED_USE_OF_WEAK = NO;
				FRAMEWORK_SEARCH_PATHS = (
					"\"$(SDKROOT)/Developer/Library/Frameworks\"",
					"\"$(DEVELOPER_LIBRARY_DIR)/Frameworks\"",
				);
				GCC_PREFIX_HEADER = "MantleTests/MantleTests-Prefix.pch";
				HEADER_SEARCH_PATHS = (
					MantleTests/specta/src,
					"MantleTests/expecta/src/**",
				);
				INFOPLIST_FILE = "MantleTests/MantleTests-Info.plist";
				OTHER_LDFLAGS = "-ObjC";
				PRODUCT_NAME = "$(TARGET_NAME)";
				WRAPPER_EXTENSION = octest;
			};
			name = Debug;
		};
		D042FC9D15F72BC7004E8054 /* Release */ = {
			isa = XCBuildConfiguration;
			baseConfigurationReference = D094E48B1777619600906BF7 /* iOS-Application.xcconfig */;
			buildSettings = {
				ARCHS = "$(ARCHS_STANDARD_32_BIT)";
				FRAMEWORK_SEARCH_PATHS = (
					"\"$(SDKROOT)/Developer/Library/Frameworks\"",
					"\"$(DEVELOPER_LIBRARY_DIR)/Frameworks\"",
				);
				GCC_PREFIX_HEADER = "MantleTests/MantleTests-Prefix.pch";
				HEADER_SEARCH_PATHS = (
					MantleTests/specta/src,
					"MantleTests/expecta/src/**",
				);
				INFOPLIST_FILE = "MantleTests/MantleTests-Info.plist";
				OTHER_LDFLAGS = "-ObjC";
				PRODUCT_NAME = "$(TARGET_NAME)";
				WRAPPER_EXTENSION = octest;
			};
			name = Release;
		};
		D042FCC415F72E0C004E8054 /* Profile */ = {
			isa = XCBuildConfiguration;
			baseConfigurationReference = D094E4841777619600906BF7 /* Profile.xcconfig */;
			buildSettings = {
				ARCHS = "$(ARCHS_STANDARD_64_BIT)";
				CLANG_CXX_LANGUAGE_STANDARD = "gnu++0x";
				GCC_C_LANGUAGE_STANDARD = gnu99;
				IPHONEOS_DEPLOYMENT_TARGET = 5.0;
				MACOSX_DEPLOYMENT_TARGET = 10.7;
			};
			name = Profile;
		};
		D042FCC515F72E0C004E8054 /* Profile */ = {
			isa = XCBuildConfiguration;
			baseConfigurationReference = D094E4921777619600906BF7 /* Mac-Framework.xcconfig */;
			buildSettings = {
				DYLIB_COMPATIBILITY_VERSION = 1;
				DYLIB_CURRENT_VERSION = 1;
				FRAMEWORK_VERSION = A;
				GCC_PREFIX_HEADER = "$PRODUCT_NAME/$PRODUCT_NAME-Prefix.pch";
				INFOPLIST_FILE = "$PRODUCT_NAME/$PRODUCT_NAME-Info.plist";
				PRODUCT_NAME = Mantle;
				WRAPPER_EXTENSION = framework;
			};
			name = Profile;
		};
		D042FCC615F72E0C004E8054 /* Profile */ = {
			isa = XCBuildConfiguration;
			baseConfigurationReference = D094E48F1777619600906BF7 /* Mac-Application.xcconfig */;
			buildSettings = {
				FRAMEWORK_SEARCH_PATHS = "\"$(DEVELOPER_LIBRARY_DIR)/Frameworks\"";
				GCC_PREFIX_HEADER = "MantleTests/MantleTests-Prefix.pch";
				HEADER_SEARCH_PATHS = (
					MantleTests/specta/src,
					"MantleTests/expecta/src/**",
				);
				INFOPLIST_FILE = "MantleTests/MantleTests-Info.plist";
				OTHER_LDFLAGS = "-all_load";
				PRODUCT_NAME = "$(TARGET_NAME)";
				WRAPPER_EXTENSION = octest;
			};
			name = Profile;
		};
		D042FCC715F72E0C004E8054 /* Profile */ = {
			isa = XCBuildConfiguration;
			baseConfigurationReference = D094E48D1777619600906BF7 /* iOS-StaticLibrary.xcconfig */;
			buildSettings = {
				ARCHS = "$(ARCHS_STANDARD_32_BIT)";
				DSTROOT = /tmp/$PRODUCT_NAME.dst;
				GCC_PREFIX_HEADER = "$PRODUCT_NAME/$PRODUCT_NAME-Prefix.pch";
				OTHER_LDFLAGS = "-ObjC";
				PRODUCT_NAME = Mantle;
			};
			name = Profile;
		};
		D042FCC815F72E0C004E8054 /* Profile */ = {
			isa = XCBuildConfiguration;
			baseConfigurationReference = D094E48B1777619600906BF7 /* iOS-Application.xcconfig */;
			buildSettings = {
				ARCHS = "$(ARCHS_STANDARD_32_BIT)";
				FRAMEWORK_SEARCH_PATHS = (
					"\"$(SDKROOT)/Developer/Library/Frameworks\"",
					"\"$(DEVELOPER_LIBRARY_DIR)/Frameworks\"",
				);
				GCC_PREFIX_HEADER = "MantleTests/MantleTests-Prefix.pch";
				HEADER_SEARCH_PATHS = (
					MantleTests/specta/src,
					"MantleTests/expecta/src/**",
				);
				INFOPLIST_FILE = "MantleTests/MantleTests-Info.plist";
				OTHER_LDFLAGS = "-ObjC";
				PRODUCT_NAME = "$(TARGET_NAME)";
				WRAPPER_EXTENSION = octest;
			};
			name = Profile;
		};
/* End XCBuildConfiguration section */

/* Begin XCConfigurationList section */
		D042FC3515F72B23004E8054 /* Build configuration list for PBXProject "Mantle" */ = {
			isa = XCConfigurationList;
			buildConfigurations = (
				D042FC6415F72B23004E8054 /* Debug */,
				D042FC6515F72B23004E8054 /* Release */,
				D042FCC415F72E0C004E8054 /* Profile */,
			);
			defaultConfigurationIsVisible = 0;
			defaultConfigurationName = Release;
		};
		D042FC6615F72B23004E8054 /* Build configuration list for PBXNativeTarget "Mantle Mac" */ = {
			isa = XCConfigurationList;
			buildConfigurations = (
				D042FC6715F72B23004E8054 /* Debug */,
				D042FC6815F72B23004E8054 /* Release */,
				D042FCC515F72E0C004E8054 /* Profile */,
			);
			defaultConfigurationIsVisible = 0;
			defaultConfigurationName = Release;
		};
		D042FC6915F72B23004E8054 /* Build configuration list for PBXNativeTarget "Mantle Mac Tests" */ = {
			isa = XCConfigurationList;
			buildConfigurations = (
				D042FC6A15F72B23004E8054 /* Debug */,
				D042FC6B15F72B23004E8054 /* Release */,
				D042FCC615F72E0C004E8054 /* Profile */,
			);
			defaultConfigurationIsVisible = 0;
			defaultConfigurationName = Release;
		};
		D042FC9815F72BC7004E8054 /* Build configuration list for PBXNativeTarget "Mantle iOS" */ = {
			isa = XCConfigurationList;
			buildConfigurations = (
				D042FC9915F72BC7004E8054 /* Debug */,
				D042FC9A15F72BC7004E8054 /* Release */,
				D042FCC715F72E0C004E8054 /* Profile */,
			);
			defaultConfigurationIsVisible = 0;
			defaultConfigurationName = Release;
		};
		D042FC9B15F72BC7004E8054 /* Build configuration list for PBXNativeTarget "Mantle iOS Tests" */ = {
			isa = XCConfigurationList;
			buildConfigurations = (
				D042FC9C15F72BC7004E8054 /* Debug */,
				D042FC9D15F72BC7004E8054 /* Release */,
				D042FCC815F72E0C004E8054 /* Profile */,
			);
			defaultConfigurationIsVisible = 0;
			defaultConfigurationName = Release;
		};
/* End XCConfigurationList section */

/* Begin XCVersionGroup section */
		D021D936170F806B00C37E36 /* TestModel.xcdatamodeld */ = {
			isa = XCVersionGroup;
			children = (
				D021D937170F806B00C37E36 /* TestModel.xcdatamodel */,
			);
			currentVersion = D021D937170F806B00C37E36 /* TestModel.xcdatamodel */;
			path = TestModel.xcdatamodeld;
			sourceTree = "<group>";
			versionGroupType = wrapper.xcdatamodel;
		};
/* End XCVersionGroup section */
	};
	rootObject = D042FC3215F72B23004E8054 /* Project object */;
}
