// !$*UTF8*$!
{
	archiveVersion = 1;
	classes = {
	};
	objectVersion = 46;
	objects = {

/* Begin PBXBuildFile section */
		D042FC4A15F72B23004E8054 /* InfoPlist.strings in Resources */ = {isa = PBXBuildFile; fileRef = D042FC4815F72B23004E8054 /* InfoPlist.strings */; };
		D042FC4E15F72B23004E8054 /* Maverick.m in Sources */ = {isa = PBXBuildFile; fileRef = D042FC4D15F72B23004E8054 /* Maverick.m */; };
		D042FC5615F72B23004E8054 /* SenTestingKit.framework in Frameworks */ = {isa = PBXBuildFile; fileRef = D042FC5515F72B23004E8054 /* SenTestingKit.framework */; };
		D042FC5A15F72B23004E8054 /* Maverick.framework in Frameworks */ = {isa = PBXBuildFile; fileRef = D042FC3C15F72B23004E8054 /* Maverick.framework */; };
		D042FC6015F72B23004E8054 /* InfoPlist.strings in Resources */ = {isa = PBXBuildFile; fileRef = D042FC5E15F72B23004E8054 /* InfoPlist.strings */; };
		D042FC6315F72B23004E8054 /* MaverickTests.m in Sources */ = {isa = PBXBuildFile; fileRef = D042FC6215F72B23004E8054 /* MaverickTests.m */; };
		D042FC7415F72B90004E8054 /* Foundation.framework in Frameworks */ = {isa = PBXBuildFile; fileRef = D042FC4415F72B23004E8054 /* Foundation.framework */; };
		D042FC7A15F72BC7004E8054 /* Foundation.framework in Frameworks */ = {isa = PBXBuildFile; fileRef = D042FC4415F72B23004E8054 /* Foundation.framework */; };
		D042FC8815F72BC7004E8054 /* SenTestingKit.framework in Frameworks */ = {isa = PBXBuildFile; fileRef = D042FC5515F72B23004E8054 /* SenTestingKit.framework */; };
		D042FC8B15F72BC7004E8054 /* Foundation.framework in Frameworks */ = {isa = PBXBuildFile; fileRef = D042FC4415F72B23004E8054 /* Foundation.framework */; };
		D042FC8E15F72BC7004E8054 /* libMaverick.a in Frameworks */ = {isa = PBXBuildFile; fileRef = D042FC7915F72BC7004E8054 /* libMaverick.a */; };
/* End PBXBuildFile section */

/* Begin PBXContainerItemProxy section */
		D042FC5815F72B23004E8054 /* PBXContainerItemProxy */ = {
			isa = PBXContainerItemProxy;
			containerPortal = D042FC3215F72B23004E8054 /* Project object */;
			proxyType = 1;
			remoteGlobalIDString = D042FC3B15F72B23004E8054;
			remoteInfo = Maverick;
		};
		D042FC8C15F72BC7004E8054 /* PBXContainerItemProxy */ = {
			isa = PBXContainerItemProxy;
			containerPortal = D042FC3215F72B23004E8054 /* Project object */;
			proxyType = 1;
			remoteGlobalIDString = D042FC7815F72BC7004E8054;
			remoteInfo = Maverick;
		};
/* End PBXContainerItemProxy section */

/* Begin PBXCopyFilesBuildPhase section */
		D042FC7715F72BC7004E8054 /* CopyFiles */ = {
			isa = PBXCopyFilesBuildPhase;
			buildActionMask = 2147483647;
			dstPath = "include/${PRODUCT_NAME}";
			dstSubfolderSpec = 16;
			files = (
			);
			runOnlyForDeploymentPostprocessing = 0;
		};
/* End PBXCopyFilesBuildPhase section */

/* Begin PBXFileReference section */
		D042FC3C15F72B23004E8054 /* Maverick.framework */ = {isa = PBXFileReference; explicitFileType = wrapper.framework; includeInIndex = 0; path = Maverick.framework; sourceTree = BUILT_PRODUCTS_DIR; };
		D042FC4315F72B23004E8054 /* CoreData.framework */ = {isa = PBXFileReference; lastKnownFileType = wrapper.framework; name = CoreData.framework; path = System/Library/Frameworks/CoreData.framework; sourceTree = SDKROOT; };
		D042FC4415F72B23004E8054 /* Foundation.framework */ = {isa = PBXFileReference; lastKnownFileType = wrapper.framework; name = Foundation.framework; path = System/Library/Frameworks/Foundation.framework; sourceTree = SDKROOT; };
		D042FC4715F72B23004E8054 /* Maverick-Info.plist */ = {isa = PBXFileReference; lastKnownFileType = text.plist.xml; path = "Maverick-Info.plist"; sourceTree = "<group>"; };
		D042FC4915F72B23004E8054 /* en */ = {isa = PBXFileReference; lastKnownFileType = text.plist.strings; name = en; path = en.lproj/InfoPlist.strings; sourceTree = "<group>"; };
		D042FC4B15F72B23004E8054 /* Maverick-Prefix.pch */ = {isa = PBXFileReference; lastKnownFileType = sourcecode.c.h; path = "Maverick-Prefix.pch"; sourceTree = "<group>"; };
		D042FC4C15F72B23004E8054 /* Maverick.h */ = {isa = PBXFileReference; lastKnownFileType = sourcecode.c.h; path = Maverick.h; sourceTree = "<group>"; };
		D042FC4D15F72B23004E8054 /* Maverick.m */ = {isa = PBXFileReference; lastKnownFileType = sourcecode.c.objc; path = Maverick.m; sourceTree = "<group>"; };
		D042FC5415F72B23004E8054 /* Maverick Mac Tests.octest */ = {isa = PBXFileReference; explicitFileType = wrapper.cfbundle; includeInIndex = 0; path = "Maverick Mac Tests.octest"; sourceTree = BUILT_PRODUCTS_DIR; };
		D042FC5515F72B23004E8054 /* SenTestingKit.framework */ = {isa = PBXFileReference; lastKnownFileType = wrapper.framework; name = SenTestingKit.framework; path = Library/Frameworks/SenTestingKit.framework; sourceTree = DEVELOPER_DIR; };
		D042FC5D15F72B23004E8054 /* MaverickTests-Info.plist */ = {isa = PBXFileReference; lastKnownFileType = text.plist.xml; path = "MaverickTests-Info.plist"; sourceTree = "<group>"; };
		D042FC5F15F72B23004E8054 /* en */ = {isa = PBXFileReference; lastKnownFileType = text.plist.strings; name = en; path = en.lproj/InfoPlist.strings; sourceTree = "<group>"; };
		D042FC6115F72B23004E8054 /* MaverickTests.h */ = {isa = PBXFileReference; lastKnownFileType = sourcecode.c.h; path = MaverickTests.h; sourceTree = "<group>"; };
		D042FC6215F72B23004E8054 /* MaverickTests.m */ = {isa = PBXFileReference; lastKnownFileType = sourcecode.c.objc; path = MaverickTests.m; sourceTree = "<group>"; };
		D042FC7915F72BC7004E8054 /* libMaverick.a */ = {isa = PBXFileReference; explicitFileType = archive.ar; includeInIndex = 0; path = libMaverick.a; sourceTree = BUILT_PRODUCTS_DIR; };
		D042FC8715F72BC7004E8054 /* Maverick iOS Tests.octest */ = {isa = PBXFileReference; explicitFileType = wrapper.cfbundle; includeInIndex = 0; path = "Maverick iOS Tests.octest"; sourceTree = BUILT_PRODUCTS_DIR; };
		D042FCA015F72C16004E8054 /* Common.xcconfig */ = {isa = PBXFileReference; lastKnownFileType = text.xcconfig; path = Common.xcconfig; sourceTree = "<group>"; };
		D042FCA215F72C16004E8054 /* Debug.xcconfig */ = {isa = PBXFileReference; lastKnownFileType = text.xcconfig; path = Debug.xcconfig; sourceTree = "<group>"; };
		D042FCA315F72C16004E8054 /* Profile.xcconfig */ = {isa = PBXFileReference; lastKnownFileType = text.xcconfig; path = Profile.xcconfig; sourceTree = "<group>"; };
		D042FCA415F72C16004E8054 /* Release.xcconfig */ = {isa = PBXFileReference; lastKnownFileType = text.xcconfig; path = Release.xcconfig; sourceTree = "<group>"; };
		D042FCA615F72C16004E8054 /* Application.xcconfig */ = {isa = PBXFileReference; lastKnownFileType = text.xcconfig; path = Application.xcconfig; sourceTree = "<group>"; };
		D042FCA715F72C16004E8054 /* StaticLibrary.xcconfig */ = {isa = PBXFileReference; lastKnownFileType = text.xcconfig; path = StaticLibrary.xcconfig; sourceTree = "<group>"; };
		D042FCA915F72C16004E8054 /* iOS-Application.xcconfig */ = {isa = PBXFileReference; lastKnownFileType = text.xcconfig; path = "iOS-Application.xcconfig"; sourceTree = "<group>"; };
		D042FCAA15F72C16004E8054 /* iOS-Base.xcconfig */ = {isa = PBXFileReference; lastKnownFileType = text.xcconfig; path = "iOS-Base.xcconfig"; sourceTree = "<group>"; };
		D042FCAB15F72C16004E8054 /* iOS-StaticLibrary.xcconfig */ = {isa = PBXFileReference; lastKnownFileType = text.xcconfig; path = "iOS-StaticLibrary.xcconfig"; sourceTree = "<group>"; };
		D042FCAD15F72C16004E8054 /* Mac-Application.xcconfig */ = {isa = PBXFileReference; lastKnownFileType = text.xcconfig; path = "Mac-Application.xcconfig"; sourceTree = "<group>"; };
		D042FCAE15F72C16004E8054 /* Mac-Base.xcconfig */ = {isa = PBXFileReference; lastKnownFileType = text.xcconfig; path = "Mac-Base.xcconfig"; sourceTree = "<group>"; };
		D042FCAF15F72C16004E8054 /* Mac-DynamicLibrary.xcconfig */ = {isa = PBXFileReference; lastKnownFileType = text.xcconfig; path = "Mac-DynamicLibrary.xcconfig"; sourceTree = "<group>"; };
		D042FCB015F72C16004E8054 /* Mac-Framework.xcconfig */ = {isa = PBXFileReference; lastKnownFileType = text.xcconfig; path = "Mac-Framework.xcconfig"; sourceTree = "<group>"; };
		D042FCB115F72C16004E8054 /* Mac-StaticLibrary.xcconfig */ = {isa = PBXFileReference; lastKnownFileType = text.xcconfig; path = "Mac-StaticLibrary.xcconfig"; sourceTree = "<group>"; };
		D042FCB215F72C16004E8054 /* README.md */ = {isa = PBXFileReference; lastKnownFileType = text; path = README.md; sourceTree = "<group>"; };
/* End PBXFileReference section */

/* Begin PBXFrameworksBuildPhase section */
		D042FC3815F72B23004E8054 /* Frameworks */ = {
			isa = PBXFrameworksBuildPhase;
			buildActionMask = 2147483647;
			files = (
				D042FC7415F72B90004E8054 /* Foundation.framework in Frameworks */,
			);
			runOnlyForDeploymentPostprocessing = 0;
		};
		D042FC5015F72B23004E8054 /* Frameworks */ = {
			isa = PBXFrameworksBuildPhase;
			buildActionMask = 2147483647;
			files = (
				D042FC5615F72B23004E8054 /* SenTestingKit.framework in Frameworks */,
				D042FC5A15F72B23004E8054 /* Maverick.framework in Frameworks */,
			);
			runOnlyForDeploymentPostprocessing = 0;
		};
		D042FC7615F72BC7004E8054 /* Frameworks */ = {
			isa = PBXFrameworksBuildPhase;
			buildActionMask = 2147483647;
			files = (
				D042FC7A15F72BC7004E8054 /* Foundation.framework in Frameworks */,
			);
			runOnlyForDeploymentPostprocessing = 0;
		};
		D042FC8315F72BC7004E8054 /* Frameworks */ = {
			isa = PBXFrameworksBuildPhase;
			buildActionMask = 2147483647;
			files = (
				D042FC8815F72BC7004E8054 /* SenTestingKit.framework in Frameworks */,
				D042FC8B15F72BC7004E8054 /* Foundation.framework in Frameworks */,
				D042FC8E15F72BC7004E8054 /* libMaverick.a in Frameworks */,
			);
			runOnlyForDeploymentPostprocessing = 0;
		};
/* End PBXFrameworksBuildPhase section */

/* Begin PBXGroup section */
		D042FC3015F72B23004E8054 = {
			isa = PBXGroup;
			children = (
				D042FC4515F72B23004E8054 /* Maverick */,
				D042FC5B15F72B23004E8054 /* MaverickTests */,
				D042FC3E15F72B23004E8054 /* Frameworks */,
				D042FC9E15F72C16004E8054 /* Configuration */,
				D042FC3D15F72B23004E8054 /* Products */,
			);
			sourceTree = "<group>";
		};
		D042FC3D15F72B23004E8054 /* Products */ = {
			isa = PBXGroup;
			children = (
				D042FC3C15F72B23004E8054 /* Maverick.framework */,
				D042FC5415F72B23004E8054 /* Maverick Mac Tests.octest */,
				D042FC7915F72BC7004E8054 /* libMaverick.a */,
				D042FC8715F72BC7004E8054 /* Maverick iOS Tests.octest */,
			);
			name = Products;
			sourceTree = "<group>";
		};
		D042FC3E15F72B23004E8054 /* Frameworks */ = {
			isa = PBXGroup;
			children = (
				D042FC4315F72B23004E8054 /* CoreData.framework */,
				D042FC4415F72B23004E8054 /* Foundation.framework */,
				D042FC5515F72B23004E8054 /* SenTestingKit.framework */,
			);
			name = Frameworks;
			sourceTree = "<group>";
		};
		D042FC4515F72B23004E8054 /* Maverick */ = {
			isa = PBXGroup;
			children = (
				D042FC4C15F72B23004E8054 /* Maverick.h */,
				D042FC4D15F72B23004E8054 /* Maverick.m */,
				D042FC4615F72B23004E8054 /* Supporting Files */,
			);
			path = Maverick;
			sourceTree = "<group>";
		};
		D042FC4615F72B23004E8054 /* Supporting Files */ = {
			isa = PBXGroup;
			children = (
				D042FC4715F72B23004E8054 /* Maverick-Info.plist */,
				D042FC4815F72B23004E8054 /* InfoPlist.strings */,
				D042FC4B15F72B23004E8054 /* Maverick-Prefix.pch */,
			);
			name = "Supporting Files";
			sourceTree = "<group>";
		};
		D042FC5B15F72B23004E8054 /* MaverickTests */ = {
			isa = PBXGroup;
			children = (
				D042FC6115F72B23004E8054 /* MaverickTests.h */,
				D042FC6215F72B23004E8054 /* MaverickTests.m */,
				D042FC5C15F72B23004E8054 /* Supporting Files */,
			);
			path = MaverickTests;
			sourceTree = "<group>";
		};
		D042FC5C15F72B23004E8054 /* Supporting Files */ = {
			isa = PBXGroup;
			children = (
				D042FC5D15F72B23004E8054 /* MaverickTests-Info.plist */,
				D042FC5E15F72B23004E8054 /* InfoPlist.strings */,
			);
			name = "Supporting Files";
			sourceTree = "<group>";
		};
		D042FC9E15F72C16004E8054 /* Configuration */ = {
			isa = PBXGroup;
			children = (
				D042FC9F15F72C16004E8054 /* Base */,
				D042FCA815F72C16004E8054 /* iOS */,
				D042FCAC15F72C16004E8054 /* Mac OS X */,
				D042FCB215F72C16004E8054 /* README.md */,
			);
			name = Configuration;
			path = libextobjc/Configuration;
			sourceTree = "<group>";
		};
		D042FC9F15F72C16004E8054 /* Base */ = {
			isa = PBXGroup;
			children = (
				D042FCA015F72C16004E8054 /* Common.xcconfig */,
				D042FCA115F72C16004E8054 /* Configurations */,
				D042FCA515F72C16004E8054 /* Targets */,
			);
			path = Base;
			sourceTree = "<group>";
		};
		D042FCA115F72C16004E8054 /* Configurations */ = {
			isa = PBXGroup;
			children = (
				D042FCA215F72C16004E8054 /* Debug.xcconfig */,
				D042FCA315F72C16004E8054 /* Profile.xcconfig */,
				D042FCA415F72C16004E8054 /* Release.xcconfig */,
			);
			path = Configurations;
			sourceTree = "<group>";
		};
		D042FCA515F72C16004E8054 /* Targets */ = {
			isa = PBXGroup;
			children = (
				D042FCA615F72C16004E8054 /* Application.xcconfig */,
				D042FCA715F72C16004E8054 /* StaticLibrary.xcconfig */,
			);
			path = Targets;
			sourceTree = "<group>";
		};
		D042FCA815F72C16004E8054 /* iOS */ = {
			isa = PBXGroup;
			children = (
				D042FCA915F72C16004E8054 /* iOS-Application.xcconfig */,
				D042FCAA15F72C16004E8054 /* iOS-Base.xcconfig */,
				D042FCAB15F72C16004E8054 /* iOS-StaticLibrary.xcconfig */,
			);
			path = iOS;
			sourceTree = "<group>";
		};
		D042FCAC15F72C16004E8054 /* Mac OS X */ = {
			isa = PBXGroup;
			children = (
				D042FCAD15F72C16004E8054 /* Mac-Application.xcconfig */,
				D042FCAE15F72C16004E8054 /* Mac-Base.xcconfig */,
				D042FCAF15F72C16004E8054 /* Mac-DynamicLibrary.xcconfig */,
				D042FCB015F72C16004E8054 /* Mac-Framework.xcconfig */,
				D042FCB115F72C16004E8054 /* Mac-StaticLibrary.xcconfig */,
			);
			path = "Mac OS X";
			sourceTree = "<group>";
		};
/* End PBXGroup section */

/* Begin PBXHeadersBuildPhase section */
		D042FC3915F72B23004E8054 /* Headers */ = {
			isa = PBXHeadersBuildPhase;
			buildActionMask = 2147483647;
			files = (
			);
			runOnlyForDeploymentPostprocessing = 0;
		};
/* End PBXHeadersBuildPhase section */

/* Begin PBXNativeTarget section */
		D042FC3B15F72B23004E8054 /* Maverick Mac */ = {
			isa = PBXNativeTarget;
			buildConfigurationList = D042FC6615F72B23004E8054 /* Build configuration list for PBXNativeTarget "Maverick Mac" */;
			buildPhases = (
				D042FC3715F72B23004E8054 /* Sources */,
				D042FC3815F72B23004E8054 /* Frameworks */,
				D042FC3915F72B23004E8054 /* Headers */,
				D042FC3A15F72B23004E8054 /* Resources */,
			);
			buildRules = (
			);
			dependencies = (
			);
			name = "Maverick Mac";
			productName = Maverick;
			productReference = D042FC3C15F72B23004E8054 /* Maverick.framework */;
			productType = "com.apple.product-type.framework";
		};
		D042FC5315F72B23004E8054 /* Maverick Mac Tests */ = {
			isa = PBXNativeTarget;
			buildConfigurationList = D042FC6915F72B23004E8054 /* Build configuration list for PBXNativeTarget "Maverick Mac Tests" */;
			buildPhases = (
				D042FC4F15F72B23004E8054 /* Sources */,
				D042FC5015F72B23004E8054 /* Frameworks */,
				D042FC5115F72B23004E8054 /* Resources */,
				D042FC5215F72B23004E8054 /* ShellScript */,
			);
			buildRules = (
			);
			dependencies = (
				D042FC5915F72B23004E8054 /* PBXTargetDependency */,
			);
			name = "Maverick Mac Tests";
			productName = MaverickTests;
			productReference = D042FC5415F72B23004E8054 /* Maverick Mac Tests.octest */;
			productType = "com.apple.product-type.bundle";
		};
		D042FC7815F72BC7004E8054 /* Maverick iOS */ = {
			isa = PBXNativeTarget;
			buildConfigurationList = D042FC9815F72BC7004E8054 /* Build configuration list for PBXNativeTarget "Maverick iOS" */;
			buildPhases = (
				D042FC7515F72BC7004E8054 /* Sources */,
				D042FC7615F72BC7004E8054 /* Frameworks */,
				D042FC7715F72BC7004E8054 /* CopyFiles */,
			);
			buildRules = (
			);
			dependencies = (
			);
			name = "Maverick iOS";
			productName = Maverick;
			productReference = D042FC7915F72BC7004E8054 /* libMaverick.a */;
			productType = "com.apple.product-type.library.static";
		};
		D042FC8615F72BC7004E8054 /* Maverick iOS Tests */ = {
			isa = PBXNativeTarget;
			buildConfigurationList = D042FC9B15F72BC7004E8054 /* Build configuration list for PBXNativeTarget "Maverick iOS Tests" */;
			buildPhases = (
				D042FC8215F72BC7004E8054 /* Sources */,
				D042FC8315F72BC7004E8054 /* Frameworks */,
				D042FC8415F72BC7004E8054 /* Resources */,
				D042FC8515F72BC7004E8054 /* ShellScript */,
			);
			buildRules = (
			);
			dependencies = (
				D042FC8D15F72BC7004E8054 /* PBXTargetDependency */,
			);
			name = "Maverick iOS Tests";
			productName = MaverickTests;
			productReference = D042FC8715F72BC7004E8054 /* Maverick iOS Tests.octest */;
			productType = "com.apple.product-type.bundle";
		};
/* End PBXNativeTarget section */

/* Begin PBXProject section */
		D042FC3215F72B23004E8054 /* Project object */ = {
			isa = PBXProject;
			attributes = {
				LastUpgradeCheck = 0440;
				ORGANIZATIONNAME = GitHub;
			};
			buildConfigurationList = D042FC3515F72B23004E8054 /* Build configuration list for PBXProject "Maverick" */;
			compatibilityVersion = "Xcode 3.2";
			developmentRegion = English;
			hasScannedForEncodings = 0;
			knownRegions = (
				en,
			);
			mainGroup = D042FC3015F72B23004E8054;
			productRefGroup = D042FC3D15F72B23004E8054 /* Products */;
			projectDirPath = "";
			projectRoot = "";
			targets = (
				D042FC3B15F72B23004E8054 /* Maverick Mac */,
				D042FC5315F72B23004E8054 /* Maverick Mac Tests */,
				D042FC7815F72BC7004E8054 /* Maverick iOS */,
				D042FC8615F72BC7004E8054 /* Maverick iOS Tests */,
			);
		};
/* End PBXProject section */

/* Begin PBXResourcesBuildPhase section */
		D042FC3A15F72B23004E8054 /* Resources */ = {
			isa = PBXResourcesBuildPhase;
			buildActionMask = 2147483647;
			files = (
				D042FC4A15F72B23004E8054 /* InfoPlist.strings in Resources */,
			);
			runOnlyForDeploymentPostprocessing = 0;
		};
		D042FC5115F72B23004E8054 /* Resources */ = {
			isa = PBXResourcesBuildPhase;
			buildActionMask = 2147483647;
			files = (
				D042FC6015F72B23004E8054 /* InfoPlist.strings in Resources */,
			);
			runOnlyForDeploymentPostprocessing = 0;
		};
		D042FC8415F72BC7004E8054 /* Resources */ = {
			isa = PBXResourcesBuildPhase;
			buildActionMask = 2147483647;
			files = (
			);
			runOnlyForDeploymentPostprocessing = 0;
		};
/* End PBXResourcesBuildPhase section */

/* Begin PBXShellScriptBuildPhase section */
		D042FC5215F72B23004E8054 /* ShellScript */ = {
			isa = PBXShellScriptBuildPhase;
			buildActionMask = 2147483647;
			files = (
			);
			inputPaths = (
			);
			outputPaths = (
			);
			runOnlyForDeploymentPostprocessing = 0;
			shellPath = /bin/sh;
			shellScript = "# Run the unit tests in this test bundle.\n\"${SYSTEM_DEVELOPER_DIR}/Tools/RunUnitTests\"\n";
		};
		D042FC8515F72BC7004E8054 /* ShellScript */ = {
			isa = PBXShellScriptBuildPhase;
			buildActionMask = 2147483647;
			files = (
			);
			inputPaths = (
			);
			outputPaths = (
			);
			runOnlyForDeploymentPostprocessing = 0;
			shellPath = /bin/sh;
			shellScript = "# Run the unit tests in this test bundle.\n\"${SYSTEM_DEVELOPER_DIR}/Tools/RunUnitTests\"\n";
		};
/* End PBXShellScriptBuildPhase section */

/* Begin PBXSourcesBuildPhase section */
		D042FC3715F72B23004E8054 /* Sources */ = {
			isa = PBXSourcesBuildPhase;
			buildActionMask = 2147483647;
			files = (
				D042FC4E15F72B23004E8054 /* Maverick.m in Sources */,
			);
			runOnlyForDeploymentPostprocessing = 0;
		};
		D042FC4F15F72B23004E8054 /* Sources */ = {
			isa = PBXSourcesBuildPhase;
			buildActionMask = 2147483647;
			files = (
				D042FC6315F72B23004E8054 /* MaverickTests.m in Sources */,
			);
			runOnlyForDeploymentPostprocessing = 0;
		};
		D042FC7515F72BC7004E8054 /* Sources */ = {
			isa = PBXSourcesBuildPhase;
			buildActionMask = 2147483647;
			files = (
			);
			runOnlyForDeploymentPostprocessing = 0;
		};
		D042FC8215F72BC7004E8054 /* Sources */ = {
			isa = PBXSourcesBuildPhase;
			buildActionMask = 2147483647;
			files = (
			);
			runOnlyForDeploymentPostprocessing = 0;
		};
/* End PBXSourcesBuildPhase section */

/* Begin PBXTargetDependency section */
		D042FC5915F72B23004E8054 /* PBXTargetDependency */ = {
			isa = PBXTargetDependency;
			target = D042FC3B15F72B23004E8054 /* Maverick Mac */;
			targetProxy = D042FC5815F72B23004E8054 /* PBXContainerItemProxy */;
		};
		D042FC8D15F72BC7004E8054 /* PBXTargetDependency */ = {
			isa = PBXTargetDependency;
			target = D042FC7815F72BC7004E8054 /* Maverick iOS */;
			targetProxy = D042FC8C15F72BC7004E8054 /* PBXContainerItemProxy */;
		};
/* End PBXTargetDependency section */

/* Begin PBXVariantGroup section */
		D042FC4815F72B23004E8054 /* InfoPlist.strings */ = {
			isa = PBXVariantGroup;
			children = (
				D042FC4915F72B23004E8054 /* en */,
			);
			name = InfoPlist.strings;
			sourceTree = "<group>";
		};
		D042FC5E15F72B23004E8054 /* InfoPlist.strings */ = {
			isa = PBXVariantGroup;
			children = (
				D042FC5F15F72B23004E8054 /* en */,
			);
			name = InfoPlist.strings;
			sourceTree = "<group>";
		};
/* End PBXVariantGroup section */

/* Begin XCBuildConfiguration section */
		D042FC6415F72B23004E8054 /* Debug */ = {
			isa = XCBuildConfiguration;
			baseConfigurationReference = D042FCA215F72C16004E8054 /* Debug.xcconfig */;
			buildSettings = {
				ARCHS = "$(ARCHS_STANDARD_64_BIT)";
				CLANG_CXX_LANGUAGE_STANDARD = "gnu++0x";
				GCC_C_LANGUAGE_STANDARD = gnu99;
				IPHONEOS_DEPLOYMENT_TARGET = 5.0;
				MACOSX_DEPLOYMENT_TARGET = 10.7;
			};
			name = Debug;
		};
		D042FC6515F72B23004E8054 /* Release */ = {
			isa = XCBuildConfiguration;
			baseConfigurationReference = D042FCA415F72C16004E8054 /* Release.xcconfig */;
			buildSettings = {
				ARCHS = "$(ARCHS_STANDARD_64_BIT)";
				CLANG_CXX_LANGUAGE_STANDARD = "gnu++0x";
				GCC_C_LANGUAGE_STANDARD = gnu99;
				IPHONEOS_DEPLOYMENT_TARGET = 5.0;
				MACOSX_DEPLOYMENT_TARGET = 10.7;
			};
			name = Release;
		};
		D042FC6715F72B23004E8054 /* Debug */ = {
			isa = XCBuildConfiguration;
			baseConfigurationReference = D042FCB015F72C16004E8054 /* Mac-Framework.xcconfig */;
			buildSettings = {
				DYLIB_COMPATIBILITY_VERSION = 1;
				DYLIB_CURRENT_VERSION = 1;
				FRAMEWORK_VERSION = A;
				GCC_PREFIX_HEADER = "Maverick/Maverick-Prefix.pch";
				INFOPLIST_FILE = "Maverick/Maverick-Info.plist";
				PRODUCT_NAME = Maverick;
				WRAPPER_EXTENSION = framework;
			};
			name = Debug;
		};
		D042FC6815F72B23004E8054 /* Release */ = {
			isa = XCBuildConfiguration;
			baseConfigurationReference = D042FCB015F72C16004E8054 /* Mac-Framework.xcconfig */;
			buildSettings = {
				DYLIB_COMPATIBILITY_VERSION = 1;
				DYLIB_CURRENT_VERSION = 1;
				FRAMEWORK_VERSION = A;
				GCC_PREFIX_HEADER = "Maverick/Maverick-Prefix.pch";
				INFOPLIST_FILE = "Maverick/Maverick-Info.plist";
				PRODUCT_NAME = Maverick;
				WRAPPER_EXTENSION = framework;
			};
			name = Release;
		};
		D042FC6A15F72B23004E8054 /* Debug */ = {
			isa = XCBuildConfiguration;
			baseConfigurationReference = D042FCAD15F72C16004E8054 /* Mac-Application.xcconfig */;
			buildSettings = {
				FRAMEWORK_SEARCH_PATHS = "\"$(DEVELOPER_LIBRARY_DIR)/Frameworks\"";
				GCC_PREFIX_HEADER = "Maverick/Maverick-Prefix.pch";
				INFOPLIST_FILE = "MaverickTests/MaverickTests-Info.plist";
				PRODUCT_NAME = "$(TARGET_NAME)";
				WRAPPER_EXTENSION = octest;
			};
			name = Debug;
		};
		D042FC6B15F72B23004E8054 /* Release */ = {
			isa = XCBuildConfiguration;
			baseConfigurationReference = D042FCAD15F72C16004E8054 /* Mac-Application.xcconfig */;
			buildSettings = {
				FRAMEWORK_SEARCH_PATHS = "\"$(DEVELOPER_LIBRARY_DIR)/Frameworks\"";
				GCC_PREFIX_HEADER = "Maverick/Maverick-Prefix.pch";
				INFOPLIST_FILE = "MaverickTests/MaverickTests-Info.plist";
				PRODUCT_NAME = "$(TARGET_NAME)";
				WRAPPER_EXTENSION = octest;
			};
			name = Release;
		};
		D042FC9915F72BC7004E8054 /* Debug */ = {
			isa = XCBuildConfiguration;
			baseConfigurationReference = D042FCAB15F72C16004E8054 /* iOS-StaticLibrary.xcconfig */;
			buildSettings = {
				ARCHS = "$(ARCHS_STANDARD_32_BIT)";
				DSTROOT = /tmp/Maverick.dst;
				GCC_PREFIX_HEADER = "Maverick/Maverick-Prefix.pch";
				OTHER_LDFLAGS = "-ObjC";
				PRODUCT_NAME = Maverick;
			};
			name = Debug;
		};
		D042FC9A15F72BC7004E8054 /* Release */ = {
			isa = XCBuildConfiguration;
			baseConfigurationReference = D042FCAB15F72C16004E8054 /* iOS-StaticLibrary.xcconfig */;
			buildSettings = {
				ARCHS = "$(ARCHS_STANDARD_32_BIT)";
				DSTROOT = /tmp/Maverick.dst;
				GCC_PREFIX_HEADER = "Maverick/Maverick-Prefix.pch";
				OTHER_LDFLAGS = "-ObjC";
				PRODUCT_NAME = Maverick;
			};
			name = Release;
		};
		D042FC9C15F72BC7004E8054 /* Debug */ = {
			isa = XCBuildConfiguration;
			baseConfigurationReference = D042FCA915F72C16004E8054 /* iOS-Application.xcconfig */;
			buildSettings = {
				ARCHS = "$(ARCHS_STANDARD_32_BIT)";
				FRAMEWORK_SEARCH_PATHS = (
					"\"$(SDKROOT)/Developer/Library/Frameworks\"",
					"\"$(DEVELOPER_LIBRARY_DIR)/Frameworks\"",
				);
				GCC_PREFIX_HEADER = "Maverick/Maverick-Prefix.pch";
				INFOPLIST_FILE = "MaverickTests/MaverickTests-Info.plist";
				PRODUCT_NAME = "$(TARGET_NAME)";
				WRAPPER_EXTENSION = octest;
			};
			name = Debug;
		};
		D042FC9D15F72BC7004E8054 /* Release */ = {
			isa = XCBuildConfiguration;
			baseConfigurationReference = D042FCA915F72C16004E8054 /* iOS-Application.xcconfig */;
			buildSettings = {
				ARCHS = "$(ARCHS_STANDARD_32_BIT)";
				FRAMEWORK_SEARCH_PATHS = (
					"\"$(SDKROOT)/Developer/Library/Frameworks\"",
					"\"$(DEVELOPER_LIBRARY_DIR)/Frameworks\"",
				);
				GCC_PREFIX_HEADER = "Maverick/Maverick-Prefix.pch";
				INFOPLIST_FILE = "MaverickTests/MaverickTests-Info.plist";
				PRODUCT_NAME = "$(TARGET_NAME)";
				WRAPPER_EXTENSION = octest;
			};
			name = Release;
		};
		D042FCC415F72E0C004E8054 /* Profile */ = {
			isa = XCBuildConfiguration;
			baseConfigurationReference = D042FCA315F72C16004E8054 /* Profile.xcconfig */;
			buildSettings = {
				ARCHS = "$(ARCHS_STANDARD_64_BIT)";
				CLANG_CXX_LANGUAGE_STANDARD = "gnu++0x";
				GCC_C_LANGUAGE_STANDARD = gnu99;
				IPHONEOS_DEPLOYMENT_TARGET = 5.0;
				MACOSX_DEPLOYMENT_TARGET = 10.7;
			};
			name = Profile;
		};
		D042FCC515F72E0C004E8054 /* Profile */ = {
			isa = XCBuildConfiguration;
			baseConfigurationReference = D042FCB015F72C16004E8054 /* Mac-Framework.xcconfig */;
			buildSettings = {
				DYLIB_COMPATIBILITY_VERSION = 1;
				DYLIB_CURRENT_VERSION = 1;
				FRAMEWORK_VERSION = A;
				GCC_PREFIX_HEADER = "Maverick/Maverick-Prefix.pch";
				INFOPLIST_FILE = "Maverick/Maverick-Info.plist";
				PRODUCT_NAME = Maverick;
				WRAPPER_EXTENSION = framework;
			};
			name = Profile;
		};
		D042FCC615F72E0C004E8054 /* Profile */ = {
			isa = XCBuildConfiguration;
			baseConfigurationReference = D042FCAD15F72C16004E8054 /* Mac-Application.xcconfig */;
			buildSettings = {
				FRAMEWORK_SEARCH_PATHS = "\"$(DEVELOPER_LIBRARY_DIR)/Frameworks\"";
				GCC_PREFIX_HEADER = "Maverick/Maverick-Prefix.pch";
				INFOPLIST_FILE = "MaverickTests/MaverickTests-Info.plist";
				PRODUCT_NAME = "$(TARGET_NAME)";
				WRAPPER_EXTENSION = octest;
			};
			name = Profile;
		};
		D042FCC715F72E0C004E8054 /* Profile */ = {
			isa = XCBuildConfiguration;
			baseConfigurationReference = D042FCAB15F72C16004E8054 /* iOS-StaticLibrary.xcconfig */;
			buildSettings = {
				ARCHS = "$(ARCHS_STANDARD_32_BIT)";
				DSTROOT = /tmp/Maverick.dst;
				GCC_PREFIX_HEADER = "Maverick/Maverick-Prefix.pch";
				OTHER_LDFLAGS = "-ObjC";
				PRODUCT_NAME = Maverick;
			};
			name = Profile;
		};
		D042FCC815F72E0C004E8054 /* Profile */ = {
			isa = XCBuildConfiguration;
			baseConfigurationReference = D042FCA915F72C16004E8054 /* iOS-Application.xcconfig */;
			buildSettings = {
				ARCHS = "$(ARCHS_STANDARD_32_BIT)";
				FRAMEWORK_SEARCH_PATHS = (
					"\"$(SDKROOT)/Developer/Library/Frameworks\"",
					"\"$(DEVELOPER_LIBRARY_DIR)/Frameworks\"",
				);
				GCC_PREFIX_HEADER = "Maverick/Maverick-Prefix.pch";
				INFOPLIST_FILE = "MaverickTests/MaverickTests-Info.plist";
				PRODUCT_NAME = "$(TARGET_NAME)";
				WRAPPER_EXTENSION = octest;
			};
			name = Profile;
		};
/* End XCBuildConfiguration section */

/* Begin XCConfigurationList section */
		D042FC3515F72B23004E8054 /* Build configuration list for PBXProject "Maverick" */ = {
			isa = XCConfigurationList;
			buildConfigurations = (
				D042FC6415F72B23004E8054 /* Debug */,
				D042FC6515F72B23004E8054 /* Release */,
				D042FCC415F72E0C004E8054 /* Profile */,
			);
			defaultConfigurationIsVisible = 0;
			defaultConfigurationName = Release;
		};
		D042FC6615F72B23004E8054 /* Build configuration list for PBXNativeTarget "Maverick Mac" */ = {
			isa = XCConfigurationList;
			buildConfigurations = (
				D042FC6715F72B23004E8054 /* Debug */,
				D042FC6815F72B23004E8054 /* Release */,
				D042FCC515F72E0C004E8054 /* Profile */,
			);
			defaultConfigurationIsVisible = 0;
			defaultConfigurationName = Release;
		};
		D042FC6915F72B23004E8054 /* Build configuration list for PBXNativeTarget "Maverick Mac Tests" */ = {
			isa = XCConfigurationList;
			buildConfigurations = (
				D042FC6A15F72B23004E8054 /* Debug */,
				D042FC6B15F72B23004E8054 /* Release */,
				D042FCC615F72E0C004E8054 /* Profile */,
			);
			defaultConfigurationIsVisible = 0;
			defaultConfigurationName = Release;
		};
		D042FC9815F72BC7004E8054 /* Build configuration list for PBXNativeTarget "Maverick iOS" */ = {
			isa = XCConfigurationList;
			buildConfigurations = (
				D042FC9915F72BC7004E8054 /* Debug */,
				D042FC9A15F72BC7004E8054 /* Release */,
				D042FCC715F72E0C004E8054 /* Profile */,
			);
			defaultConfigurationIsVisible = 0;
			defaultConfigurationName = Release;
		};
		D042FC9B15F72BC7004E8054 /* Build configuration list for PBXNativeTarget "Maverick iOS Tests" */ = {
			isa = XCConfigurationList;
			buildConfigurations = (
				D042FC9C15F72BC7004E8054 /* Debug */,
				D042FC9D15F72BC7004E8054 /* Release */,
				D042FCC815F72E0C004E8054 /* Profile */,
			);
			defaultConfigurationIsVisible = 0;
			defaultConfigurationName = Release;
		};
/* End XCConfigurationList section */
	};
	rootObject = D042FC3215F72B23004E8054 /* Project object */;
}
